
Microsoft Visual Studio Solution File, Format Version 12.00
# Visual Studio 2012
VisualStudioVersion = 14.0.25123.0
MinimumVisualStudioVersion = 10.0.40219.1
Project("{FAE04EC0-301F-11D3-BF4B-00C04F79EFBC}") = "ExampleGenerator", "ExampleGenerator\ExampleGenerator.csproj", "{FE37EF85-360E-46BA-95D5-3A336F70297A}"
EndProject
Project("{2150E333-8FDC-42A3-9474-1A3956D46DE8}") = "Hello world", "Hello world", "{859100AC-77DD-46D5-BE5B-60ADE931376E}"
EndProject
Project("{2150E333-8FDC-42A3-9474-1A3956D46DE8}") = "Xamarin.Forms", "Xamarin.Forms", "{3A495E78-1284-4305-9682-90E363D701B2}"
EndProject
Project("{FAE04EC0-301F-11D3-BF4B-00C04F79EFBC}") = "XamarinFormsApp1", "HelloWorld\XamarinFormsApp1\XamarinFormsApp1\XamarinFormsApp1.csproj", "{BF7B7D58-A8F6-4B69-A470-1EEFA706FDE8}"
EndProject
Project("{FAE04EC0-301F-11D3-BF4B-00C04F79EFBC}") = "XamarinFormsApp1.Android", "HelloWorld\XamarinFormsApp1\XamarinFormsApp1.Android\XamarinFormsApp1.Android.csproj", "{B4818A1B-1DB4-4DD8-914F-F1B36DAB1CC3}"
EndProject
Project("{FAE04EC0-301F-11D3-BF4B-00C04F79EFBC}") = "XamarinFormsApp1.iOS", "HelloWorld\XamarinFormsApp1\XamarinFormsApp1.iOS\XamarinFormsApp1.iOS.csproj", "{5D0CC975-2B3C-437A-8BD0-173CBB88135C}"
EndProject
Project("{FAE04EC0-301F-11D3-BF4B-00C04F79EFBC}") = "XamarinFormsApp1.WinPhone", "HelloWorld\XamarinFormsApp1\XamarinFormsApp1.WinPhone\XamarinFormsApp1.WinPhone.csproj", "{62A8FA8B-6ADD-4D15-B32C-3112FD3740A4}"
EndProject
Project("{2150E333-8FDC-42A3-9474-1A3956D46DE8}") = "Windows Universal apps", "Windows Universal apps", "{786CC738-6307-463A-A605-B5640B4D1992}"
EndProject
Project("{D954291E-2A0B-460D-934E-DC6B0785DB48}") = "UniversalApp1.Shared", "HelloWorld\UniversalApp1\UniversalApp1.Shared\UniversalApp1.Shared.shproj", "{BC0A357B-18D9-487B-A63E-7B2593688526}"
EndProject
Project("{FAE04EC0-301F-11D3-BF4B-00C04F79EFBC}") = "UniversalApp1.Windows", "HelloWorld\UniversalApp1\UniversalApp1.Windows\UniversalApp1.Windows.csproj", "{3D4BC730-1FD4-4F0F-A312-5BD89F97C7F3}"
EndProject
Project("{FAE04EC0-301F-11D3-BF4B-00C04F79EFBC}") = "UniversalApp1.WindowsPhone", "HelloWorld\UniversalApp1\UniversalApp1.WindowsPhone\UniversalApp1.WindowsPhone.csproj", "{7CC543EC-AC96-412F-BFFE-159222D48FB5}"
EndProject
Project("{2150E333-8FDC-42A3-9474-1A3956D46DE8}") = "Windows Phone Silverlight", "Windows Phone Silverlight", "{4BFF9261-052B-4B1B-B4C2-1046D19E7D8E}"
EndProject
Project("{FAE04EC0-301F-11D3-BF4B-00C04F79EFBC}") = "WinPhoneApp1", "HelloWorld\WinPhoneApp1\WinPhoneApp1.csproj", "{E222E609-FEA8-4347-BC80-1A495BA1E04C}"
EndProject
Project("{2150E333-8FDC-42A3-9474-1A3956D46DE8}") = "Xamarin.Android", "Xamarin.Android", "{3A16A1B3-71EA-4976-8673-B3E1A4BCE3DC}"
EndProject
Project("{FAE04EC0-301F-11D3-BF4B-00C04F79EFBC}") = "AndroidApp1", "HelloWorld\AndroidApp1\AndroidApp1.csproj", "{7432FA3B-1CAE-486A-AC05-5E7A6961713C}"
EndProject
Project("{2150E333-8FDC-42A3-9474-1A3956D46DE8}") = "Xamarin.iOS", "Xamarin.iOS", "{83D23F30-64D0-4E7D-B7C8-31567F1AB862}"
EndProject
Project("{FAE04EC0-301F-11D3-BF4B-00C04F79EFBC}") = "iOSApp1", "HelloWorld\iOSApp1\iOSApp1.csproj", "{E9DA655E-0B20-42C8-8D22-E450AA662DF8}"
EndProject
Project("{2150E333-8FDC-42A3-9474-1A3956D46DE8}") = "Silverlight", "Silverlight", "{93D2811D-425F-496F-AB7D-A47FEB1C8413}"
EndProject
Project("{FAE04EC0-301F-11D3-BF4B-00C04F79EFBC}") = "SilverlightApplication1", "HelloWorld\SilverlightApplication1\SilverlightApplication1.csproj", "{22B27F34-1959-4651-A666-A5A00C9D0EE8}"
EndProject
Project("{2150E333-8FDC-42A3-9474-1A3956D46DE8}") = "Windows Forms", "Windows Forms", "{5762A261-6D9D-4A74-9D1E-37B47759D5CA}"
EndProject
Project("{FAE04EC0-301F-11D3-BF4B-00C04F79EFBC}") = "WindowsFormsApplication1", "HelloWorld\WindowsFormsApplication1\WindowsFormsApplication1.csproj", "{EAEEBD59-2C11-4398-97BA-94C7D38E09D4}"
EndProject
Project("{2150E333-8FDC-42A3-9474-1A3956D46DE8}") = "WPF", "WPF", "{5DF93C64-0A6E-47F5-BDC6-97C81E882F35}"
EndProject
Project("{FAE04EC0-301F-11D3-BF4B-00C04F79EFBC}") = "WpfApplication1", "HelloWorld\WpfApplication1\WpfApplication1.csproj", "{1DE1E50F-386A-4CF2-8EAB-6F6F7CC40F37}"
EndProject
Project("{FAE04EC0-301F-11D3-BF4B-00C04F79EFBC}") = "WpfApplication2", "HelloWorld\WpfApplication2\WpfApplication2.csproj", "{BC998130-E0C4-4267-B9CA-14B04BDC7B3E}"
EndProject
Project("{2150E333-8FDC-42A3-9474-1A3956D46DE8}") = "GTK sharp", "GTK sharp", "{19BB46C3-694F-4D9A-8842-1CC487CA8C53}"
EndProject
Project("{FAE04EC0-301F-11D3-BF4B-00C04F79EFBC}") = "GtkApplication1", "HelloWorld\GtkApplication1\GtkApplication1.csproj", "{98C3C6E3-6E38-4AA4-8759-62D365BD8F6C}"
EndProject
Project("{2150E333-8FDC-42A3-9474-1A3956D46DE8}") = "Xwt", "Xwt", "{5D98BE44-3A25-4D9D-B795-CBECA5067394}"
EndProject
Project("{FAE04EC0-301F-11D3-BF4B-00C04F79EFBC}") = "WpfExamples", "WpfExamples\WpfExamples.csproj", "{716DEAC0-F975-41AD-95E9-475D3470192A}"
EndProject
Project("{F184B08F-C81C-45F6-A57F-5ABD9991F28F}") = "SimleDemoVB", "SimleDemoVB\SimleDemoVB.vbproj", "{E404A556-BD6D-4AD3-90B7-59DBA78C4E1D}"
EndProject
Project("{F2A71F9B-5D33-465A-A702-920D77279786}") = "SimpleDemoFsharp", "SimpleDemoFsharp\SimpleDemoFsharp.fsproj", "{8BA7B663-C83E-4056-AF4D-A57BE9755E18}"
EndProject
Global
	GlobalSection(SolutionConfigurationPlatforms) = preSolution
		Ad-Hoc|Any CPU = Ad-Hoc|Any CPU
		Ad-Hoc|ARM = Ad-Hoc|ARM
		Ad-Hoc|iPhone = Ad-Hoc|iPhone
		Ad-Hoc|iPhoneSimulator = Ad-Hoc|iPhoneSimulator
		Ad-Hoc|Mixed Platforms = Ad-Hoc|Mixed Platforms
		Ad-Hoc|x64 = Ad-Hoc|x64
		Ad-Hoc|x86 = Ad-Hoc|x86
		AppStore|Any CPU = AppStore|Any CPU
		AppStore|ARM = AppStore|ARM
		AppStore|iPhone = AppStore|iPhone
		AppStore|iPhoneSimulator = AppStore|iPhoneSimulator
		AppStore|Mixed Platforms = AppStore|Mixed Platforms
		AppStore|x64 = AppStore|x64
		AppStore|x86 = AppStore|x86
		Debug|Any CPU = Debug|Any CPU
		Debug|ARM = Debug|ARM
		Debug|iPhone = Debug|iPhone
		Debug|iPhoneSimulator = Debug|iPhoneSimulator
		Debug|Mixed Platforms = Debug|Mixed Platforms
		Debug|x64 = Debug|x64
		Debug|x86 = Debug|x86
		Release|Any CPU = Release|Any CPU
		Release|ARM = Release|ARM
		Release|iPhone = Release|iPhone
		Release|iPhoneSimulator = Release|iPhoneSimulator
		Release|Mixed Platforms = Release|Mixed Platforms
		Release|x64 = Release|x64
		Release|x86 = Release|x86
	EndGlobalSection
	GlobalSection(ProjectConfigurationPlatforms) = postSolution
		{1DE1E50F-386A-4CF2-8EAB-6F6F7CC40F37}.Ad-Hoc|Any CPU.ActiveCfg = Release|Any CPU
		{1DE1E50F-386A-4CF2-8EAB-6F6F7CC40F37}.Ad-Hoc|Any CPU.Build.0 = Release|Any CPU
		{1DE1E50F-386A-4CF2-8EAB-6F6F7CC40F37}.Ad-Hoc|ARM.ActiveCfg = Release|Any CPU
		{1DE1E50F-386A-4CF2-8EAB-6F6F7CC40F37}.Ad-Hoc|iPhone.ActiveCfg = Release|Any CPU
		{1DE1E50F-386A-4CF2-8EAB-6F6F7CC40F37}.Ad-Hoc|iPhoneSimulator.ActiveCfg = Release|Any CPU
		{1DE1E50F-386A-4CF2-8EAB-6F6F7CC40F37}.Ad-Hoc|Mixed Platforms.ActiveCfg = Release|Any CPU
		{1DE1E50F-386A-4CF2-8EAB-6F6F7CC40F37}.Ad-Hoc|Mixed Platforms.Build.0 = Release|Any CPU
		{1DE1E50F-386A-4CF2-8EAB-6F6F7CC40F37}.Ad-Hoc|x64.ActiveCfg = Release|Any CPU
		{1DE1E50F-386A-4CF2-8EAB-6F6F7CC40F37}.Ad-Hoc|x86.ActiveCfg = Release|Any CPU
		{1DE1E50F-386A-4CF2-8EAB-6F6F7CC40F37}.AppStore|Any CPU.ActiveCfg = Release|Any CPU
		{1DE1E50F-386A-4CF2-8EAB-6F6F7CC40F37}.AppStore|Any CPU.Build.0 = Release|Any CPU
		{1DE1E50F-386A-4CF2-8EAB-6F6F7CC40F37}.AppStore|ARM.ActiveCfg = Release|Any CPU
		{1DE1E50F-386A-4CF2-8EAB-6F6F7CC40F37}.AppStore|iPhone.ActiveCfg = Release|Any CPU
		{1DE1E50F-386A-4CF2-8EAB-6F6F7CC40F37}.AppStore|iPhoneSimulator.ActiveCfg = Release|Any CPU
		{1DE1E50F-386A-4CF2-8EAB-6F6F7CC40F37}.AppStore|Mixed Platforms.ActiveCfg = Release|Any CPU
		{1DE1E50F-386A-4CF2-8EAB-6F6F7CC40F37}.AppStore|Mixed Platforms.Build.0 = Release|Any CPU
		{1DE1E50F-386A-4CF2-8EAB-6F6F7CC40F37}.AppStore|x64.ActiveCfg = Release|Any CPU
		{1DE1E50F-386A-4CF2-8EAB-6F6F7CC40F37}.AppStore|x86.ActiveCfg = Release|Any CPU
		{1DE1E50F-386A-4CF2-8EAB-6F6F7CC40F37}.Debug|Any CPU.ActiveCfg = Debug|Any CPU
		{1DE1E50F-386A-4CF2-8EAB-6F6F7CC40F37}.Debug|Any CPU.Build.0 = Debug|Any CPU
		{1DE1E50F-386A-4CF2-8EAB-6F6F7CC40F37}.Debug|ARM.ActiveCfg = Debug|Any CPU
		{1DE1E50F-386A-4CF2-8EAB-6F6F7CC40F37}.Debug|iPhone.ActiveCfg = Debug|Any CPU
		{1DE1E50F-386A-4CF2-8EAB-6F6F7CC40F37}.Debug|iPhoneSimulator.ActiveCfg = Debug|Any CPU
		{1DE1E50F-386A-4CF2-8EAB-6F6F7CC40F37}.Debug|Mixed Platforms.ActiveCfg = Debug|Any CPU
		{1DE1E50F-386A-4CF2-8EAB-6F6F7CC40F37}.Debug|Mixed Platforms.Build.0 = Debug|Any CPU
		{1DE1E50F-386A-4CF2-8EAB-6F6F7CC40F37}.Debug|x64.ActiveCfg = Debug|Any CPU
		{1DE1E50F-386A-4CF2-8EAB-6F6F7CC40F37}.Debug|x86.ActiveCfg = Debug|Any CPU
		{1DE1E50F-386A-4CF2-8EAB-6F6F7CC40F37}.Release|Any CPU.ActiveCfg = Release|Any CPU
		{1DE1E50F-386A-4CF2-8EAB-6F6F7CC40F37}.Release|Any CPU.Build.0 = Release|Any CPU
		{1DE1E50F-386A-4CF2-8EAB-6F6F7CC40F37}.Release|ARM.ActiveCfg = Release|Any CPU
		{1DE1E50F-386A-4CF2-8EAB-6F6F7CC40F37}.Release|iPhone.ActiveCfg = Release|Any CPU
		{1DE1E50F-386A-4CF2-8EAB-6F6F7CC40F37}.Release|iPhoneSimulator.ActiveCfg = Release|Any CPU
		{1DE1E50F-386A-4CF2-8EAB-6F6F7CC40F37}.Release|Mixed Platforms.ActiveCfg = Release|Any CPU
		{1DE1E50F-386A-4CF2-8EAB-6F6F7CC40F37}.Release|Mixed Platforms.Build.0 = Release|Any CPU
		{1DE1E50F-386A-4CF2-8EAB-6F6F7CC40F37}.Release|x64.ActiveCfg = Release|Any CPU
		{1DE1E50F-386A-4CF2-8EAB-6F6F7CC40F37}.Release|x86.ActiveCfg = Release|Any CPU
		{22B27F34-1959-4651-A666-A5A00C9D0EE8}.Ad-Hoc|Any CPU.ActiveCfg = Release|Any CPU
		{22B27F34-1959-4651-A666-A5A00C9D0EE8}.Ad-Hoc|Any CPU.Build.0 = Release|Any CPU
		{22B27F34-1959-4651-A666-A5A00C9D0EE8}.Ad-Hoc|ARM.ActiveCfg = Release|Any CPU
		{22B27F34-1959-4651-A666-A5A00C9D0EE8}.Ad-Hoc|iPhone.ActiveCfg = Release|Any CPU
		{22B27F34-1959-4651-A666-A5A00C9D0EE8}.Ad-Hoc|iPhoneSimulator.ActiveCfg = Release|Any CPU
		{22B27F34-1959-4651-A666-A5A00C9D0EE8}.Ad-Hoc|Mixed Platforms.ActiveCfg = Release|Any CPU
		{22B27F34-1959-4651-A666-A5A00C9D0EE8}.Ad-Hoc|Mixed Platforms.Build.0 = Release|Any CPU
		{22B27F34-1959-4651-A666-A5A00C9D0EE8}.Ad-Hoc|x64.ActiveCfg = Release|Any CPU
		{22B27F34-1959-4651-A666-A5A00C9D0EE8}.Ad-Hoc|x86.ActiveCfg = Release|Any CPU
		{22B27F34-1959-4651-A666-A5A00C9D0EE8}.AppStore|Any CPU.ActiveCfg = Release|Any CPU
		{22B27F34-1959-4651-A666-A5A00C9D0EE8}.AppStore|Any CPU.Build.0 = Release|Any CPU
		{22B27F34-1959-4651-A666-A5A00C9D0EE8}.AppStore|ARM.ActiveCfg = Release|Any CPU
		{22B27F34-1959-4651-A666-A5A00C9D0EE8}.AppStore|iPhone.ActiveCfg = Release|Any CPU
		{22B27F34-1959-4651-A666-A5A00C9D0EE8}.AppStore|iPhoneSimulator.ActiveCfg = Release|Any CPU
		{22B27F34-1959-4651-A666-A5A00C9D0EE8}.AppStore|Mixed Platforms.ActiveCfg = Release|Any CPU
		{22B27F34-1959-4651-A666-A5A00C9D0EE8}.AppStore|Mixed Platforms.Build.0 = Release|Any CPU
		{22B27F34-1959-4651-A666-A5A00C9D0EE8}.AppStore|x64.ActiveCfg = Release|Any CPU
		{22B27F34-1959-4651-A666-A5A00C9D0EE8}.AppStore|x86.ActiveCfg = Release|Any CPU
		{22B27F34-1959-4651-A666-A5A00C9D0EE8}.Debug|Any CPU.ActiveCfg = Debug|Any CPU
		{22B27F34-1959-4651-A666-A5A00C9D0EE8}.Debug|Any CPU.Build.0 = Debug|Any CPU
		{22B27F34-1959-4651-A666-A5A00C9D0EE8}.Debug|ARM.ActiveCfg = Debug|Any CPU
		{22B27F34-1959-4651-A666-A5A00C9D0EE8}.Debug|iPhone.ActiveCfg = Debug|Any CPU
		{22B27F34-1959-4651-A666-A5A00C9D0EE8}.Debug|iPhoneSimulator.ActiveCfg = Debug|Any CPU
		{22B27F34-1959-4651-A666-A5A00C9D0EE8}.Debug|Mixed Platforms.ActiveCfg = Debug|Any CPU
		{22B27F34-1959-4651-A666-A5A00C9D0EE8}.Debug|Mixed Platforms.Build.0 = Debug|Any CPU
		{22B27F34-1959-4651-A666-A5A00C9D0EE8}.Debug|x64.ActiveCfg = Debug|Any CPU
		{22B27F34-1959-4651-A666-A5A00C9D0EE8}.Debug|x86.ActiveCfg = Debug|Any CPU
		{22B27F34-1959-4651-A666-A5A00C9D0EE8}.Release|Any CPU.ActiveCfg = Release|Any CPU
		{22B27F34-1959-4651-A666-A5A00C9D0EE8}.Release|Any CPU.Build.0 = Release|Any CPU
		{22B27F34-1959-4651-A666-A5A00C9D0EE8}.Release|ARM.ActiveCfg = Release|Any CPU
		{22B27F34-1959-4651-A666-A5A00C9D0EE8}.Release|iPhone.ActiveCfg = Release|Any CPU
		{22B27F34-1959-4651-A666-A5A00C9D0EE8}.Release|iPhoneSimulator.ActiveCfg = Release|Any CPU
		{22B27F34-1959-4651-A666-A5A00C9D0EE8}.Release|Mixed Platforms.ActiveCfg = Release|Any CPU
		{22B27F34-1959-4651-A666-A5A00C9D0EE8}.Release|Mixed Platforms.Build.0 = Release|Any CPU
		{22B27F34-1959-4651-A666-A5A00C9D0EE8}.Release|x64.ActiveCfg = Release|Any CPU
		{22B27F34-1959-4651-A666-A5A00C9D0EE8}.Release|x86.ActiveCfg = Release|Any CPU
		{3D4BC730-1FD4-4F0F-A312-5BD89F97C7F3}.Ad-Hoc|Any CPU.ActiveCfg = Release|Any CPU
		{3D4BC730-1FD4-4F0F-A312-5BD89F97C7F3}.Ad-Hoc|Any CPU.Build.0 = Release|Any CPU
		{3D4BC730-1FD4-4F0F-A312-5BD89F97C7F3}.Ad-Hoc|Any CPU.Deploy.0 = Release|Any CPU
		{3D4BC730-1FD4-4F0F-A312-5BD89F97C7F3}.Ad-Hoc|ARM.ActiveCfg = Release|ARM
		{3D4BC730-1FD4-4F0F-A312-5BD89F97C7F3}.Ad-Hoc|ARM.Build.0 = Release|ARM
		{3D4BC730-1FD4-4F0F-A312-5BD89F97C7F3}.Ad-Hoc|ARM.Deploy.0 = Release|ARM
		{3D4BC730-1FD4-4F0F-A312-5BD89F97C7F3}.Ad-Hoc|iPhone.ActiveCfg = Release|Any CPU
		{3D4BC730-1FD4-4F0F-A312-5BD89F97C7F3}.Ad-Hoc|iPhoneSimulator.ActiveCfg = Release|Any CPU
		{3D4BC730-1FD4-4F0F-A312-5BD89F97C7F3}.Ad-Hoc|Mixed Platforms.ActiveCfg = Release|x86
		{3D4BC730-1FD4-4F0F-A312-5BD89F97C7F3}.Ad-Hoc|Mixed Platforms.Build.0 = Release|x86
		{3D4BC730-1FD4-4F0F-A312-5BD89F97C7F3}.Ad-Hoc|Mixed Platforms.Deploy.0 = Release|x86
		{3D4BC730-1FD4-4F0F-A312-5BD89F97C7F3}.Ad-Hoc|x64.ActiveCfg = Release|x64
		{3D4BC730-1FD4-4F0F-A312-5BD89F97C7F3}.Ad-Hoc|x64.Build.0 = Release|x64
		{3D4BC730-1FD4-4F0F-A312-5BD89F97C7F3}.Ad-Hoc|x64.Deploy.0 = Release|x64
		{3D4BC730-1FD4-4F0F-A312-5BD89F97C7F3}.Ad-Hoc|x86.ActiveCfg = Release|x86
		{3D4BC730-1FD4-4F0F-A312-5BD89F97C7F3}.Ad-Hoc|x86.Build.0 = Release|x86
		{3D4BC730-1FD4-4F0F-A312-5BD89F97C7F3}.Ad-Hoc|x86.Deploy.0 = Release|x86
		{3D4BC730-1FD4-4F0F-A312-5BD89F97C7F3}.AppStore|Any CPU.ActiveCfg = Release|Any CPU
		{3D4BC730-1FD4-4F0F-A312-5BD89F97C7F3}.AppStore|Any CPU.Build.0 = Release|Any CPU
		{3D4BC730-1FD4-4F0F-A312-5BD89F97C7F3}.AppStore|Any CPU.Deploy.0 = Release|Any CPU
		{3D4BC730-1FD4-4F0F-A312-5BD89F97C7F3}.AppStore|ARM.ActiveCfg = Release|ARM
		{3D4BC730-1FD4-4F0F-A312-5BD89F97C7F3}.AppStore|ARM.Build.0 = Release|ARM
		{3D4BC730-1FD4-4F0F-A312-5BD89F97C7F3}.AppStore|ARM.Deploy.0 = Release|ARM
		{3D4BC730-1FD4-4F0F-A312-5BD89F97C7F3}.AppStore|iPhone.ActiveCfg = Release|Any CPU
		{3D4BC730-1FD4-4F0F-A312-5BD89F97C7F3}.AppStore|iPhoneSimulator.ActiveCfg = Release|Any CPU
		{3D4BC730-1FD4-4F0F-A312-5BD89F97C7F3}.AppStore|Mixed Platforms.ActiveCfg = Release|x86
		{3D4BC730-1FD4-4F0F-A312-5BD89F97C7F3}.AppStore|Mixed Platforms.Build.0 = Release|x86
		{3D4BC730-1FD4-4F0F-A312-5BD89F97C7F3}.AppStore|Mixed Platforms.Deploy.0 = Release|x86
		{3D4BC730-1FD4-4F0F-A312-5BD89F97C7F3}.AppStore|x64.ActiveCfg = Release|x64
		{3D4BC730-1FD4-4F0F-A312-5BD89F97C7F3}.AppStore|x64.Build.0 = Release|x64
		{3D4BC730-1FD4-4F0F-A312-5BD89F97C7F3}.AppStore|x64.Deploy.0 = Release|x64
		{3D4BC730-1FD4-4F0F-A312-5BD89F97C7F3}.AppStore|x86.ActiveCfg = Release|x86
		{3D4BC730-1FD4-4F0F-A312-5BD89F97C7F3}.AppStore|x86.Build.0 = Release|x86
		{3D4BC730-1FD4-4F0F-A312-5BD89F97C7F3}.AppStore|x86.Deploy.0 = Release|x86
		{3D4BC730-1FD4-4F0F-A312-5BD89F97C7F3}.Debug|Any CPU.ActiveCfg = Debug|Any CPU
		{3D4BC730-1FD4-4F0F-A312-5BD89F97C7F3}.Debug|Any CPU.Build.0 = Debug|Any CPU
		{3D4BC730-1FD4-4F0F-A312-5BD89F97C7F3}.Debug|Any CPU.Deploy.0 = Debug|Any CPU
		{3D4BC730-1FD4-4F0F-A312-5BD89F97C7F3}.Debug|ARM.ActiveCfg = Debug|ARM
		{3D4BC730-1FD4-4F0F-A312-5BD89F97C7F3}.Debug|ARM.Build.0 = Debug|ARM
		{3D4BC730-1FD4-4F0F-A312-5BD89F97C7F3}.Debug|ARM.Deploy.0 = Debug|ARM
		{3D4BC730-1FD4-4F0F-A312-5BD89F97C7F3}.Debug|iPhone.ActiveCfg = Debug|Any CPU
		{3D4BC730-1FD4-4F0F-A312-5BD89F97C7F3}.Debug|iPhoneSimulator.ActiveCfg = Debug|Any CPU
		{3D4BC730-1FD4-4F0F-A312-5BD89F97C7F3}.Debug|Mixed Platforms.ActiveCfg = Debug|x86
		{3D4BC730-1FD4-4F0F-A312-5BD89F97C7F3}.Debug|Mixed Platforms.Build.0 = Debug|x86
		{3D4BC730-1FD4-4F0F-A312-5BD89F97C7F3}.Debug|Mixed Platforms.Deploy.0 = Debug|x86
		{3D4BC730-1FD4-4F0F-A312-5BD89F97C7F3}.Debug|x64.ActiveCfg = Debug|x64
		{3D4BC730-1FD4-4F0F-A312-5BD89F97C7F3}.Debug|x64.Build.0 = Debug|x64
		{3D4BC730-1FD4-4F0F-A312-5BD89F97C7F3}.Debug|x64.Deploy.0 = Debug|x64
		{3D4BC730-1FD4-4F0F-A312-5BD89F97C7F3}.Debug|x86.ActiveCfg = Debug|x86
		{3D4BC730-1FD4-4F0F-A312-5BD89F97C7F3}.Debug|x86.Build.0 = Debug|x86
		{3D4BC730-1FD4-4F0F-A312-5BD89F97C7F3}.Debug|x86.Deploy.0 = Debug|x86
		{3D4BC730-1FD4-4F0F-A312-5BD89F97C7F3}.Release|Any CPU.ActiveCfg = Release|Any CPU
		{3D4BC730-1FD4-4F0F-A312-5BD89F97C7F3}.Release|Any CPU.Build.0 = Release|Any CPU
		{3D4BC730-1FD4-4F0F-A312-5BD89F97C7F3}.Release|Any CPU.Deploy.0 = Release|Any CPU
		{3D4BC730-1FD4-4F0F-A312-5BD89F97C7F3}.Release|ARM.ActiveCfg = Release|ARM
		{3D4BC730-1FD4-4F0F-A312-5BD89F97C7F3}.Release|ARM.Build.0 = Release|ARM
		{3D4BC730-1FD4-4F0F-A312-5BD89F97C7F3}.Release|ARM.Deploy.0 = Release|ARM
		{3D4BC730-1FD4-4F0F-A312-5BD89F97C7F3}.Release|iPhone.ActiveCfg = Release|Any CPU
		{3D4BC730-1FD4-4F0F-A312-5BD89F97C7F3}.Release|iPhoneSimulator.ActiveCfg = Release|Any CPU
		{3D4BC730-1FD4-4F0F-A312-5BD89F97C7F3}.Release|Mixed Platforms.ActiveCfg = Release|x86
		{3D4BC730-1FD4-4F0F-A312-5BD89F97C7F3}.Release|Mixed Platforms.Build.0 = Release|x86
		{3D4BC730-1FD4-4F0F-A312-5BD89F97C7F3}.Release|Mixed Platforms.Deploy.0 = Release|x86
		{3D4BC730-1FD4-4F0F-A312-5BD89F97C7F3}.Release|x64.ActiveCfg = Release|x64
		{3D4BC730-1FD4-4F0F-A312-5BD89F97C7F3}.Release|x64.Build.0 = Release|x64
		{3D4BC730-1FD4-4F0F-A312-5BD89F97C7F3}.Release|x64.Deploy.0 = Release|x64
		{3D4BC730-1FD4-4F0F-A312-5BD89F97C7F3}.Release|x86.ActiveCfg = Release|x86
		{3D4BC730-1FD4-4F0F-A312-5BD89F97C7F3}.Release|x86.Build.0 = Release|x86
		{3D4BC730-1FD4-4F0F-A312-5BD89F97C7F3}.Release|x86.Deploy.0 = Release|x86
		{5D0CC975-2B3C-437A-8BD0-173CBB88135C}.Ad-Hoc|Any CPU.ActiveCfg = Ad-Hoc|iPhone
		{5D0CC975-2B3C-437A-8BD0-173CBB88135C}.Ad-Hoc|ARM.ActiveCfg = Ad-Hoc|iPhone
		{5D0CC975-2B3C-437A-8BD0-173CBB88135C}.Ad-Hoc|iPhone.ActiveCfg = Ad-Hoc|iPhone
		{5D0CC975-2B3C-437A-8BD0-173CBB88135C}.Ad-Hoc|iPhone.Build.0 = Ad-Hoc|iPhone
		{5D0CC975-2B3C-437A-8BD0-173CBB88135C}.Ad-Hoc|iPhoneSimulator.ActiveCfg = Ad-Hoc|iPhoneSimulator
		{5D0CC975-2B3C-437A-8BD0-173CBB88135C}.Ad-Hoc|iPhoneSimulator.Build.0 = Ad-Hoc|iPhoneSimulator
		{5D0CC975-2B3C-437A-8BD0-173CBB88135C}.Ad-Hoc|Mixed Platforms.ActiveCfg = Ad-Hoc|iPhone
		{5D0CC975-2B3C-437A-8BD0-173CBB88135C}.Ad-Hoc|Mixed Platforms.Build.0 = Ad-Hoc|iPhone
		{5D0CC975-2B3C-437A-8BD0-173CBB88135C}.Ad-Hoc|x64.ActiveCfg = Ad-Hoc|iPhone
		{5D0CC975-2B3C-437A-8BD0-173CBB88135C}.Ad-Hoc|x86.ActiveCfg = Ad-Hoc|iPhone
		{5D0CC975-2B3C-437A-8BD0-173CBB88135C}.AppStore|Any CPU.ActiveCfg = AppStore|iPhone
		{5D0CC975-2B3C-437A-8BD0-173CBB88135C}.AppStore|ARM.ActiveCfg = AppStore|iPhone
		{5D0CC975-2B3C-437A-8BD0-173CBB88135C}.AppStore|iPhone.ActiveCfg = AppStore|iPhone
		{5D0CC975-2B3C-437A-8BD0-173CBB88135C}.AppStore|iPhone.Build.0 = AppStore|iPhone
		{5D0CC975-2B3C-437A-8BD0-173CBB88135C}.AppStore|iPhoneSimulator.ActiveCfg = AppStore|iPhoneSimulator
		{5D0CC975-2B3C-437A-8BD0-173CBB88135C}.AppStore|iPhoneSimulator.Build.0 = AppStore|iPhoneSimulator
		{5D0CC975-2B3C-437A-8BD0-173CBB88135C}.AppStore|Mixed Platforms.ActiveCfg = AppStore|iPhone
		{5D0CC975-2B3C-437A-8BD0-173CBB88135C}.AppStore|Mixed Platforms.Build.0 = AppStore|iPhone
		{5D0CC975-2B3C-437A-8BD0-173CBB88135C}.AppStore|x64.ActiveCfg = AppStore|iPhone
		{5D0CC975-2B3C-437A-8BD0-173CBB88135C}.AppStore|x86.ActiveCfg = AppStore|iPhone
		{5D0CC975-2B3C-437A-8BD0-173CBB88135C}.Debug|Any CPU.ActiveCfg = Debug|iPhone
		{5D0CC975-2B3C-437A-8BD0-173CBB88135C}.Debug|ARM.ActiveCfg = Debug|iPhone
		{5D0CC975-2B3C-437A-8BD0-173CBB88135C}.Debug|iPhone.ActiveCfg = Debug|iPhone
		{5D0CC975-2B3C-437A-8BD0-173CBB88135C}.Debug|iPhone.Build.0 = Debug|iPhone
		{5D0CC975-2B3C-437A-8BD0-173CBB88135C}.Debug|iPhoneSimulator.ActiveCfg = Debug|iPhoneSimulator
		{5D0CC975-2B3C-437A-8BD0-173CBB88135C}.Debug|iPhoneSimulator.Build.0 = Debug|iPhoneSimulator
		{5D0CC975-2B3C-437A-8BD0-173CBB88135C}.Debug|Mixed Platforms.ActiveCfg = Debug|iPhone
		{5D0CC975-2B3C-437A-8BD0-173CBB88135C}.Debug|Mixed Platforms.Build.0 = Debug|iPhone
		{5D0CC975-2B3C-437A-8BD0-173CBB88135C}.Debug|x64.ActiveCfg = Debug|iPhone
		{5D0CC975-2B3C-437A-8BD0-173CBB88135C}.Debug|x86.ActiveCfg = Debug|iPhone
		{5D0CC975-2B3C-437A-8BD0-173CBB88135C}.Release|Any CPU.ActiveCfg = Release|iPhone
		{5D0CC975-2B3C-437A-8BD0-173CBB88135C}.Release|ARM.ActiveCfg = Release|iPhone
		{5D0CC975-2B3C-437A-8BD0-173CBB88135C}.Release|iPhone.ActiveCfg = Release|iPhone
		{5D0CC975-2B3C-437A-8BD0-173CBB88135C}.Release|iPhone.Build.0 = Release|iPhone
		{5D0CC975-2B3C-437A-8BD0-173CBB88135C}.Release|iPhoneSimulator.ActiveCfg = Release|iPhoneSimulator
		{5D0CC975-2B3C-437A-8BD0-173CBB88135C}.Release|iPhoneSimulator.Build.0 = Release|iPhoneSimulator
		{5D0CC975-2B3C-437A-8BD0-173CBB88135C}.Release|Mixed Platforms.ActiveCfg = Release|iPhone
		{5D0CC975-2B3C-437A-8BD0-173CBB88135C}.Release|Mixed Platforms.Build.0 = Release|iPhone
		{5D0CC975-2B3C-437A-8BD0-173CBB88135C}.Release|x64.ActiveCfg = Release|iPhone
		{5D0CC975-2B3C-437A-8BD0-173CBB88135C}.Release|x86.ActiveCfg = Release|iPhone
		{62A8FA8B-6ADD-4D15-B32C-3112FD3740A4}.Ad-Hoc|Any CPU.ActiveCfg = Release|Any CPU
		{62A8FA8B-6ADD-4D15-B32C-3112FD3740A4}.Ad-Hoc|Any CPU.Build.0 = Release|Any CPU
		{62A8FA8B-6ADD-4D15-B32C-3112FD3740A4}.Ad-Hoc|Any CPU.Deploy.0 = Release|Any CPU
		{62A8FA8B-6ADD-4D15-B32C-3112FD3740A4}.Ad-Hoc|ARM.ActiveCfg = Release|ARM
		{62A8FA8B-6ADD-4D15-B32C-3112FD3740A4}.Ad-Hoc|ARM.Build.0 = Release|ARM
		{62A8FA8B-6ADD-4D15-B32C-3112FD3740A4}.Ad-Hoc|ARM.Deploy.0 = Release|ARM
		{62A8FA8B-6ADD-4D15-B32C-3112FD3740A4}.Ad-Hoc|iPhone.ActiveCfg = Release|Any CPU
		{62A8FA8B-6ADD-4D15-B32C-3112FD3740A4}.Ad-Hoc|iPhoneSimulator.ActiveCfg = Release|Any CPU
		{62A8FA8B-6ADD-4D15-B32C-3112FD3740A4}.Ad-Hoc|Mixed Platforms.ActiveCfg = Release|x86
		{62A8FA8B-6ADD-4D15-B32C-3112FD3740A4}.Ad-Hoc|Mixed Platforms.Build.0 = Release|x86
		{62A8FA8B-6ADD-4D15-B32C-3112FD3740A4}.Ad-Hoc|Mixed Platforms.Deploy.0 = Release|x86
		{62A8FA8B-6ADD-4D15-B32C-3112FD3740A4}.Ad-Hoc|x64.ActiveCfg = Release|Any CPU
		{62A8FA8B-6ADD-4D15-B32C-3112FD3740A4}.Ad-Hoc|x86.ActiveCfg = Release|x86
		{62A8FA8B-6ADD-4D15-B32C-3112FD3740A4}.Ad-Hoc|x86.Build.0 = Release|x86
		{62A8FA8B-6ADD-4D15-B32C-3112FD3740A4}.Ad-Hoc|x86.Deploy.0 = Release|x86
		{62A8FA8B-6ADD-4D15-B32C-3112FD3740A4}.AppStore|Any CPU.ActiveCfg = Release|Any CPU
		{62A8FA8B-6ADD-4D15-B32C-3112FD3740A4}.AppStore|Any CPU.Build.0 = Release|Any CPU
		{62A8FA8B-6ADD-4D15-B32C-3112FD3740A4}.AppStore|Any CPU.Deploy.0 = Release|Any CPU
		{62A8FA8B-6ADD-4D15-B32C-3112FD3740A4}.AppStore|ARM.ActiveCfg = Release|ARM
		{62A8FA8B-6ADD-4D15-B32C-3112FD3740A4}.AppStore|ARM.Build.0 = Release|ARM
		{62A8FA8B-6ADD-4D15-B32C-3112FD3740A4}.AppStore|ARM.Deploy.0 = Release|ARM
		{62A8FA8B-6ADD-4D15-B32C-3112FD3740A4}.AppStore|iPhone.ActiveCfg = Release|Any CPU
		{62A8FA8B-6ADD-4D15-B32C-3112FD3740A4}.AppStore|iPhoneSimulator.ActiveCfg = Release|Any CPU
		{62A8FA8B-6ADD-4D15-B32C-3112FD3740A4}.AppStore|Mixed Platforms.ActiveCfg = Release|x86
		{62A8FA8B-6ADD-4D15-B32C-3112FD3740A4}.AppStore|Mixed Platforms.Build.0 = Release|x86
		{62A8FA8B-6ADD-4D15-B32C-3112FD3740A4}.AppStore|Mixed Platforms.Deploy.0 = Release|x86
		{62A8FA8B-6ADD-4D15-B32C-3112FD3740A4}.AppStore|x64.ActiveCfg = Release|Any CPU
		{62A8FA8B-6ADD-4D15-B32C-3112FD3740A4}.AppStore|x86.ActiveCfg = Release|x86
		{62A8FA8B-6ADD-4D15-B32C-3112FD3740A4}.AppStore|x86.Build.0 = Release|x86
		{62A8FA8B-6ADD-4D15-B32C-3112FD3740A4}.AppStore|x86.Deploy.0 = Release|x86
		{62A8FA8B-6ADD-4D15-B32C-3112FD3740A4}.Debug|Any CPU.ActiveCfg = Debug|Any CPU
		{62A8FA8B-6ADD-4D15-B32C-3112FD3740A4}.Debug|Any CPU.Build.0 = Debug|Any CPU
		{62A8FA8B-6ADD-4D15-B32C-3112FD3740A4}.Debug|Any CPU.Deploy.0 = Debug|Any CPU
		{62A8FA8B-6ADD-4D15-B32C-3112FD3740A4}.Debug|ARM.ActiveCfg = Debug|ARM
		{62A8FA8B-6ADD-4D15-B32C-3112FD3740A4}.Debug|ARM.Build.0 = Debug|ARM
		{62A8FA8B-6ADD-4D15-B32C-3112FD3740A4}.Debug|ARM.Deploy.0 = Debug|ARM
		{62A8FA8B-6ADD-4D15-B32C-3112FD3740A4}.Debug|iPhone.ActiveCfg = Debug|Any CPU
		{62A8FA8B-6ADD-4D15-B32C-3112FD3740A4}.Debug|iPhoneSimulator.ActiveCfg = Debug|Any CPU
		{62A8FA8B-6ADD-4D15-B32C-3112FD3740A4}.Debug|Mixed Platforms.ActiveCfg = Debug|x86
		{62A8FA8B-6ADD-4D15-B32C-3112FD3740A4}.Debug|Mixed Platforms.Build.0 = Debug|x86
		{62A8FA8B-6ADD-4D15-B32C-3112FD3740A4}.Debug|Mixed Platforms.Deploy.0 = Debug|x86
		{62A8FA8B-6ADD-4D15-B32C-3112FD3740A4}.Debug|x64.ActiveCfg = Debug|Any CPU
		{62A8FA8B-6ADD-4D15-B32C-3112FD3740A4}.Debug|x86.ActiveCfg = Debug|x86
		{62A8FA8B-6ADD-4D15-B32C-3112FD3740A4}.Debug|x86.Build.0 = Debug|x86
		{62A8FA8B-6ADD-4D15-B32C-3112FD3740A4}.Debug|x86.Deploy.0 = Debug|x86
		{62A8FA8B-6ADD-4D15-B32C-3112FD3740A4}.Release|Any CPU.ActiveCfg = Release|Any CPU
		{62A8FA8B-6ADD-4D15-B32C-3112FD3740A4}.Release|Any CPU.Build.0 = Release|Any CPU
		{62A8FA8B-6ADD-4D15-B32C-3112FD3740A4}.Release|Any CPU.Deploy.0 = Release|Any CPU
		{62A8FA8B-6ADD-4D15-B32C-3112FD3740A4}.Release|ARM.ActiveCfg = Release|ARM
		{62A8FA8B-6ADD-4D15-B32C-3112FD3740A4}.Release|ARM.Build.0 = Release|ARM
		{62A8FA8B-6ADD-4D15-B32C-3112FD3740A4}.Release|ARM.Deploy.0 = Release|ARM
		{62A8FA8B-6ADD-4D15-B32C-3112FD3740A4}.Release|iPhone.ActiveCfg = Release|Any CPU
		{62A8FA8B-6ADD-4D15-B32C-3112FD3740A4}.Release|iPhoneSimulator.ActiveCfg = Release|Any CPU
		{62A8FA8B-6ADD-4D15-B32C-3112FD3740A4}.Release|Mixed Platforms.ActiveCfg = Release|x86
		{62A8FA8B-6ADD-4D15-B32C-3112FD3740A4}.Release|Mixed Platforms.Build.0 = Release|x86
		{62A8FA8B-6ADD-4D15-B32C-3112FD3740A4}.Release|Mixed Platforms.Deploy.0 = Release|x86
		{62A8FA8B-6ADD-4D15-B32C-3112FD3740A4}.Release|x64.ActiveCfg = Release|Any CPU
		{62A8FA8B-6ADD-4D15-B32C-3112FD3740A4}.Release|x86.ActiveCfg = Release|x86
		{62A8FA8B-6ADD-4D15-B32C-3112FD3740A4}.Release|x86.Build.0 = Release|x86
		{62A8FA8B-6ADD-4D15-B32C-3112FD3740A4}.Release|x86.Deploy.0 = Release|x86
		{716DEAC0-F975-41AD-95E9-475D3470192A}.Ad-Hoc|Any CPU.ActiveCfg = Release|Any CPU
		{716DEAC0-F975-41AD-95E9-475D3470192A}.Ad-Hoc|Any CPU.Build.0 = Release|Any CPU
		{716DEAC0-F975-41AD-95E9-475D3470192A}.Ad-Hoc|ARM.ActiveCfg = Release|Any CPU
		{716DEAC0-F975-41AD-95E9-475D3470192A}.Ad-Hoc|iPhone.ActiveCfg = Release|Any CPU
		{716DEAC0-F975-41AD-95E9-475D3470192A}.Ad-Hoc|iPhoneSimulator.ActiveCfg = Release|Any CPU
		{716DEAC0-F975-41AD-95E9-475D3470192A}.Ad-Hoc|Mixed Platforms.ActiveCfg = Release|Any CPU
		{716DEAC0-F975-41AD-95E9-475D3470192A}.Ad-Hoc|Mixed Platforms.Build.0 = Release|Any CPU
		{716DEAC0-F975-41AD-95E9-475D3470192A}.Ad-Hoc|x64.ActiveCfg = Release|Any CPU
		{716DEAC0-F975-41AD-95E9-475D3470192A}.Ad-Hoc|x86.ActiveCfg = Release|Any CPU
		{716DEAC0-F975-41AD-95E9-475D3470192A}.AppStore|Any CPU.ActiveCfg = Release|Any CPU
		{716DEAC0-F975-41AD-95E9-475D3470192A}.AppStore|Any CPU.Build.0 = Release|Any CPU
		{716DEAC0-F975-41AD-95E9-475D3470192A}.AppStore|ARM.ActiveCfg = Release|Any CPU
		{716DEAC0-F975-41AD-95E9-475D3470192A}.AppStore|iPhone.ActiveCfg = Release|Any CPU
		{716DEAC0-F975-41AD-95E9-475D3470192A}.AppStore|iPhoneSimulator.ActiveCfg = Release|Any CPU
		{716DEAC0-F975-41AD-95E9-475D3470192A}.AppStore|Mixed Platforms.ActiveCfg = Release|Any CPU
		{716DEAC0-F975-41AD-95E9-475D3470192A}.AppStore|Mixed Platforms.Build.0 = Release|Any CPU
		{716DEAC0-F975-41AD-95E9-475D3470192A}.AppStore|x64.ActiveCfg = Release|Any CPU
		{716DEAC0-F975-41AD-95E9-475D3470192A}.AppStore|x86.ActiveCfg = Release|Any CPU
		{716DEAC0-F975-41AD-95E9-475D3470192A}.Debug|Any CPU.ActiveCfg = Debug|Any CPU
		{716DEAC0-F975-41AD-95E9-475D3470192A}.Debug|Any CPU.Build.0 = Debug|Any CPU
		{716DEAC0-F975-41AD-95E9-475D3470192A}.Debug|ARM.ActiveCfg = Debug|Any CPU
		{716DEAC0-F975-41AD-95E9-475D3470192A}.Debug|iPhone.ActiveCfg = Debug|Any CPU
		{716DEAC0-F975-41AD-95E9-475D3470192A}.Debug|iPhoneSimulator.ActiveCfg = Debug|Any CPU
		{716DEAC0-F975-41AD-95E9-475D3470192A}.Debug|Mixed Platforms.ActiveCfg = Debug|Any CPU
		{716DEAC0-F975-41AD-95E9-475D3470192A}.Debug|Mixed Platforms.Build.0 = Debug|Any CPU
		{716DEAC0-F975-41AD-95E9-475D3470192A}.Debug|x64.ActiveCfg = Debug|Any CPU
		{716DEAC0-F975-41AD-95E9-475D3470192A}.Debug|x86.ActiveCfg = Debug|Any CPU
		{716DEAC0-F975-41AD-95E9-475D3470192A}.Release|Any CPU.ActiveCfg = Release|Any CPU
		{716DEAC0-F975-41AD-95E9-475D3470192A}.Release|Any CPU.Build.0 = Release|Any CPU
		{716DEAC0-F975-41AD-95E9-475D3470192A}.Release|ARM.ActiveCfg = Release|Any CPU
		{716DEAC0-F975-41AD-95E9-475D3470192A}.Release|iPhone.ActiveCfg = Release|Any CPU
		{716DEAC0-F975-41AD-95E9-475D3470192A}.Release|iPhoneSimulator.ActiveCfg = Release|Any CPU
		{716DEAC0-F975-41AD-95E9-475D3470192A}.Release|Mixed Platforms.ActiveCfg = Release|Any CPU
		{716DEAC0-F975-41AD-95E9-475D3470192A}.Release|Mixed Platforms.Build.0 = Release|Any CPU
		{716DEAC0-F975-41AD-95E9-475D3470192A}.Release|x64.ActiveCfg = Release|Any CPU
		{716DEAC0-F975-41AD-95E9-475D3470192A}.Release|x86.ActiveCfg = Release|Any CPU
		{7432FA3B-1CAE-486A-AC05-5E7A6961713C}.Ad-Hoc|Any CPU.ActiveCfg = Release|Any CPU
		{7432FA3B-1CAE-486A-AC05-5E7A6961713C}.Ad-Hoc|Any CPU.Build.0 = Release|Any CPU
		{7432FA3B-1CAE-486A-AC05-5E7A6961713C}.Ad-Hoc|Any CPU.Deploy.0 = Release|Any CPU
		{7432FA3B-1CAE-486A-AC05-5E7A6961713C}.Ad-Hoc|ARM.ActiveCfg = Release|Any CPU
		{7432FA3B-1CAE-486A-AC05-5E7A6961713C}.Ad-Hoc|iPhone.ActiveCfg = Release|Any CPU
		{7432FA3B-1CAE-486A-AC05-5E7A6961713C}.Ad-Hoc|iPhoneSimulator.ActiveCfg = Release|Any CPU
		{7432FA3B-1CAE-486A-AC05-5E7A6961713C}.Ad-Hoc|Mixed Platforms.ActiveCfg = Release|Any CPU
		{7432FA3B-1CAE-486A-AC05-5E7A6961713C}.Ad-Hoc|Mixed Platforms.Build.0 = Release|Any CPU
		{7432FA3B-1CAE-486A-AC05-5E7A6961713C}.Ad-Hoc|Mixed Platforms.Deploy.0 = Release|Any CPU
		{7432FA3B-1CAE-486A-AC05-5E7A6961713C}.Ad-Hoc|x64.ActiveCfg = Release|Any CPU
		{7432FA3B-1CAE-486A-AC05-5E7A6961713C}.Ad-Hoc|x86.ActiveCfg = Release|Any CPU
		{7432FA3B-1CAE-486A-AC05-5E7A6961713C}.AppStore|Any CPU.ActiveCfg = Release|Any CPU
		{7432FA3B-1CAE-486A-AC05-5E7A6961713C}.AppStore|Any CPU.Build.0 = Release|Any CPU
		{7432FA3B-1CAE-486A-AC05-5E7A6961713C}.AppStore|Any CPU.Deploy.0 = Release|Any CPU
		{7432FA3B-1CAE-486A-AC05-5E7A6961713C}.AppStore|ARM.ActiveCfg = Release|Any CPU
		{7432FA3B-1CAE-486A-AC05-5E7A6961713C}.AppStore|iPhone.ActiveCfg = Release|Any CPU
		{7432FA3B-1CAE-486A-AC05-5E7A6961713C}.AppStore|iPhoneSimulator.ActiveCfg = Release|Any CPU
		{7432FA3B-1CAE-486A-AC05-5E7A6961713C}.AppStore|Mixed Platforms.ActiveCfg = Release|Any CPU
		{7432FA3B-1CAE-486A-AC05-5E7A6961713C}.AppStore|Mixed Platforms.Build.0 = Release|Any CPU
		{7432FA3B-1CAE-486A-AC05-5E7A6961713C}.AppStore|Mixed Platforms.Deploy.0 = Release|Any CPU
		{7432FA3B-1CAE-486A-AC05-5E7A6961713C}.AppStore|x64.ActiveCfg = Release|Any CPU
		{7432FA3B-1CAE-486A-AC05-5E7A6961713C}.AppStore|x86.ActiveCfg = Release|Any CPU
		{7432FA3B-1CAE-486A-AC05-5E7A6961713C}.Debug|Any CPU.ActiveCfg = Debug|Any CPU
		{7432FA3B-1CAE-486A-AC05-5E7A6961713C}.Debug|Any CPU.Build.0 = Debug|Any CPU
		{7432FA3B-1CAE-486A-AC05-5E7A6961713C}.Debug|Any CPU.Deploy.0 = Debug|Any CPU
		{7432FA3B-1CAE-486A-AC05-5E7A6961713C}.Debug|ARM.ActiveCfg = Debug|Any CPU
		{7432FA3B-1CAE-486A-AC05-5E7A6961713C}.Debug|iPhone.ActiveCfg = Debug|Any CPU
		{7432FA3B-1CAE-486A-AC05-5E7A6961713C}.Debug|iPhoneSimulator.ActiveCfg = Debug|Any CPU
		{7432FA3B-1CAE-486A-AC05-5E7A6961713C}.Debug|Mixed Platforms.ActiveCfg = Debug|Any CPU
		{7432FA3B-1CAE-486A-AC05-5E7A6961713C}.Debug|Mixed Platforms.Build.0 = Debug|Any CPU
		{7432FA3B-1CAE-486A-AC05-5E7A6961713C}.Debug|Mixed Platforms.Deploy.0 = Debug|Any CPU
		{7432FA3B-1CAE-486A-AC05-5E7A6961713C}.Debug|x64.ActiveCfg = Debug|Any CPU
		{7432FA3B-1CAE-486A-AC05-5E7A6961713C}.Debug|x86.ActiveCfg = Debug|Any CPU
		{7432FA3B-1CAE-486A-AC05-5E7A6961713C}.Release|Any CPU.ActiveCfg = Release|Any CPU
		{7432FA3B-1CAE-486A-AC05-5E7A6961713C}.Release|Any CPU.Build.0 = Release|Any CPU
		{7432FA3B-1CAE-486A-AC05-5E7A6961713C}.Release|Any CPU.Deploy.0 = Release|Any CPU
		{7432FA3B-1CAE-486A-AC05-5E7A6961713C}.Release|ARM.ActiveCfg = Release|Any CPU
		{7432FA3B-1CAE-486A-AC05-5E7A6961713C}.Release|iPhone.ActiveCfg = Release|Any CPU
		{7432FA3B-1CAE-486A-AC05-5E7A6961713C}.Release|iPhoneSimulator.ActiveCfg = Release|Any CPU
		{7432FA3B-1CAE-486A-AC05-5E7A6961713C}.Release|Mixed Platforms.ActiveCfg = Release|Any CPU
		{7432FA3B-1CAE-486A-AC05-5E7A6961713C}.Release|Mixed Platforms.Build.0 = Release|Any CPU
		{7432FA3B-1CAE-486A-AC05-5E7A6961713C}.Release|Mixed Platforms.Deploy.0 = Release|Any CPU
		{7432FA3B-1CAE-486A-AC05-5E7A6961713C}.Release|x64.ActiveCfg = Release|Any CPU
		{7432FA3B-1CAE-486A-AC05-5E7A6961713C}.Release|x86.ActiveCfg = Release|Any CPU
		{7CC543EC-AC96-412F-BFFE-159222D48FB5}.Ad-Hoc|Any CPU.ActiveCfg = Release|Any CPU
		{7CC543EC-AC96-412F-BFFE-159222D48FB5}.Ad-Hoc|Any CPU.Build.0 = Release|Any CPU
		{7CC543EC-AC96-412F-BFFE-159222D48FB5}.Ad-Hoc|Any CPU.Deploy.0 = Release|Any CPU
		{7CC543EC-AC96-412F-BFFE-159222D48FB5}.Ad-Hoc|ARM.ActiveCfg = Release|ARM
		{7CC543EC-AC96-412F-BFFE-159222D48FB5}.Ad-Hoc|ARM.Build.0 = Release|ARM
		{7CC543EC-AC96-412F-BFFE-159222D48FB5}.Ad-Hoc|ARM.Deploy.0 = Release|ARM
		{7CC543EC-AC96-412F-BFFE-159222D48FB5}.Ad-Hoc|iPhone.ActiveCfg = Release|Any CPU
		{7CC543EC-AC96-412F-BFFE-159222D48FB5}.Ad-Hoc|iPhoneSimulator.ActiveCfg = Release|Any CPU
		{7CC543EC-AC96-412F-BFFE-159222D48FB5}.Ad-Hoc|Mixed Platforms.ActiveCfg = Release|x86
		{7CC543EC-AC96-412F-BFFE-159222D48FB5}.Ad-Hoc|Mixed Platforms.Build.0 = Release|x86
		{7CC543EC-AC96-412F-BFFE-159222D48FB5}.Ad-Hoc|Mixed Platforms.Deploy.0 = Release|x86
		{7CC543EC-AC96-412F-BFFE-159222D48FB5}.Ad-Hoc|x64.ActiveCfg = Release|Any CPU
		{7CC543EC-AC96-412F-BFFE-159222D48FB5}.Ad-Hoc|x86.ActiveCfg = Release|x86
		{7CC543EC-AC96-412F-BFFE-159222D48FB5}.Ad-Hoc|x86.Build.0 = Release|x86
		{7CC543EC-AC96-412F-BFFE-159222D48FB5}.Ad-Hoc|x86.Deploy.0 = Release|x86
		{7CC543EC-AC96-412F-BFFE-159222D48FB5}.AppStore|Any CPU.ActiveCfg = Release|Any CPU
		{7CC543EC-AC96-412F-BFFE-159222D48FB5}.AppStore|Any CPU.Build.0 = Release|Any CPU
		{7CC543EC-AC96-412F-BFFE-159222D48FB5}.AppStore|Any CPU.Deploy.0 = Release|Any CPU
		{7CC543EC-AC96-412F-BFFE-159222D48FB5}.AppStore|ARM.ActiveCfg = Release|ARM
		{7CC543EC-AC96-412F-BFFE-159222D48FB5}.AppStore|ARM.Build.0 = Release|ARM
		{7CC543EC-AC96-412F-BFFE-159222D48FB5}.AppStore|ARM.Deploy.0 = Release|ARM
		{7CC543EC-AC96-412F-BFFE-159222D48FB5}.AppStore|iPhone.ActiveCfg = Release|Any CPU
		{7CC543EC-AC96-412F-BFFE-159222D48FB5}.AppStore|iPhoneSimulator.ActiveCfg = Release|Any CPU
		{7CC543EC-AC96-412F-BFFE-159222D48FB5}.AppStore|Mixed Platforms.ActiveCfg = Release|x86
		{7CC543EC-AC96-412F-BFFE-159222D48FB5}.AppStore|Mixed Platforms.Build.0 = Release|x86
		{7CC543EC-AC96-412F-BFFE-159222D48FB5}.AppStore|Mixed Platforms.Deploy.0 = Release|x86
		{7CC543EC-AC96-412F-BFFE-159222D48FB5}.AppStore|x64.ActiveCfg = Release|Any CPU
		{7CC543EC-AC96-412F-BFFE-159222D48FB5}.AppStore|x86.ActiveCfg = Release|x86
		{7CC543EC-AC96-412F-BFFE-159222D48FB5}.AppStore|x86.Build.0 = Release|x86
		{7CC543EC-AC96-412F-BFFE-159222D48FB5}.AppStore|x86.Deploy.0 = Release|x86
		{7CC543EC-AC96-412F-BFFE-159222D48FB5}.Debug|Any CPU.ActiveCfg = Debug|Any CPU
		{7CC543EC-AC96-412F-BFFE-159222D48FB5}.Debug|Any CPU.Build.0 = Debug|Any CPU
		{7CC543EC-AC96-412F-BFFE-159222D48FB5}.Debug|Any CPU.Deploy.0 = Debug|Any CPU
		{7CC543EC-AC96-412F-BFFE-159222D48FB5}.Debug|ARM.ActiveCfg = Debug|ARM
		{7CC543EC-AC96-412F-BFFE-159222D48FB5}.Debug|ARM.Build.0 = Debug|ARM
		{7CC543EC-AC96-412F-BFFE-159222D48FB5}.Debug|ARM.Deploy.0 = Debug|ARM
		{7CC543EC-AC96-412F-BFFE-159222D48FB5}.Debug|iPhone.ActiveCfg = Debug|Any CPU
		{7CC543EC-AC96-412F-BFFE-159222D48FB5}.Debug|iPhoneSimulator.ActiveCfg = Debug|Any CPU
		{7CC543EC-AC96-412F-BFFE-159222D48FB5}.Debug|Mixed Platforms.ActiveCfg = Debug|x86
		{7CC543EC-AC96-412F-BFFE-159222D48FB5}.Debug|Mixed Platforms.Build.0 = Debug|x86
		{7CC543EC-AC96-412F-BFFE-159222D48FB5}.Debug|Mixed Platforms.Deploy.0 = Debug|x86
		{7CC543EC-AC96-412F-BFFE-159222D48FB5}.Debug|x64.ActiveCfg = Debug|Any CPU
		{7CC543EC-AC96-412F-BFFE-159222D48FB5}.Debug|x86.ActiveCfg = Debug|x86
		{7CC543EC-AC96-412F-BFFE-159222D48FB5}.Debug|x86.Build.0 = Debug|x86
		{7CC543EC-AC96-412F-BFFE-159222D48FB5}.Debug|x86.Deploy.0 = Debug|x86
		{7CC543EC-AC96-412F-BFFE-159222D48FB5}.Release|Any CPU.ActiveCfg = Release|Any CPU
		{7CC543EC-AC96-412F-BFFE-159222D48FB5}.Release|Any CPU.Build.0 = Release|Any CPU
		{7CC543EC-AC96-412F-BFFE-159222D48FB5}.Release|Any CPU.Deploy.0 = Release|Any CPU
		{7CC543EC-AC96-412F-BFFE-159222D48FB5}.Release|ARM.ActiveCfg = Release|ARM
		{7CC543EC-AC96-412F-BFFE-159222D48FB5}.Release|ARM.Build.0 = Release|ARM
		{7CC543EC-AC96-412F-BFFE-159222D48FB5}.Release|ARM.Deploy.0 = Release|ARM
		{7CC543EC-AC96-412F-BFFE-159222D48FB5}.Release|iPhone.ActiveCfg = Release|Any CPU
		{7CC543EC-AC96-412F-BFFE-159222D48FB5}.Release|iPhoneSimulator.ActiveCfg = Release|Any CPU
		{7CC543EC-AC96-412F-BFFE-159222D48FB5}.Release|Mixed Platforms.ActiveCfg = Release|x86
		{7CC543EC-AC96-412F-BFFE-159222D48FB5}.Release|Mixed Platforms.Build.0 = Release|x86
		{7CC543EC-AC96-412F-BFFE-159222D48FB5}.Release|Mixed Platforms.Deploy.0 = Release|x86
		{7CC543EC-AC96-412F-BFFE-159222D48FB5}.Release|x64.ActiveCfg = Release|Any CPU
		{7CC543EC-AC96-412F-BFFE-159222D48FB5}.Release|x86.ActiveCfg = Release|x86
		{7CC543EC-AC96-412F-BFFE-159222D48FB5}.Release|x86.Build.0 = Release|x86
		{7CC543EC-AC96-412F-BFFE-159222D48FB5}.Release|x86.Deploy.0 = Release|x86
		{8BA7B663-C83E-4056-AF4D-A57BE9755E18}.Ad-Hoc|Any CPU.ActiveCfg = Release|Any CPU
		{8BA7B663-C83E-4056-AF4D-A57BE9755E18}.Ad-Hoc|Any CPU.Build.0 = Release|Any CPU
		{8BA7B663-C83E-4056-AF4D-A57BE9755E18}.Ad-Hoc|ARM.ActiveCfg = Release|Any CPU
		{8BA7B663-C83E-4056-AF4D-A57BE9755E18}.Ad-Hoc|ARM.Build.0 = Release|Any CPU
		{8BA7B663-C83E-4056-AF4D-A57BE9755E18}.Ad-Hoc|iPhone.ActiveCfg = Release|Any CPU
		{8BA7B663-C83E-4056-AF4D-A57BE9755E18}.Ad-Hoc|iPhone.Build.0 = Release|Any CPU
		{8BA7B663-C83E-4056-AF4D-A57BE9755E18}.Ad-Hoc|iPhoneSimulator.ActiveCfg = Release|Any CPU
		{8BA7B663-C83E-4056-AF4D-A57BE9755E18}.Ad-Hoc|iPhoneSimulator.Build.0 = Release|Any CPU
		{8BA7B663-C83E-4056-AF4D-A57BE9755E18}.Ad-Hoc|Mixed Platforms.ActiveCfg = Release|Any CPU
		{8BA7B663-C83E-4056-AF4D-A57BE9755E18}.Ad-Hoc|Mixed Platforms.Build.0 = Release|Any CPU
		{8BA7B663-C83E-4056-AF4D-A57BE9755E18}.Ad-Hoc|x64.ActiveCfg = Release|Any CPU
		{8BA7B663-C83E-4056-AF4D-A57BE9755E18}.Ad-Hoc|x64.Build.0 = Release|Any CPU
		{8BA7B663-C83E-4056-AF4D-A57BE9755E18}.Ad-Hoc|x86.ActiveCfg = Release|Any CPU
		{8BA7B663-C83E-4056-AF4D-A57BE9755E18}.Ad-Hoc|x86.Build.0 = Release|Any CPU
		{8BA7B663-C83E-4056-AF4D-A57BE9755E18}.AppStore|Any CPU.ActiveCfg = Release|Any CPU
		{8BA7B663-C83E-4056-AF4D-A57BE9755E18}.AppStore|Any CPU.Build.0 = Release|Any CPU
		{8BA7B663-C83E-4056-AF4D-A57BE9755E18}.AppStore|ARM.ActiveCfg = Release|Any CPU
		{8BA7B663-C83E-4056-AF4D-A57BE9755E18}.AppStore|ARM.Build.0 = Release|Any CPU
		{8BA7B663-C83E-4056-AF4D-A57BE9755E18}.AppStore|iPhone.ActiveCfg = Release|Any CPU
		{8BA7B663-C83E-4056-AF4D-A57BE9755E18}.AppStore|iPhone.Build.0 = Release|Any CPU
		{8BA7B663-C83E-4056-AF4D-A57BE9755E18}.AppStore|iPhoneSimulator.ActiveCfg = Release|Any CPU
		{8BA7B663-C83E-4056-AF4D-A57BE9755E18}.AppStore|iPhoneSimulator.Build.0 = Release|Any CPU
		{8BA7B663-C83E-4056-AF4D-A57BE9755E18}.AppStore|Mixed Platforms.ActiveCfg = Release|Any CPU
		{8BA7B663-C83E-4056-AF4D-A57BE9755E18}.AppStore|Mixed Platforms.Build.0 = Release|Any CPU
		{8BA7B663-C83E-4056-AF4D-A57BE9755E18}.AppStore|x64.ActiveCfg = Release|Any CPU
		{8BA7B663-C83E-4056-AF4D-A57BE9755E18}.AppStore|x64.Build.0 = Release|Any CPU
		{8BA7B663-C83E-4056-AF4D-A57BE9755E18}.AppStore|x86.ActiveCfg = Release|Any CPU
		{8BA7B663-C83E-4056-AF4D-A57BE9755E18}.AppStore|x86.Build.0 = Release|Any CPU
		{8BA7B663-C83E-4056-AF4D-A57BE9755E18}.Debug|Any CPU.ActiveCfg = Debug|Any CPU
		{8BA7B663-C83E-4056-AF4D-A57BE9755E18}.Debug|Any CPU.Build.0 = Debug|Any CPU
		{8BA7B663-C83E-4056-AF4D-A57BE9755E18}.Debug|ARM.ActiveCfg = Debug|Any CPU
		{8BA7B663-C83E-4056-AF4D-A57BE9755E18}.Debug|ARM.Build.0 = Debug|Any CPU
		{8BA7B663-C83E-4056-AF4D-A57BE9755E18}.Debug|iPhone.ActiveCfg = Debug|Any CPU
		{8BA7B663-C83E-4056-AF4D-A57BE9755E18}.Debug|iPhone.Build.0 = Debug|Any CPU
		{8BA7B663-C83E-4056-AF4D-A57BE9755E18}.Debug|iPhoneSimulator.ActiveCfg = Debug|Any CPU
		{8BA7B663-C83E-4056-AF4D-A57BE9755E18}.Debug|iPhoneSimulator.Build.0 = Debug|Any CPU
		{8BA7B663-C83E-4056-AF4D-A57BE9755E18}.Debug|Mixed Platforms.ActiveCfg = Debug|Any CPU
		{8BA7B663-C83E-4056-AF4D-A57BE9755E18}.Debug|Mixed Platforms.Build.0 = Debug|Any CPU
		{8BA7B663-C83E-4056-AF4D-A57BE9755E18}.Debug|x64.ActiveCfg = Debug|Any CPU
		{8BA7B663-C83E-4056-AF4D-A57BE9755E18}.Debug|x64.Build.0 = Debug|Any CPU
		{8BA7B663-C83E-4056-AF4D-A57BE9755E18}.Debug|x86.ActiveCfg = Debug|Any CPU
		{8BA7B663-C83E-4056-AF4D-A57BE9755E18}.Debug|x86.Build.0 = Debug|Any CPU
		{8BA7B663-C83E-4056-AF4D-A57BE9755E18}.Release|Any CPU.ActiveCfg = Release|Any CPU
		{8BA7B663-C83E-4056-AF4D-A57BE9755E18}.Release|Any CPU.Build.0 = Release|Any CPU
		{8BA7B663-C83E-4056-AF4D-A57BE9755E18}.Release|ARM.ActiveCfg = Release|Any CPU
		{8BA7B663-C83E-4056-AF4D-A57BE9755E18}.Release|ARM.Build.0 = Release|Any CPU
		{8BA7B663-C83E-4056-AF4D-A57BE9755E18}.Release|iPhone.ActiveCfg = Release|Any CPU
		{8BA7B663-C83E-4056-AF4D-A57BE9755E18}.Release|iPhone.Build.0 = Release|Any CPU
		{8BA7B663-C83E-4056-AF4D-A57BE9755E18}.Release|iPhoneSimulator.ActiveCfg = Release|Any CPU
		{8BA7B663-C83E-4056-AF4D-A57BE9755E18}.Release|iPhoneSimulator.Build.0 = Release|Any CPU
		{8BA7B663-C83E-4056-AF4D-A57BE9755E18}.Release|Mixed Platforms.ActiveCfg = Release|Any CPU
		{8BA7B663-C83E-4056-AF4D-A57BE9755E18}.Release|Mixed Platforms.Build.0 = Release|Any CPU
		{8BA7B663-C83E-4056-AF4D-A57BE9755E18}.Release|x64.ActiveCfg = Release|Any CPU
		{8BA7B663-C83E-4056-AF4D-A57BE9755E18}.Release|x64.Build.0 = Release|Any CPU
		{8BA7B663-C83E-4056-AF4D-A57BE9755E18}.Release|x86.ActiveCfg = Release|Any CPU
		{8BA7B663-C83E-4056-AF4D-A57BE9755E18}.Release|x86.Build.0 = Release|Any CPU
		{98C3C6E3-6E38-4AA4-8759-62D365BD8F6C}.Ad-Hoc|Any CPU.ActiveCfg = Debug|x86
		{98C3C6E3-6E38-4AA4-8759-62D365BD8F6C}.Ad-Hoc|Any CPU.Build.0 = Debug|x86
		{98C3C6E3-6E38-4AA4-8759-62D365BD8F6C}.Ad-Hoc|ARM.ActiveCfg = Debug|x86
		{98C3C6E3-6E38-4AA4-8759-62D365BD8F6C}.Ad-Hoc|ARM.Build.0 = Debug|x86
		{98C3C6E3-6E38-4AA4-8759-62D365BD8F6C}.Ad-Hoc|iPhone.ActiveCfg = Debug|x86
		{98C3C6E3-6E38-4AA4-8759-62D365BD8F6C}.Ad-Hoc|iPhone.Build.0 = Debug|x86
		{98C3C6E3-6E38-4AA4-8759-62D365BD8F6C}.Ad-Hoc|iPhoneSimulator.ActiveCfg = Debug|x86
		{98C3C6E3-6E38-4AA4-8759-62D365BD8F6C}.Ad-Hoc|iPhoneSimulator.Build.0 = Debug|x86
		{98C3C6E3-6E38-4AA4-8759-62D365BD8F6C}.Ad-Hoc|Mixed Platforms.ActiveCfg = Debug|x86
		{98C3C6E3-6E38-4AA4-8759-62D365BD8F6C}.Ad-Hoc|Mixed Platforms.Build.0 = Debug|x86
		{98C3C6E3-6E38-4AA4-8759-62D365BD8F6C}.Ad-Hoc|x64.ActiveCfg = Debug|x86
		{98C3C6E3-6E38-4AA4-8759-62D365BD8F6C}.Ad-Hoc|x64.Build.0 = Debug|x86
		{98C3C6E3-6E38-4AA4-8759-62D365BD8F6C}.Ad-Hoc|x86.ActiveCfg = Debug|x86
		{98C3C6E3-6E38-4AA4-8759-62D365BD8F6C}.Ad-Hoc|x86.Build.0 = Debug|x86
		{98C3C6E3-6E38-4AA4-8759-62D365BD8F6C}.AppStore|Any CPU.ActiveCfg = Debug|x86
		{98C3C6E3-6E38-4AA4-8759-62D365BD8F6C}.AppStore|Any CPU.Build.0 = Debug|x86
		{98C3C6E3-6E38-4AA4-8759-62D365BD8F6C}.AppStore|ARM.ActiveCfg = Debug|x86
		{98C3C6E3-6E38-4AA4-8759-62D365BD8F6C}.AppStore|ARM.Build.0 = Debug|x86
		{98C3C6E3-6E38-4AA4-8759-62D365BD8F6C}.AppStore|iPhone.ActiveCfg = Debug|x86
		{98C3C6E3-6E38-4AA4-8759-62D365BD8F6C}.AppStore|iPhone.Build.0 = Debug|x86
		{98C3C6E3-6E38-4AA4-8759-62D365BD8F6C}.AppStore|iPhoneSimulator.ActiveCfg = Debug|x86
		{98C3C6E3-6E38-4AA4-8759-62D365BD8F6C}.AppStore|iPhoneSimulator.Build.0 = Debug|x86
		{98C3C6E3-6E38-4AA4-8759-62D365BD8F6C}.AppStore|Mixed Platforms.ActiveCfg = Debug|x86
		{98C3C6E3-6E38-4AA4-8759-62D365BD8F6C}.AppStore|Mixed Platforms.Build.0 = Debug|x86
		{98C3C6E3-6E38-4AA4-8759-62D365BD8F6C}.AppStore|x64.ActiveCfg = Debug|x86
		{98C3C6E3-6E38-4AA4-8759-62D365BD8F6C}.AppStore|x64.Build.0 = Debug|x86
		{98C3C6E3-6E38-4AA4-8759-62D365BD8F6C}.AppStore|x86.ActiveCfg = Debug|x86
		{98C3C6E3-6E38-4AA4-8759-62D365BD8F6C}.AppStore|x86.Build.0 = Debug|x86
		{98C3C6E3-6E38-4AA4-8759-62D365BD8F6C}.Debug|Any CPU.ActiveCfg = Debug|x86
		{98C3C6E3-6E38-4AA4-8759-62D365BD8F6C}.Debug|Any CPU.Build.0 = Debug|x86
		{98C3C6E3-6E38-4AA4-8759-62D365BD8F6C}.Debug|ARM.ActiveCfg = Debug|x86
		{98C3C6E3-6E38-4AA4-8759-62D365BD8F6C}.Debug|ARM.Build.0 = Debug|x86
		{98C3C6E3-6E38-4AA4-8759-62D365BD8F6C}.Debug|iPhone.ActiveCfg = Debug|x86
		{98C3C6E3-6E38-4AA4-8759-62D365BD8F6C}.Debug|iPhone.Build.0 = Debug|x86
		{98C3C6E3-6E38-4AA4-8759-62D365BD8F6C}.Debug|iPhoneSimulator.ActiveCfg = Debug|x86
		{98C3C6E3-6E38-4AA4-8759-62D365BD8F6C}.Debug|iPhoneSimulator.Build.0 = Debug|x86
		{98C3C6E3-6E38-4AA4-8759-62D365BD8F6C}.Debug|Mixed Platforms.ActiveCfg = Debug|x86
		{98C3C6E3-6E38-4AA4-8759-62D365BD8F6C}.Debug|Mixed Platforms.Build.0 = Debug|x86
		{98C3C6E3-6E38-4AA4-8759-62D365BD8F6C}.Debug|x64.ActiveCfg = Debug|x86
		{98C3C6E3-6E38-4AA4-8759-62D365BD8F6C}.Debug|x64.Build.0 = Debug|x86
		{98C3C6E3-6E38-4AA4-8759-62D365BD8F6C}.Debug|x86.ActiveCfg = Debug|x86
		{98C3C6E3-6E38-4AA4-8759-62D365BD8F6C}.Debug|x86.Build.0 = Debug|x86
		{98C3C6E3-6E38-4AA4-8759-62D365BD8F6C}.Release|Any CPU.ActiveCfg = Release|x86
		{98C3C6E3-6E38-4AA4-8759-62D365BD8F6C}.Release|Any CPU.Build.0 = Release|x86
		{98C3C6E3-6E38-4AA4-8759-62D365BD8F6C}.Release|ARM.ActiveCfg = Release|x86
		{98C3C6E3-6E38-4AA4-8759-62D365BD8F6C}.Release|ARM.Build.0 = Release|x86
		{98C3C6E3-6E38-4AA4-8759-62D365BD8F6C}.Release|iPhone.ActiveCfg = Release|x86
		{98C3C6E3-6E38-4AA4-8759-62D365BD8F6C}.Release|iPhone.Build.0 = Release|x86
		{98C3C6E3-6E38-4AA4-8759-62D365BD8F6C}.Release|iPhoneSimulator.ActiveCfg = Release|x86
		{98C3C6E3-6E38-4AA4-8759-62D365BD8F6C}.Release|iPhoneSimulator.Build.0 = Release|x86
		{98C3C6E3-6E38-4AA4-8759-62D365BD8F6C}.Release|Mixed Platforms.ActiveCfg = Release|x86
		{98C3C6E3-6E38-4AA4-8759-62D365BD8F6C}.Release|Mixed Platforms.Build.0 = Release|x86
		{98C3C6E3-6E38-4AA4-8759-62D365BD8F6C}.Release|x64.ActiveCfg = Release|x86
		{98C3C6E3-6E38-4AA4-8759-62D365BD8F6C}.Release|x64.Build.0 = Release|x86
		{98C3C6E3-6E38-4AA4-8759-62D365BD8F6C}.Release|x86.ActiveCfg = Release|x86
		{98C3C6E3-6E38-4AA4-8759-62D365BD8F6C}.Release|x86.Build.0 = Release|x86
		{B4818A1B-1DB4-4DD8-914F-F1B36DAB1CC3}.Ad-Hoc|Any CPU.ActiveCfg = Release|Any CPU
		{B4818A1B-1DB4-4DD8-914F-F1B36DAB1CC3}.Ad-Hoc|Any CPU.Build.0 = Release|Any CPU
		{B4818A1B-1DB4-4DD8-914F-F1B36DAB1CC3}.Ad-Hoc|Any CPU.Deploy.0 = Release|Any CPU
		{B4818A1B-1DB4-4DD8-914F-F1B36DAB1CC3}.Ad-Hoc|ARM.ActiveCfg = Release|Any CPU
		{B4818A1B-1DB4-4DD8-914F-F1B36DAB1CC3}.Ad-Hoc|iPhone.ActiveCfg = Release|Any CPU
		{B4818A1B-1DB4-4DD8-914F-F1B36DAB1CC3}.Ad-Hoc|iPhoneSimulator.ActiveCfg = Release|Any CPU
		{B4818A1B-1DB4-4DD8-914F-F1B36DAB1CC3}.Ad-Hoc|Mixed Platforms.ActiveCfg = Release|Any CPU
		{B4818A1B-1DB4-4DD8-914F-F1B36DAB1CC3}.Ad-Hoc|Mixed Platforms.Build.0 = Release|Any CPU
		{B4818A1B-1DB4-4DD8-914F-F1B36DAB1CC3}.Ad-Hoc|Mixed Platforms.Deploy.0 = Release|Any CPU
		{B4818A1B-1DB4-4DD8-914F-F1B36DAB1CC3}.Ad-Hoc|x64.ActiveCfg = Release|Any CPU
		{B4818A1B-1DB4-4DD8-914F-F1B36DAB1CC3}.Ad-Hoc|x86.ActiveCfg = Release|Any CPU
		{B4818A1B-1DB4-4DD8-914F-F1B36DAB1CC3}.AppStore|Any CPU.ActiveCfg = Release|Any CPU
		{B4818A1B-1DB4-4DD8-914F-F1B36DAB1CC3}.AppStore|Any CPU.Build.0 = Release|Any CPU
		{B4818A1B-1DB4-4DD8-914F-F1B36DAB1CC3}.AppStore|Any CPU.Deploy.0 = Release|Any CPU
		{B4818A1B-1DB4-4DD8-914F-F1B36DAB1CC3}.AppStore|ARM.ActiveCfg = Release|Any CPU
		{B4818A1B-1DB4-4DD8-914F-F1B36DAB1CC3}.AppStore|iPhone.ActiveCfg = Release|Any CPU
		{B4818A1B-1DB4-4DD8-914F-F1B36DAB1CC3}.AppStore|iPhoneSimulator.ActiveCfg = Release|Any CPU
		{B4818A1B-1DB4-4DD8-914F-F1B36DAB1CC3}.AppStore|Mixed Platforms.ActiveCfg = Release|Any CPU
		{B4818A1B-1DB4-4DD8-914F-F1B36DAB1CC3}.AppStore|Mixed Platforms.Build.0 = Release|Any CPU
		{B4818A1B-1DB4-4DD8-914F-F1B36DAB1CC3}.AppStore|Mixed Platforms.Deploy.0 = Release|Any CPU
		{B4818A1B-1DB4-4DD8-914F-F1B36DAB1CC3}.AppStore|x64.ActiveCfg = Release|Any CPU
		{B4818A1B-1DB4-4DD8-914F-F1B36DAB1CC3}.AppStore|x86.ActiveCfg = Release|Any CPU
		{B4818A1B-1DB4-4DD8-914F-F1B36DAB1CC3}.Debug|Any CPU.ActiveCfg = Debug|Any CPU
		{B4818A1B-1DB4-4DD8-914F-F1B36DAB1CC3}.Debug|Any CPU.Build.0 = Debug|Any CPU
		{B4818A1B-1DB4-4DD8-914F-F1B36DAB1CC3}.Debug|Any CPU.Deploy.0 = Debug|Any CPU
		{B4818A1B-1DB4-4DD8-914F-F1B36DAB1CC3}.Debug|ARM.ActiveCfg = Debug|Any CPU
		{B4818A1B-1DB4-4DD8-914F-F1B36DAB1CC3}.Debug|iPhone.ActiveCfg = Debug|Any CPU
		{B4818A1B-1DB4-4DD8-914F-F1B36DAB1CC3}.Debug|iPhoneSimulator.ActiveCfg = Debug|Any CPU
		{B4818A1B-1DB4-4DD8-914F-F1B36DAB1CC3}.Debug|Mixed Platforms.ActiveCfg = Debug|Any CPU
		{B4818A1B-1DB4-4DD8-914F-F1B36DAB1CC3}.Debug|Mixed Platforms.Build.0 = Debug|Any CPU
		{B4818A1B-1DB4-4DD8-914F-F1B36DAB1CC3}.Debug|Mixed Platforms.Deploy.0 = Debug|Any CPU
		{B4818A1B-1DB4-4DD8-914F-F1B36DAB1CC3}.Debug|x64.ActiveCfg = Debug|Any CPU
		{B4818A1B-1DB4-4DD8-914F-F1B36DAB1CC3}.Debug|x86.ActiveCfg = Debug|Any CPU
		{B4818A1B-1DB4-4DD8-914F-F1B36DAB1CC3}.Release|Any CPU.ActiveCfg = Release|Any CPU
		{B4818A1B-1DB4-4DD8-914F-F1B36DAB1CC3}.Release|Any CPU.Build.0 = Release|Any CPU
		{B4818A1B-1DB4-4DD8-914F-F1B36DAB1CC3}.Release|Any CPU.Deploy.0 = Release|Any CPU
		{B4818A1B-1DB4-4DD8-914F-F1B36DAB1CC3}.Release|ARM.ActiveCfg = Release|Any CPU
		{B4818A1B-1DB4-4DD8-914F-F1B36DAB1CC3}.Release|iPhone.ActiveCfg = Release|Any CPU
		{B4818A1B-1DB4-4DD8-914F-F1B36DAB1CC3}.Release|iPhoneSimulator.ActiveCfg = Release|Any CPU
		{B4818A1B-1DB4-4DD8-914F-F1B36DAB1CC3}.Release|Mixed Platforms.ActiveCfg = Release|Any CPU
		{B4818A1B-1DB4-4DD8-914F-F1B36DAB1CC3}.Release|Mixed Platforms.Build.0 = Release|Any CPU
		{B4818A1B-1DB4-4DD8-914F-F1B36DAB1CC3}.Release|Mixed Platforms.Deploy.0 = Release|Any CPU
		{B4818A1B-1DB4-4DD8-914F-F1B36DAB1CC3}.Release|x64.ActiveCfg = Release|Any CPU
		{B4818A1B-1DB4-4DD8-914F-F1B36DAB1CC3}.Release|x86.ActiveCfg = Release|Any CPU
		{BC998130-E0C4-4267-B9CA-14B04BDC7B3E}.Ad-Hoc|Any CPU.ActiveCfg = Release|Any CPU
		{BC998130-E0C4-4267-B9CA-14B04BDC7B3E}.Ad-Hoc|Any CPU.Build.0 = Release|Any CPU
		{BC998130-E0C4-4267-B9CA-14B04BDC7B3E}.Ad-Hoc|ARM.ActiveCfg = Release|Any CPU
		{BC998130-E0C4-4267-B9CA-14B04BDC7B3E}.Ad-Hoc|iPhone.ActiveCfg = Release|Any CPU
		{BC998130-E0C4-4267-B9CA-14B04BDC7B3E}.Ad-Hoc|iPhoneSimulator.ActiveCfg = Release|Any CPU
		{BC998130-E0C4-4267-B9CA-14B04BDC7B3E}.Ad-Hoc|Mixed Platforms.ActiveCfg = Release|Any CPU
		{BC998130-E0C4-4267-B9CA-14B04BDC7B3E}.Ad-Hoc|Mixed Platforms.Build.0 = Release|Any CPU
		{BC998130-E0C4-4267-B9CA-14B04BDC7B3E}.Ad-Hoc|x64.ActiveCfg = Release|Any CPU
		{BC998130-E0C4-4267-B9CA-14B04BDC7B3E}.Ad-Hoc|x86.ActiveCfg = Release|Any CPU
		{BC998130-E0C4-4267-B9CA-14B04BDC7B3E}.AppStore|Any CPU.ActiveCfg = Release|Any CPU
		{BC998130-E0C4-4267-B9CA-14B04BDC7B3E}.AppStore|Any CPU.Build.0 = Release|Any CPU
		{BC998130-E0C4-4267-B9CA-14B04BDC7B3E}.AppStore|ARM.ActiveCfg = Release|Any CPU
		{BC998130-E0C4-4267-B9CA-14B04BDC7B3E}.AppStore|iPhone.ActiveCfg = Release|Any CPU
		{BC998130-E0C4-4267-B9CA-14B04BDC7B3E}.AppStore|iPhoneSimulator.ActiveCfg = Release|Any CPU
		{BC998130-E0C4-4267-B9CA-14B04BDC7B3E}.AppStore|Mixed Platforms.ActiveCfg = Release|Any CPU
		{BC998130-E0C4-4267-B9CA-14B04BDC7B3E}.AppStore|Mixed Platforms.Build.0 = Release|Any CPU
		{BC998130-E0C4-4267-B9CA-14B04BDC7B3E}.AppStore|x64.ActiveCfg = Release|Any CPU
		{BC998130-E0C4-4267-B9CA-14B04BDC7B3E}.AppStore|x86.ActiveCfg = Release|Any CPU
		{BC998130-E0C4-4267-B9CA-14B04BDC7B3E}.Debug|Any CPU.ActiveCfg = Debug|Any CPU
		{BC998130-E0C4-4267-B9CA-14B04BDC7B3E}.Debug|Any CPU.Build.0 = Debug|Any CPU
		{BC998130-E0C4-4267-B9CA-14B04BDC7B3E}.Debug|ARM.ActiveCfg = Debug|Any CPU
		{BC998130-E0C4-4267-B9CA-14B04BDC7B3E}.Debug|iPhone.ActiveCfg = Debug|Any CPU
		{BC998130-E0C4-4267-B9CA-14B04BDC7B3E}.Debug|iPhoneSimulator.ActiveCfg = Debug|Any CPU
		{BC998130-E0C4-4267-B9CA-14B04BDC7B3E}.Debug|Mixed Platforms.ActiveCfg = Debug|Any CPU
		{BC998130-E0C4-4267-B9CA-14B04BDC7B3E}.Debug|Mixed Platforms.Build.0 = Debug|Any CPU
		{BC998130-E0C4-4267-B9CA-14B04BDC7B3E}.Debug|x64.ActiveCfg = Debug|Any CPU
		{BC998130-E0C4-4267-B9CA-14B04BDC7B3E}.Debug|x86.ActiveCfg = Debug|Any CPU
		{BC998130-E0C4-4267-B9CA-14B04BDC7B3E}.Release|Any CPU.ActiveCfg = Release|Any CPU
		{BC998130-E0C4-4267-B9CA-14B04BDC7B3E}.Release|Any CPU.Build.0 = Release|Any CPU
		{BC998130-E0C4-4267-B9CA-14B04BDC7B3E}.Release|ARM.ActiveCfg = Release|Any CPU
		{BC998130-E0C4-4267-B9CA-14B04BDC7B3E}.Release|iPhone.ActiveCfg = Release|Any CPU
		{BC998130-E0C4-4267-B9CA-14B04BDC7B3E}.Release|iPhoneSimulator.ActiveCfg = Release|Any CPU
		{BC998130-E0C4-4267-B9CA-14B04BDC7B3E}.Release|Mixed Platforms.ActiveCfg = Release|Any CPU
		{BC998130-E0C4-4267-B9CA-14B04BDC7B3E}.Release|Mixed Platforms.Build.0 = Release|Any CPU
		{BC998130-E0C4-4267-B9CA-14B04BDC7B3E}.Release|x64.ActiveCfg = Release|Any CPU
		{BC998130-E0C4-4267-B9CA-14B04BDC7B3E}.Release|x86.ActiveCfg = Release|Any CPU
		{BF7B7D58-A8F6-4B69-A470-1EEFA706FDE8}.Ad-Hoc|Any CPU.ActiveCfg = Release|Any CPU
		{BF7B7D58-A8F6-4B69-A470-1EEFA706FDE8}.Ad-Hoc|Any CPU.Build.0 = Release|Any CPU
		{BF7B7D58-A8F6-4B69-A470-1EEFA706FDE8}.Ad-Hoc|ARM.ActiveCfg = Release|Any CPU
		{BF7B7D58-A8F6-4B69-A470-1EEFA706FDE8}.Ad-Hoc|iPhone.ActiveCfg = Release|Any CPU
		{BF7B7D58-A8F6-4B69-A470-1EEFA706FDE8}.Ad-Hoc|iPhoneSimulator.ActiveCfg = Release|Any CPU
		{BF7B7D58-A8F6-4B69-A470-1EEFA706FDE8}.Ad-Hoc|Mixed Platforms.ActiveCfg = Release|Any CPU
		{BF7B7D58-A8F6-4B69-A470-1EEFA706FDE8}.Ad-Hoc|Mixed Platforms.Build.0 = Release|Any CPU
		{BF7B7D58-A8F6-4B69-A470-1EEFA706FDE8}.Ad-Hoc|x64.ActiveCfg = Release|Any CPU
		{BF7B7D58-A8F6-4B69-A470-1EEFA706FDE8}.Ad-Hoc|x86.ActiveCfg = Release|Any CPU
		{BF7B7D58-A8F6-4B69-A470-1EEFA706FDE8}.AppStore|Any CPU.ActiveCfg = Release|Any CPU
		{BF7B7D58-A8F6-4B69-A470-1EEFA706FDE8}.AppStore|Any CPU.Build.0 = Release|Any CPU
		{BF7B7D58-A8F6-4B69-A470-1EEFA706FDE8}.AppStore|ARM.ActiveCfg = Release|Any CPU
		{BF7B7D58-A8F6-4B69-A470-1EEFA706FDE8}.AppStore|iPhone.ActiveCfg = Release|Any CPU
		{BF7B7D58-A8F6-4B69-A470-1EEFA706FDE8}.AppStore|iPhoneSimulator.ActiveCfg = Release|Any CPU
		{BF7B7D58-A8F6-4B69-A470-1EEFA706FDE8}.AppStore|Mixed Platforms.ActiveCfg = Release|Any CPU
		{BF7B7D58-A8F6-4B69-A470-1EEFA706FDE8}.AppStore|Mixed Platforms.Build.0 = Release|Any CPU
		{BF7B7D58-A8F6-4B69-A470-1EEFA706FDE8}.AppStore|x64.ActiveCfg = Release|Any CPU
		{BF7B7D58-A8F6-4B69-A470-1EEFA706FDE8}.AppStore|x86.ActiveCfg = Release|Any CPU
		{BF7B7D58-A8F6-4B69-A470-1EEFA706FDE8}.Debug|Any CPU.ActiveCfg = Debug|Any CPU
		{BF7B7D58-A8F6-4B69-A470-1EEFA706FDE8}.Debug|Any CPU.Build.0 = Debug|Any CPU
		{BF7B7D58-A8F6-4B69-A470-1EEFA706FDE8}.Debug|ARM.ActiveCfg = Debug|Any CPU
		{BF7B7D58-A8F6-4B69-A470-1EEFA706FDE8}.Debug|iPhone.ActiveCfg = Debug|Any CPU
		{BF7B7D58-A8F6-4B69-A470-1EEFA706FDE8}.Debug|iPhoneSimulator.ActiveCfg = Debug|Any CPU
		{BF7B7D58-A8F6-4B69-A470-1EEFA706FDE8}.Debug|Mixed Platforms.ActiveCfg = Debug|Any CPU
		{BF7B7D58-A8F6-4B69-A470-1EEFA706FDE8}.Debug|Mixed Platforms.Build.0 = Debug|Any CPU
		{BF7B7D58-A8F6-4B69-A470-1EEFA706FDE8}.Debug|x64.ActiveCfg = Debug|Any CPU
		{BF7B7D58-A8F6-4B69-A470-1EEFA706FDE8}.Debug|x86.ActiveCfg = Debug|Any CPU
		{BF7B7D58-A8F6-4B69-A470-1EEFA706FDE8}.Release|Any CPU.ActiveCfg = Release|Any CPU
		{BF7B7D58-A8F6-4B69-A470-1EEFA706FDE8}.Release|Any CPU.Build.0 = Release|Any CPU
		{BF7B7D58-A8F6-4B69-A470-1EEFA706FDE8}.Release|ARM.ActiveCfg = Release|Any CPU
		{BF7B7D58-A8F6-4B69-A470-1EEFA706FDE8}.Release|iPhone.ActiveCfg = Release|Any CPU
		{BF7B7D58-A8F6-4B69-A470-1EEFA706FDE8}.Release|iPhoneSimulator.ActiveCfg = Release|Any CPU
		{BF7B7D58-A8F6-4B69-A470-1EEFA706FDE8}.Release|Mixed Platforms.ActiveCfg = Release|Any CPU
		{BF7B7D58-A8F6-4B69-A470-1EEFA706FDE8}.Release|Mixed Platforms.Build.0 = Release|Any CPU
		{BF7B7D58-A8F6-4B69-A470-1EEFA706FDE8}.Release|x64.ActiveCfg = Release|Any CPU
		{BF7B7D58-A8F6-4B69-A470-1EEFA706FDE8}.Release|x86.ActiveCfg = Release|Any CPU
		{E222E609-FEA8-4347-BC80-1A495BA1E04C}.Ad-Hoc|Any CPU.ActiveCfg = Release|Any CPU
		{E222E609-FEA8-4347-BC80-1A495BA1E04C}.Ad-Hoc|Any CPU.Build.0 = Release|Any CPU
		{E222E609-FEA8-4347-BC80-1A495BA1E04C}.Ad-Hoc|Any CPU.Deploy.0 = Release|Any CPU
		{E222E609-FEA8-4347-BC80-1A495BA1E04C}.Ad-Hoc|ARM.ActiveCfg = Release|ARM
		{E222E609-FEA8-4347-BC80-1A495BA1E04C}.Ad-Hoc|ARM.Build.0 = Release|ARM
		{E222E609-FEA8-4347-BC80-1A495BA1E04C}.Ad-Hoc|ARM.Deploy.0 = Release|ARM
		{E222E609-FEA8-4347-BC80-1A495BA1E04C}.Ad-Hoc|iPhone.ActiveCfg = Release|Any CPU
		{E222E609-FEA8-4347-BC80-1A495BA1E04C}.Ad-Hoc|iPhoneSimulator.ActiveCfg = Release|Any CPU
		{E222E609-FEA8-4347-BC80-1A495BA1E04C}.Ad-Hoc|Mixed Platforms.ActiveCfg = Release|x86
		{E222E609-FEA8-4347-BC80-1A495BA1E04C}.Ad-Hoc|Mixed Platforms.Build.0 = Release|x86
		{E222E609-FEA8-4347-BC80-1A495BA1E04C}.Ad-Hoc|Mixed Platforms.Deploy.0 = Release|x86
		{E222E609-FEA8-4347-BC80-1A495BA1E04C}.Ad-Hoc|x64.ActiveCfg = Release|Any CPU
		{E222E609-FEA8-4347-BC80-1A495BA1E04C}.Ad-Hoc|x86.ActiveCfg = Release|x86
		{E222E609-FEA8-4347-BC80-1A495BA1E04C}.Ad-Hoc|x86.Build.0 = Release|x86
		{E222E609-FEA8-4347-BC80-1A495BA1E04C}.Ad-Hoc|x86.Deploy.0 = Release|x86
		{E222E609-FEA8-4347-BC80-1A495BA1E04C}.AppStore|Any CPU.ActiveCfg = Release|Any CPU
		{E222E609-FEA8-4347-BC80-1A495BA1E04C}.AppStore|Any CPU.Build.0 = Release|Any CPU
		{E222E609-FEA8-4347-BC80-1A495BA1E04C}.AppStore|Any CPU.Deploy.0 = Release|Any CPU
		{E222E609-FEA8-4347-BC80-1A495BA1E04C}.AppStore|ARM.ActiveCfg = Release|ARM
		{E222E609-FEA8-4347-BC80-1A495BA1E04C}.AppStore|ARM.Build.0 = Release|ARM
		{E222E609-FEA8-4347-BC80-1A495BA1E04C}.AppStore|ARM.Deploy.0 = Release|ARM
		{E222E609-FEA8-4347-BC80-1A495BA1E04C}.AppStore|iPhone.ActiveCfg = Release|Any CPU
		{E222E609-FEA8-4347-BC80-1A495BA1E04C}.AppStore|iPhoneSimulator.ActiveCfg = Release|Any CPU
		{E222E609-FEA8-4347-BC80-1A495BA1E04C}.AppStore|Mixed Platforms.ActiveCfg = Release|x86
		{E222E609-FEA8-4347-BC80-1A495BA1E04C}.AppStore|Mixed Platforms.Build.0 = Release|x86
		{E222E609-FEA8-4347-BC80-1A495BA1E04C}.AppStore|Mixed Platforms.Deploy.0 = Release|x86
		{E222E609-FEA8-4347-BC80-1A495BA1E04C}.AppStore|x64.ActiveCfg = Release|Any CPU
		{E222E609-FEA8-4347-BC80-1A495BA1E04C}.AppStore|x86.ActiveCfg = Release|x86
		{E222E609-FEA8-4347-BC80-1A495BA1E04C}.AppStore|x86.Build.0 = Release|x86
		{E222E609-FEA8-4347-BC80-1A495BA1E04C}.AppStore|x86.Deploy.0 = Release|x86
		{E222E609-FEA8-4347-BC80-1A495BA1E04C}.Debug|Any CPU.ActiveCfg = Debug|Any CPU
		{E222E609-FEA8-4347-BC80-1A495BA1E04C}.Debug|Any CPU.Build.0 = Debug|Any CPU
		{E222E609-FEA8-4347-BC80-1A495BA1E04C}.Debug|Any CPU.Deploy.0 = Debug|Any CPU
		{E222E609-FEA8-4347-BC80-1A495BA1E04C}.Debug|ARM.ActiveCfg = Debug|ARM
		{E222E609-FEA8-4347-BC80-1A495BA1E04C}.Debug|ARM.Build.0 = Debug|ARM
		{E222E609-FEA8-4347-BC80-1A495BA1E04C}.Debug|ARM.Deploy.0 = Debug|ARM
		{E222E609-FEA8-4347-BC80-1A495BA1E04C}.Debug|iPhone.ActiveCfg = Debug|Any CPU
		{E222E609-FEA8-4347-BC80-1A495BA1E04C}.Debug|iPhoneSimulator.ActiveCfg = Debug|Any CPU
		{E222E609-FEA8-4347-BC80-1A495BA1E04C}.Debug|Mixed Platforms.ActiveCfg = Debug|x86
		{E222E609-FEA8-4347-BC80-1A495BA1E04C}.Debug|Mixed Platforms.Build.0 = Debug|x86
		{E222E609-FEA8-4347-BC80-1A495BA1E04C}.Debug|Mixed Platforms.Deploy.0 = Debug|x86
		{E222E609-FEA8-4347-BC80-1A495BA1E04C}.Debug|x64.ActiveCfg = Debug|Any CPU
		{E222E609-FEA8-4347-BC80-1A495BA1E04C}.Debug|x86.ActiveCfg = Debug|x86
		{E222E609-FEA8-4347-BC80-1A495BA1E04C}.Debug|x86.Build.0 = Debug|x86
		{E222E609-FEA8-4347-BC80-1A495BA1E04C}.Debug|x86.Deploy.0 = Debug|x86
		{E222E609-FEA8-4347-BC80-1A495BA1E04C}.Release|Any CPU.ActiveCfg = Release|Any CPU
		{E222E609-FEA8-4347-BC80-1A495BA1E04C}.Release|Any CPU.Build.0 = Release|Any CPU
		{E222E609-FEA8-4347-BC80-1A495BA1E04C}.Release|Any CPU.Deploy.0 = Release|Any CPU
		{E222E609-FEA8-4347-BC80-1A495BA1E04C}.Release|ARM.ActiveCfg = Release|ARM
		{E222E609-FEA8-4347-BC80-1A495BA1E04C}.Release|ARM.Build.0 = Release|ARM
		{E222E609-FEA8-4347-BC80-1A495BA1E04C}.Release|ARM.Deploy.0 = Release|ARM
		{E222E609-FEA8-4347-BC80-1A495BA1E04C}.Release|iPhone.ActiveCfg = Release|Any CPU
		{E222E609-FEA8-4347-BC80-1A495BA1E04C}.Release|iPhoneSimulator.ActiveCfg = Release|Any CPU
		{E222E609-FEA8-4347-BC80-1A495BA1E04C}.Release|Mixed Platforms.ActiveCfg = Release|x86
		{E222E609-FEA8-4347-BC80-1A495BA1E04C}.Release|Mixed Platforms.Build.0 = Release|x86
		{E222E609-FEA8-4347-BC80-1A495BA1E04C}.Release|Mixed Platforms.Deploy.0 = Release|x86
		{E222E609-FEA8-4347-BC80-1A495BA1E04C}.Release|x64.ActiveCfg = Release|Any CPU
		{E222E609-FEA8-4347-BC80-1A495BA1E04C}.Release|x86.ActiveCfg = Release|x86
		{E222E609-FEA8-4347-BC80-1A495BA1E04C}.Release|x86.Build.0 = Release|x86
		{E222E609-FEA8-4347-BC80-1A495BA1E04C}.Release|x86.Deploy.0 = Release|x86
		{E404A556-BD6D-4AD3-90B7-59DBA78C4E1D}.Ad-Hoc|Any CPU.ActiveCfg = Release|Any CPU
		{E404A556-BD6D-4AD3-90B7-59DBA78C4E1D}.Ad-Hoc|Any CPU.Build.0 = Release|Any CPU
		{E404A556-BD6D-4AD3-90B7-59DBA78C4E1D}.Ad-Hoc|ARM.ActiveCfg = Release|Any CPU
		{E404A556-BD6D-4AD3-90B7-59DBA78C4E1D}.Ad-Hoc|ARM.Build.0 = Release|Any CPU
		{E404A556-BD6D-4AD3-90B7-59DBA78C4E1D}.Ad-Hoc|iPhone.ActiveCfg = Release|Any CPU
		{E404A556-BD6D-4AD3-90B7-59DBA78C4E1D}.Ad-Hoc|iPhone.Build.0 = Release|Any CPU
		{E404A556-BD6D-4AD3-90B7-59DBA78C4E1D}.Ad-Hoc|iPhoneSimulator.ActiveCfg = Release|Any CPU
		{E404A556-BD6D-4AD3-90B7-59DBA78C4E1D}.Ad-Hoc|iPhoneSimulator.Build.0 = Release|Any CPU
		{E404A556-BD6D-4AD3-90B7-59DBA78C4E1D}.Ad-Hoc|Mixed Platforms.ActiveCfg = Release|Any CPU
		{E404A556-BD6D-4AD3-90B7-59DBA78C4E1D}.Ad-Hoc|Mixed Platforms.Build.0 = Release|Any CPU
		{E404A556-BD6D-4AD3-90B7-59DBA78C4E1D}.Ad-Hoc|x64.ActiveCfg = Release|Any CPU
		{E404A556-BD6D-4AD3-90B7-59DBA78C4E1D}.Ad-Hoc|x64.Build.0 = Release|Any CPU
		{E404A556-BD6D-4AD3-90B7-59DBA78C4E1D}.Ad-Hoc|x86.ActiveCfg = Release|Any CPU
		{E404A556-BD6D-4AD3-90B7-59DBA78C4E1D}.Ad-Hoc|x86.Build.0 = Release|Any CPU
		{E404A556-BD6D-4AD3-90B7-59DBA78C4E1D}.AppStore|Any CPU.ActiveCfg = Release|Any CPU
		{E404A556-BD6D-4AD3-90B7-59DBA78C4E1D}.AppStore|Any CPU.Build.0 = Release|Any CPU
		{E404A556-BD6D-4AD3-90B7-59DBA78C4E1D}.AppStore|ARM.ActiveCfg = Release|Any CPU
		{E404A556-BD6D-4AD3-90B7-59DBA78C4E1D}.AppStore|ARM.Build.0 = Release|Any CPU
		{E404A556-BD6D-4AD3-90B7-59DBA78C4E1D}.AppStore|iPhone.ActiveCfg = Release|Any CPU
		{E404A556-BD6D-4AD3-90B7-59DBA78C4E1D}.AppStore|iPhone.Build.0 = Release|Any CPU
		{E404A556-BD6D-4AD3-90B7-59DBA78C4E1D}.AppStore|iPhoneSimulator.ActiveCfg = Release|Any CPU
		{E404A556-BD6D-4AD3-90B7-59DBA78C4E1D}.AppStore|iPhoneSimulator.Build.0 = Release|Any CPU
		{E404A556-BD6D-4AD3-90B7-59DBA78C4E1D}.AppStore|Mixed Platforms.ActiveCfg = Release|Any CPU
		{E404A556-BD6D-4AD3-90B7-59DBA78C4E1D}.AppStore|Mixed Platforms.Build.0 = Release|Any CPU
		{E404A556-BD6D-4AD3-90B7-59DBA78C4E1D}.AppStore|x64.ActiveCfg = Release|Any CPU
		{E404A556-BD6D-4AD3-90B7-59DBA78C4E1D}.AppStore|x64.Build.0 = Release|Any CPU
		{E404A556-BD6D-4AD3-90B7-59DBA78C4E1D}.AppStore|x86.ActiveCfg = Release|Any CPU
		{E404A556-BD6D-4AD3-90B7-59DBA78C4E1D}.AppStore|x86.Build.0 = Release|Any CPU
		{E404A556-BD6D-4AD3-90B7-59DBA78C4E1D}.Debug|Any CPU.ActiveCfg = Debug|Any CPU
		{E404A556-BD6D-4AD3-90B7-59DBA78C4E1D}.Debug|Any CPU.Build.0 = Debug|Any CPU
		{E404A556-BD6D-4AD3-90B7-59DBA78C4E1D}.Debug|ARM.ActiveCfg = Debug|Any CPU
		{E404A556-BD6D-4AD3-90B7-59DBA78C4E1D}.Debug|ARM.Build.0 = Debug|Any CPU
		{E404A556-BD6D-4AD3-90B7-59DBA78C4E1D}.Debug|iPhone.ActiveCfg = Debug|Any CPU
		{E404A556-BD6D-4AD3-90B7-59DBA78C4E1D}.Debug|iPhone.Build.0 = Debug|Any CPU
		{E404A556-BD6D-4AD3-90B7-59DBA78C4E1D}.Debug|iPhoneSimulator.ActiveCfg = Debug|Any CPU
		{E404A556-BD6D-4AD3-90B7-59DBA78C4E1D}.Debug|iPhoneSimulator.Build.0 = Debug|Any CPU
		{E404A556-BD6D-4AD3-90B7-59DBA78C4E1D}.Debug|Mixed Platforms.ActiveCfg = Debug|Any CPU
		{E404A556-BD6D-4AD3-90B7-59DBA78C4E1D}.Debug|Mixed Platforms.Build.0 = Debug|Any CPU
		{E404A556-BD6D-4AD3-90B7-59DBA78C4E1D}.Debug|x64.ActiveCfg = Debug|Any CPU
		{E404A556-BD6D-4AD3-90B7-59DBA78C4E1D}.Debug|x64.Build.0 = Debug|Any CPU
		{E404A556-BD6D-4AD3-90B7-59DBA78C4E1D}.Debug|x86.ActiveCfg = Debug|Any CPU
		{E404A556-BD6D-4AD3-90B7-59DBA78C4E1D}.Debug|x86.Build.0 = Debug|Any CPU
		{E404A556-BD6D-4AD3-90B7-59DBA78C4E1D}.Release|Any CPU.ActiveCfg = Release|Any CPU
		{E404A556-BD6D-4AD3-90B7-59DBA78C4E1D}.Release|Any CPU.Build.0 = Release|Any CPU
		{E404A556-BD6D-4AD3-90B7-59DBA78C4E1D}.Release|ARM.ActiveCfg = Release|Any CPU
		{E404A556-BD6D-4AD3-90B7-59DBA78C4E1D}.Release|ARM.Build.0 = Release|Any CPU
		{E404A556-BD6D-4AD3-90B7-59DBA78C4E1D}.Release|iPhone.ActiveCfg = Release|Any CPU
		{E404A556-BD6D-4AD3-90B7-59DBA78C4E1D}.Release|iPhone.Build.0 = Release|Any CPU
		{E404A556-BD6D-4AD3-90B7-59DBA78C4E1D}.Release|iPhoneSimulator.ActiveCfg = Release|Any CPU
		{E404A556-BD6D-4AD3-90B7-59DBA78C4E1D}.Release|iPhoneSimulator.Build.0 = Release|Any CPU
		{E404A556-BD6D-4AD3-90B7-59DBA78C4E1D}.Release|Mixed Platforms.ActiveCfg = Release|Any CPU
		{E404A556-BD6D-4AD3-90B7-59DBA78C4E1D}.Release|Mixed Platforms.Build.0 = Release|Any CPU
		{E404A556-BD6D-4AD3-90B7-59DBA78C4E1D}.Release|x64.ActiveCfg = Release|Any CPU
		{E404A556-BD6D-4AD3-90B7-59DBA78C4E1D}.Release|x64.Build.0 = Release|Any CPU
		{E404A556-BD6D-4AD3-90B7-59DBA78C4E1D}.Release|x86.ActiveCfg = Release|Any CPU
		{E404A556-BD6D-4AD3-90B7-59DBA78C4E1D}.Release|x86.Build.0 = Release|Any CPU
		{E9DA655E-0B20-42C8-8D22-E450AA662DF8}.Ad-Hoc|Any CPU.ActiveCfg = Ad-Hoc|iPhone
		{E9DA655E-0B20-42C8-8D22-E450AA662DF8}.Ad-Hoc|ARM.ActiveCfg = Ad-Hoc|iPhone
		{E9DA655E-0B20-42C8-8D22-E450AA662DF8}.Ad-Hoc|iPhone.ActiveCfg = Ad-Hoc|iPhone
		{E9DA655E-0B20-42C8-8D22-E450AA662DF8}.Ad-Hoc|iPhone.Build.0 = Ad-Hoc|iPhone
		{E9DA655E-0B20-42C8-8D22-E450AA662DF8}.Ad-Hoc|iPhoneSimulator.ActiveCfg = Ad-Hoc|iPhoneSimulator
		{E9DA655E-0B20-42C8-8D22-E450AA662DF8}.Ad-Hoc|iPhoneSimulator.Build.0 = Ad-Hoc|iPhoneSimulator
		{E9DA655E-0B20-42C8-8D22-E450AA662DF8}.Ad-Hoc|Mixed Platforms.ActiveCfg = Ad-Hoc|iPhone
		{E9DA655E-0B20-42C8-8D22-E450AA662DF8}.Ad-Hoc|Mixed Platforms.Build.0 = Ad-Hoc|iPhone
		{E9DA655E-0B20-42C8-8D22-E450AA662DF8}.Ad-Hoc|x64.ActiveCfg = Ad-Hoc|iPhone
		{E9DA655E-0B20-42C8-8D22-E450AA662DF8}.Ad-Hoc|x86.ActiveCfg = Ad-Hoc|iPhone
		{E9DA655E-0B20-42C8-8D22-E450AA662DF8}.AppStore|Any CPU.ActiveCfg = AppStore|iPhone
		{E9DA655E-0B20-42C8-8D22-E450AA662DF8}.AppStore|ARM.ActiveCfg = AppStore|iPhone
		{E9DA655E-0B20-42C8-8D22-E450AA662DF8}.AppStore|iPhone.ActiveCfg = AppStore|iPhone
		{E9DA655E-0B20-42C8-8D22-E450AA662DF8}.AppStore|iPhone.Build.0 = AppStore|iPhone
		{E9DA655E-0B20-42C8-8D22-E450AA662DF8}.AppStore|iPhoneSimulator.ActiveCfg = AppStore|iPhoneSimulator
		{E9DA655E-0B20-42C8-8D22-E450AA662DF8}.AppStore|iPhoneSimulator.Build.0 = AppStore|iPhoneSimulator
		{E9DA655E-0B20-42C8-8D22-E450AA662DF8}.AppStore|Mixed Platforms.ActiveCfg = AppStore|iPhone
		{E9DA655E-0B20-42C8-8D22-E450AA662DF8}.AppStore|Mixed Platforms.Build.0 = AppStore|iPhone
		{E9DA655E-0B20-42C8-8D22-E450AA662DF8}.AppStore|x64.ActiveCfg = AppStore|iPhone
		{E9DA655E-0B20-42C8-8D22-E450AA662DF8}.AppStore|x86.ActiveCfg = AppStore|iPhone
		{E9DA655E-0B20-42C8-8D22-E450AA662DF8}.Debug|Any CPU.ActiveCfg = Debug|iPhone
		{E9DA655E-0B20-42C8-8D22-E450AA662DF8}.Debug|ARM.ActiveCfg = Debug|iPhone
		{E9DA655E-0B20-42C8-8D22-E450AA662DF8}.Debug|iPhone.ActiveCfg = Debug|iPhone
		{E9DA655E-0B20-42C8-8D22-E450AA662DF8}.Debug|iPhone.Build.0 = Debug|iPhone
		{E9DA655E-0B20-42C8-8D22-E450AA662DF8}.Debug|iPhoneSimulator.ActiveCfg = Debug|iPhoneSimulator
		{E9DA655E-0B20-42C8-8D22-E450AA662DF8}.Debug|iPhoneSimulator.Build.0 = Debug|iPhoneSimulator
		{E9DA655E-0B20-42C8-8D22-E450AA662DF8}.Debug|Mixed Platforms.ActiveCfg = Debug|iPhone
		{E9DA655E-0B20-42C8-8D22-E450AA662DF8}.Debug|Mixed Platforms.Build.0 = Debug|iPhone
		{E9DA655E-0B20-42C8-8D22-E450AA662DF8}.Debug|x64.ActiveCfg = Debug|iPhone
		{E9DA655E-0B20-42C8-8D22-E450AA662DF8}.Debug|x86.ActiveCfg = Debug|iPhone
		{E9DA655E-0B20-42C8-8D22-E450AA662DF8}.Release|Any CPU.ActiveCfg = Release|iPhone
		{E9DA655E-0B20-42C8-8D22-E450AA662DF8}.Release|ARM.ActiveCfg = Release|iPhone
		{E9DA655E-0B20-42C8-8D22-E450AA662DF8}.Release|iPhone.ActiveCfg = Release|iPhone
		{E9DA655E-0B20-42C8-8D22-E450AA662DF8}.Release|iPhone.Build.0 = Release|iPhone
		{E9DA655E-0B20-42C8-8D22-E450AA662DF8}.Release|iPhoneSimulator.ActiveCfg = Release|iPhoneSimulator
		{E9DA655E-0B20-42C8-8D22-E450AA662DF8}.Release|iPhoneSimulator.Build.0 = Release|iPhoneSimulator
		{E9DA655E-0B20-42C8-8D22-E450AA662DF8}.Release|Mixed Platforms.ActiveCfg = Release|iPhone
		{E9DA655E-0B20-42C8-8D22-E450AA662DF8}.Release|Mixed Platforms.Build.0 = Release|iPhone
		{E9DA655E-0B20-42C8-8D22-E450AA662DF8}.Release|x64.ActiveCfg = Release|iPhone
		{E9DA655E-0B20-42C8-8D22-E450AA662DF8}.Release|x86.ActiveCfg = Release|iPhone
		{EAEEBD59-2C11-4398-97BA-94C7D38E09D4}.Ad-Hoc|Any CPU.ActiveCfg = Release|Any CPU
		{EAEEBD59-2C11-4398-97BA-94C7D38E09D4}.Ad-Hoc|Any CPU.Build.0 = Release|Any CPU
		{EAEEBD59-2C11-4398-97BA-94C7D38E09D4}.Ad-Hoc|ARM.ActiveCfg = Release|Any CPU
		{EAEEBD59-2C11-4398-97BA-94C7D38E09D4}.Ad-Hoc|iPhone.ActiveCfg = Release|Any CPU
		{EAEEBD59-2C11-4398-97BA-94C7D38E09D4}.Ad-Hoc|iPhoneSimulator.ActiveCfg = Release|Any CPU
		{EAEEBD59-2C11-4398-97BA-94C7D38E09D4}.Ad-Hoc|Mixed Platforms.ActiveCfg = Release|Any CPU
		{EAEEBD59-2C11-4398-97BA-94C7D38E09D4}.Ad-Hoc|Mixed Platforms.Build.0 = Release|Any CPU
		{EAEEBD59-2C11-4398-97BA-94C7D38E09D4}.Ad-Hoc|x64.ActiveCfg = Release|Any CPU
		{EAEEBD59-2C11-4398-97BA-94C7D38E09D4}.Ad-Hoc|x86.ActiveCfg = Release|Any CPU
		{EAEEBD59-2C11-4398-97BA-94C7D38E09D4}.AppStore|Any CPU.ActiveCfg = Release|Any CPU
		{EAEEBD59-2C11-4398-97BA-94C7D38E09D4}.AppStore|Any CPU.Build.0 = Release|Any CPU
		{EAEEBD59-2C11-4398-97BA-94C7D38E09D4}.AppStore|ARM.ActiveCfg = Release|Any CPU
		{EAEEBD59-2C11-4398-97BA-94C7D38E09D4}.AppStore|iPhone.ActiveCfg = Release|Any CPU
		{EAEEBD59-2C11-4398-97BA-94C7D38E09D4}.AppStore|iPhoneSimulator.ActiveCfg = Release|Any CPU
		{EAEEBD59-2C11-4398-97BA-94C7D38E09D4}.AppStore|Mixed Platforms.ActiveCfg = Release|Any CPU
		{EAEEBD59-2C11-4398-97BA-94C7D38E09D4}.AppStore|Mixed Platforms.Build.0 = Release|Any CPU
		{EAEEBD59-2C11-4398-97BA-94C7D38E09D4}.AppStore|x64.ActiveCfg = Release|Any CPU
		{EAEEBD59-2C11-4398-97BA-94C7D38E09D4}.AppStore|x86.ActiveCfg = Release|Any CPU
		{EAEEBD59-2C11-4398-97BA-94C7D38E09D4}.Debug|Any CPU.ActiveCfg = Debug|Any CPU
		{EAEEBD59-2C11-4398-97BA-94C7D38E09D4}.Debug|Any CPU.Build.0 = Debug|Any CPU
		{EAEEBD59-2C11-4398-97BA-94C7D38E09D4}.Debug|ARM.ActiveCfg = Debug|Any CPU
		{EAEEBD59-2C11-4398-97BA-94C7D38E09D4}.Debug|iPhone.ActiveCfg = Debug|Any CPU
		{EAEEBD59-2C11-4398-97BA-94C7D38E09D4}.Debug|iPhoneSimulator.ActiveCfg = Debug|Any CPU
		{EAEEBD59-2C11-4398-97BA-94C7D38E09D4}.Debug|Mixed Platforms.ActiveCfg = Debug|Any CPU
		{EAEEBD59-2C11-4398-97BA-94C7D38E09D4}.Debug|Mixed Platforms.Build.0 = Debug|Any CPU
		{EAEEBD59-2C11-4398-97BA-94C7D38E09D4}.Debug|x64.ActiveCfg = Debug|Any CPU
		{EAEEBD59-2C11-4398-97BA-94C7D38E09D4}.Debug|x86.ActiveCfg = Debug|Any CPU
		{EAEEBD59-2C11-4398-97BA-94C7D38E09D4}.Release|Any CPU.ActiveCfg = Release|Any CPU
		{EAEEBD59-2C11-4398-97BA-94C7D38E09D4}.Release|Any CPU.Build.0 = Release|Any CPU
		{EAEEBD59-2C11-4398-97BA-94C7D38E09D4}.Release|ARM.ActiveCfg = Release|Any CPU
		{EAEEBD59-2C11-4398-97BA-94C7D38E09D4}.Release|iPhone.ActiveCfg = Release|Any CPU
		{EAEEBD59-2C11-4398-97BA-94C7D38E09D4}.Release|iPhoneSimulator.ActiveCfg = Release|Any CPU
		{EAEEBD59-2C11-4398-97BA-94C7D38E09D4}.Release|Mixed Platforms.ActiveCfg = Release|Any CPU
		{EAEEBD59-2C11-4398-97BA-94C7D38E09D4}.Release|Mixed Platforms.Build.0 = Release|Any CPU
		{EAEEBD59-2C11-4398-97BA-94C7D38E09D4}.Release|x64.ActiveCfg = Release|Any CPU
		{EAEEBD59-2C11-4398-97BA-94C7D38E09D4}.Release|x86.ActiveCfg = Release|Any CPU
		{FE37EF85-360E-46BA-95D5-3A336F70297A}.Ad-Hoc|Any CPU.ActiveCfg = Release|Any CPU
		{FE37EF85-360E-46BA-95D5-3A336F70297A}.Ad-Hoc|Any CPU.Build.0 = Release|Any CPU
		{FE37EF85-360E-46BA-95D5-3A336F70297A}.Ad-Hoc|ARM.ActiveCfg = Release|Any CPU
		{FE37EF85-360E-46BA-95D5-3A336F70297A}.Ad-Hoc|iPhone.ActiveCfg = Release|Any CPU
		{FE37EF85-360E-46BA-95D5-3A336F70297A}.Ad-Hoc|iPhoneSimulator.ActiveCfg = Release|Any CPU
		{FE37EF85-360E-46BA-95D5-3A336F70297A}.Ad-Hoc|Mixed Platforms.ActiveCfg = Release|Any CPU
		{FE37EF85-360E-46BA-95D5-3A336F70297A}.Ad-Hoc|Mixed Platforms.Build.0 = Release|Any CPU
		{FE37EF85-360E-46BA-95D5-3A336F70297A}.Ad-Hoc|x64.ActiveCfg = Release|Any CPU
		{FE37EF85-360E-46BA-95D5-3A336F70297A}.Ad-Hoc|x86.ActiveCfg = Release|Any CPU
		{FE37EF85-360E-46BA-95D5-3A336F70297A}.AppStore|Any CPU.ActiveCfg = Release|Any CPU
		{FE37EF85-360E-46BA-95D5-3A336F70297A}.AppStore|Any CPU.Build.0 = Release|Any CPU
		{FE37EF85-360E-46BA-95D5-3A336F70297A}.AppStore|ARM.ActiveCfg = Release|Any CPU
		{FE37EF85-360E-46BA-95D5-3A336F70297A}.AppStore|iPhone.ActiveCfg = Release|Any CPU
		{FE37EF85-360E-46BA-95D5-3A336F70297A}.AppStore|iPhoneSimulator.ActiveCfg = Release|Any CPU
		{FE37EF85-360E-46BA-95D5-3A336F70297A}.AppStore|Mixed Platforms.ActiveCfg = Release|Any CPU
		{FE37EF85-360E-46BA-95D5-3A336F70297A}.AppStore|Mixed Platforms.Build.0 = Release|Any CPU
		{FE37EF85-360E-46BA-95D5-3A336F70297A}.AppStore|x64.ActiveCfg = Release|Any CPU
		{FE37EF85-360E-46BA-95D5-3A336F70297A}.AppStore|x86.ActiveCfg = Release|Any CPU
		{FE37EF85-360E-46BA-95D5-3A336F70297A}.Debug|Any CPU.ActiveCfg = Debug|Any CPU
		{FE37EF85-360E-46BA-95D5-3A336F70297A}.Debug|Any CPU.Build.0 = Debug|Any CPU
		{FE37EF85-360E-46BA-95D5-3A336F70297A}.Debug|ARM.ActiveCfg = Debug|Any CPU
		{FE37EF85-360E-46BA-95D5-3A336F70297A}.Debug|iPhone.ActiveCfg = Debug|Any CPU
		{FE37EF85-360E-46BA-95D5-3A336F70297A}.Debug|iPhoneSimulator.ActiveCfg = Debug|Any CPU
		{FE37EF85-360E-46BA-95D5-3A336F70297A}.Debug|Mixed Platforms.ActiveCfg = Debug|Any CPU
		{FE37EF85-360E-46BA-95D5-3A336F70297A}.Debug|Mixed Platforms.Build.0 = Debug|Any CPU
		{FE37EF85-360E-46BA-95D5-3A336F70297A}.Debug|x64.ActiveCfg = Debug|Any CPU
		{FE37EF85-360E-46BA-95D5-3A336F70297A}.Debug|x86.ActiveCfg = Debug|Any CPU
		{FE37EF85-360E-46BA-95D5-3A336F70297A}.Release|Any CPU.ActiveCfg = Release|Any CPU
		{FE37EF85-360E-46BA-95D5-3A336F70297A}.Release|Any CPU.Build.0 = Release|Any CPU
		{FE37EF85-360E-46BA-95D5-3A336F70297A}.Release|ARM.ActiveCfg = Release|Any CPU
		{FE37EF85-360E-46BA-95D5-3A336F70297A}.Release|iPhone.ActiveCfg = Release|Any CPU
		{FE37EF85-360E-46BA-95D5-3A336F70297A}.Release|iPhoneSimulator.ActiveCfg = Release|Any CPU
		{FE37EF85-360E-46BA-95D5-3A336F70297A}.Release|Mixed Platforms.ActiveCfg = Release|Any CPU
		{FE37EF85-360E-46BA-95D5-3A336F70297A}.Release|Mixed Platforms.Build.0 = Release|Any CPU
		{FE37EF85-360E-46BA-95D5-3A336F70297A}.Release|x64.ActiveCfg = Release|Any CPU
		{FE37EF85-360E-46BA-95D5-3A336F70297A}.Release|x86.ActiveCfg = Release|Any CPU
	EndGlobalSection
	GlobalSection(NestedProjects) = preSolution
		{3A495E78-1284-4305-9682-90E363D701B2} = {859100AC-77DD-46D5-BE5B-60ADE931376E}
		{786CC738-6307-463A-A605-B5640B4D1992} = {859100AC-77DD-46D5-BE5B-60ADE931376E}
		{4BFF9261-052B-4B1B-B4C2-1046D19E7D8E} = {859100AC-77DD-46D5-BE5B-60ADE931376E}
		{3A16A1B3-71EA-4976-8673-B3E1A4BCE3DC} = {859100AC-77DD-46D5-BE5B-60ADE931376E}
		{83D23F30-64D0-4E7D-B7C8-31567F1AB862} = {859100AC-77DD-46D5-BE5B-60ADE931376E}
		{93D2811D-425F-496F-AB7D-A47FEB1C8413} = {859100AC-77DD-46D5-BE5B-60ADE931376E}
		{5762A261-6D9D-4A74-9D1E-37B47759D5CA} = {859100AC-77DD-46D5-BE5B-60ADE931376E}
		{5DF93C64-0A6E-47F5-BDC6-97C81E882F35} = {859100AC-77DD-46D5-BE5B-60ADE931376E}
		{19BB46C3-694F-4D9A-8842-1CC487CA8C53} = {859100AC-77DD-46D5-BE5B-60ADE931376E}
		{5D98BE44-3A25-4D9D-B795-CBECA5067394} = {859100AC-77DD-46D5-BE5B-60ADE931376E}
		{BF7B7D58-A8F6-4B69-A470-1EEFA706FDE8} = {3A495E78-1284-4305-9682-90E363D701B2}
		{B4818A1B-1DB4-4DD8-914F-F1B36DAB1CC3} = {3A495E78-1284-4305-9682-90E363D701B2}
		{5D0CC975-2B3C-437A-8BD0-173CBB88135C} = {3A495E78-1284-4305-9682-90E363D701B2}
		{62A8FA8B-6ADD-4D15-B32C-3112FD3740A4} = {3A495E78-1284-4305-9682-90E363D701B2}
		{BC0A357B-18D9-487B-A63E-7B2593688526} = {786CC738-6307-463A-A605-B5640B4D1992}
		{3D4BC730-1FD4-4F0F-A312-5BD89F97C7F3} = {786CC738-6307-463A-A605-B5640B4D1992}
		{7CC543EC-AC96-412F-BFFE-159222D48FB5} = {786CC738-6307-463A-A605-B5640B4D1992}
		{E222E609-FEA8-4347-BC80-1A495BA1E04C} = {4BFF9261-052B-4B1B-B4C2-1046D19E7D8E}
		{7432FA3B-1CAE-486A-AC05-5E7A6961713C} = {3A16A1B3-71EA-4976-8673-B3E1A4BCE3DC}
		{E9DA655E-0B20-42C8-8D22-E450AA662DF8} = {83D23F30-64D0-4E7D-B7C8-31567F1AB862}
		{22B27F34-1959-4651-A666-A5A00C9D0EE8} = {93D2811D-425F-496F-AB7D-A47FEB1C8413}
		{EAEEBD59-2C11-4398-97BA-94C7D38E09D4} = {5762A261-6D9D-4A74-9D1E-37B47759D5CA}
		{1DE1E50F-386A-4CF2-8EAB-6F6F7CC40F37} = {5DF93C64-0A6E-47F5-BDC6-97C81E882F35}
		{BC998130-E0C4-4267-B9CA-14B04BDC7B3E} = {5DF93C64-0A6E-47F5-BDC6-97C81E882F35}
		{98C3C6E3-6E38-4AA4-8759-62D365BD8F6C} = {19BB46C3-694F-4D9A-8842-1CC487CA8C53}
	EndGlobalSection
	GlobalSection(SharedMSBuildProjectFiles) = preSolution
		HelloWorld\UniversalApp1\UniversalApp1.Shared\UniversalApp1.Shared.projitems*{7cc543ec-ac96-412f-bffe-159222d48fb5}*SharedItemsImports = 4
		HelloWorld\UniversalApp1\UniversalApp1.Shared\UniversalApp1.Shared.projitems*{bc0a357b-18d9-487b-a63e-7b2593688526}*SharedItemsImports = 13
		HelloWorld\UniversalApp1\UniversalApp1.Shared\UniversalApp1.Shared.projitems*{3d4bc730-1fd4-4f0f-a312-5bd89f97c7f3}*SharedItemsImports = 4
	EndGlobalSection
	GlobalSection(SolutionProperties) = preSolution
		HideSolutionNode = FALSE
	EndGlobalSection
EndGlobal
