
Microsoft Visual Studio Solution File, Format Version 12.00
# Visual Studio Version 16
VisualStudioVersion = 16.0.29403.142
MinimumVisualStudioVersion = 10.0.40219.1
Project("{FAE04EC0-301F-11D3-BF4B-00C04F79EFBC}") = "ExampleGenerator", "ExampleGenerator\ExampleGenerator.csproj", "{FE37EF85-360E-46BA-95D5-3A336F70297A}"
EndProject
Project("{2150E333-8FDC-42A3-9474-1A3956D46DE8}") = "Hello world", "Hello world", "{859100AC-77DD-46D5-BE5B-60ADE931376E}"
EndProject
Project("{2150E333-8FDC-42A3-9474-1A3956D46DE8}") = "Windows Forms", "Windows Forms", "{5762A261-6D9D-4A74-9D1E-37B47759D5CA}"
EndProject
Project("{FAE04EC0-301F-11D3-BF4B-00C04F79EFBC}") = "WindowsFormsApplication1", "HelloWorld\WindowsFormsApplication1\WindowsFormsApplication1.csproj", "{EAEEBD59-2C11-4398-97BA-94C7D38E09D4}"
EndProject
Project("{2150E333-8FDC-42A3-9474-1A3956D46DE8}") = "WPF", "WPF", "{5DF93C64-0A6E-47F5-BDC6-97C81E882F35}"
EndProject
Project("{FAE04EC0-301F-11D3-BF4B-00C04F79EFBC}") = "WpfApplication1", "HelloWorld\WpfApplication1\WpfApplication1.csproj", "{1DE1E50F-386A-4CF2-8EAB-6F6F7CC40F37}"
EndProject
Project("{FAE04EC0-301F-11D3-BF4B-00C04F79EFBC}") = "WpfApplication2", "HelloWorld\WpfApplication2\WpfApplication2.csproj", "{BC998130-E0C4-4267-B9CA-14B04BDC7B3E}"
EndProject
Project("{2150E333-8FDC-42A3-9474-1A3956D46DE8}") = "Showcases", "Showcases", "{E88F969F-90C1-49EC-B87C-E80C321DB509}"
EndProject
Project("{9A19103F-16F7-4668-BE54-9A1E7A4F7556}") = "NormalDistributionsWpf", "NormalDistributions\NormalDistributionsWpf\NormalDistributionsWpf.csproj", "{55A9DEBA-A0BE-45E8-9E83-74F2E4890727}"
EndProject
Project("{D954291E-2A0B-460D-934E-DC6B0785DB48}") = "NormalDistributions.Shared", "NormalDistributions\NormalDistributions.Shared\NormalDistributions.Shared.shproj", "{70FF713A-E9D7-4CFE-A856-96A4FAF05373}"
EndProject
Project("{F184B08F-C81C-45F6-A57F-5ABD9991F28F}") = "WpfApplication3", "HelloWorld\WpfApplication3\WpfApplication3.vbproj", "{53D4D536-80C2-453F-8D79-DAE784E47C0A}"
EndProject
Project("{2150E333-8FDC-42A3-9474-1A3956D46DE8}") = "Console", "Console", "{EC75ECDA-4A73-45D8-8260-16FA340BE417}"
EndProject
Project("{6EC3EE1D-3C4E-46DD-8F32-0CC8E7565705}") = "ConsoleApp2", "HelloWorld\ConsoleApp2\ConsoleApp2.fsproj", "{80718A4C-DFB8-46E6-861A-6E246E0C6876}"
EndProject
Project("{FAE04EC0-301F-11D3-BF4B-00C04F79EFBC}") = "ConsoleApp1", "HelloWorld\ConsoleApp1\ConsoleApp1.csproj", "{0DE23435-C781-45E4-A28B-E13B267E19D6}"
EndProject
Project("{2150E333-8FDC-42A3-9474-1A3956D46DE8}") = "Example generation", "Example generation", "{07573620-9B33-4961-9815-9C3B7231F843}"
EndProject
Global
	GlobalSection(SharedMSBuildProjectFiles) = preSolution
		NormalDistributions\NormalDistributions.Shared\NormalDistributions.Shared.projitems*{70ff713a-e9d7-4cfe-a856-96a4faf05373}*SharedItemsImports = 13
	EndGlobalSection
	GlobalSection(SolutionConfigurationPlatforms) = preSolution
		Ad-Hoc|Any CPU = Ad-Hoc|Any CPU
		Ad-Hoc|ARM = Ad-Hoc|ARM
		Ad-Hoc|iPhone = Ad-Hoc|iPhone
		Ad-Hoc|iPhoneSimulator = Ad-Hoc|iPhoneSimulator
		Ad-Hoc|Mixed Platforms = Ad-Hoc|Mixed Platforms
		Ad-Hoc|x64 = Ad-Hoc|x64
		Ad-Hoc|x86 = Ad-Hoc|x86
		AppStore|Any CPU = AppStore|Any CPU
		AppStore|ARM = AppStore|ARM
		AppStore|iPhone = AppStore|iPhone
		AppStore|iPhoneSimulator = AppStore|iPhoneSimulator
		AppStore|Mixed Platforms = AppStore|Mixed Platforms
		AppStore|x64 = AppStore|x64
		AppStore|x86 = AppStore|x86
		Debug|Any CPU = Debug|Any CPU
		Debug|ARM = Debug|ARM
		Debug|iPhone = Debug|iPhone
		Debug|iPhoneSimulator = Debug|iPhoneSimulator
		Debug|Mixed Platforms = Debug|Mixed Platforms
		Debug|x64 = Debug|x64
		Debug|x86 = Debug|x86
		Release|Any CPU = Release|Any CPU
		Release|ARM = Release|ARM
		Release|iPhone = Release|iPhone
		Release|iPhoneSimulator = Release|iPhoneSimulator
		Release|Mixed Platforms = Release|Mixed Platforms
		Release|x64 = Release|x64
		Release|x86 = Release|x86
	EndGlobalSection
	GlobalSection(ProjectConfigurationPlatforms) = postSolution
		{FE37EF85-360E-46BA-95D5-3A336F70297A}.Ad-Hoc|Any CPU.ActiveCfg = Release|Any CPU
		{FE37EF85-360E-46BA-95D5-3A336F70297A}.Ad-Hoc|Any CPU.Build.0 = Release|Any CPU
		{FE37EF85-360E-46BA-95D5-3A336F70297A}.Ad-Hoc|ARM.ActiveCfg = Release|Any CPU
		{FE37EF85-360E-46BA-95D5-3A336F70297A}.Ad-Hoc|iPhone.ActiveCfg = Release|Any CPU
		{FE37EF85-360E-46BA-95D5-3A336F70297A}.Ad-Hoc|iPhoneSimulator.ActiveCfg = Release|Any CPU
		{FE37EF85-360E-46BA-95D5-3A336F70297A}.Ad-Hoc|Mixed Platforms.ActiveCfg = Release|Any CPU
		{FE37EF85-360E-46BA-95D5-3A336F70297A}.Ad-Hoc|Mixed Platforms.Build.0 = Release|Any CPU
		{FE37EF85-360E-46BA-95D5-3A336F70297A}.Ad-Hoc|x64.ActiveCfg = Release|Any CPU
		{FE37EF85-360E-46BA-95D5-3A336F70297A}.Ad-Hoc|x86.ActiveCfg = Release|Any CPU
		{FE37EF85-360E-46BA-95D5-3A336F70297A}.AppStore|Any CPU.ActiveCfg = Release|Any CPU
		{FE37EF85-360E-46BA-95D5-3A336F70297A}.AppStore|Any CPU.Build.0 = Release|Any CPU
		{FE37EF85-360E-46BA-95D5-3A336F70297A}.AppStore|ARM.ActiveCfg = Release|Any CPU
		{FE37EF85-360E-46BA-95D5-3A336F70297A}.AppStore|iPhone.ActiveCfg = Release|Any CPU
		{FE37EF85-360E-46BA-95D5-3A336F70297A}.AppStore|iPhoneSimulator.ActiveCfg = Release|Any CPU
		{FE37EF85-360E-46BA-95D5-3A336F70297A}.AppStore|Mixed Platforms.ActiveCfg = Release|Any CPU
		{FE37EF85-360E-46BA-95D5-3A336F70297A}.AppStore|Mixed Platforms.Build.0 = Release|Any CPU
		{FE37EF85-360E-46BA-95D5-3A336F70297A}.AppStore|x64.ActiveCfg = Release|Any CPU
		{FE37EF85-360E-46BA-95D5-3A336F70297A}.AppStore|x86.ActiveCfg = Release|Any CPU
		{FE37EF85-360E-46BA-95D5-3A336F70297A}.Debug|Any CPU.ActiveCfg = Debug|Any CPU
		{FE37EF85-360E-46BA-95D5-3A336F70297A}.Debug|Any CPU.Build.0 = Debug|Any CPU
		{FE37EF85-360E-46BA-95D5-3A336F70297A}.Debug|ARM.ActiveCfg = Debug|Any CPU
		{FE37EF85-360E-46BA-95D5-3A336F70297A}.Debug|iPhone.ActiveCfg = Debug|Any CPU
		{FE37EF85-360E-46BA-95D5-3A336F70297A}.Debug|iPhoneSimulator.ActiveCfg = Debug|Any CPU
		{FE37EF85-360E-46BA-95D5-3A336F70297A}.Debug|Mixed Platforms.ActiveCfg = Debug|Any CPU
		{FE37EF85-360E-46BA-95D5-3A336F70297A}.Debug|Mixed Platforms.Build.0 = Debug|Any CPU
		{FE37EF85-360E-46BA-95D5-3A336F70297A}.Debug|x64.ActiveCfg = Debug|Any CPU
		{FE37EF85-360E-46BA-95D5-3A336F70297A}.Debug|x86.ActiveCfg = Debug|Any CPU
		{FE37EF85-360E-46BA-95D5-3A336F70297A}.Release|Any CPU.ActiveCfg = Release|Any CPU
		{FE37EF85-360E-46BA-95D5-3A336F70297A}.Release|Any CPU.Build.0 = Release|Any CPU
		{FE37EF85-360E-46BA-95D5-3A336F70297A}.Release|ARM.ActiveCfg = Release|Any CPU
		{FE37EF85-360E-46BA-95D5-3A336F70297A}.Release|iPhone.ActiveCfg = Release|Any CPU
		{FE37EF85-360E-46BA-95D5-3A336F70297A}.Release|iPhoneSimulator.ActiveCfg = Release|Any CPU
		{FE37EF85-360E-46BA-95D5-3A336F70297A}.Release|Mixed Platforms.ActiveCfg = Release|Any CPU
		{FE37EF85-360E-46BA-95D5-3A336F70297A}.Release|Mixed Platforms.Build.0 = Release|Any CPU
		{FE37EF85-360E-46BA-95D5-3A336F70297A}.Release|x64.ActiveCfg = Release|Any CPU
		{FE37EF85-360E-46BA-95D5-3A336F70297A}.Release|x86.ActiveCfg = Release|Any CPU
		{EAEEBD59-2C11-4398-97BA-94C7D38E09D4}.Ad-Hoc|Any CPU.ActiveCfg = Release|Any CPU
		{EAEEBD59-2C11-4398-97BA-94C7D38E09D4}.Ad-Hoc|Any CPU.Build.0 = Release|Any CPU
		{EAEEBD59-2C11-4398-97BA-94C7D38E09D4}.Ad-Hoc|ARM.ActiveCfg = Release|Any CPU
		{EAEEBD59-2C11-4398-97BA-94C7D38E09D4}.Ad-Hoc|iPhone.ActiveCfg = Release|Any CPU
		{EAEEBD59-2C11-4398-97BA-94C7D38E09D4}.Ad-Hoc|iPhoneSimulator.ActiveCfg = Release|Any CPU
		{EAEEBD59-2C11-4398-97BA-94C7D38E09D4}.Ad-Hoc|Mixed Platforms.ActiveCfg = Release|Any CPU
		{EAEEBD59-2C11-4398-97BA-94C7D38E09D4}.Ad-Hoc|Mixed Platforms.Build.0 = Release|Any CPU
		{EAEEBD59-2C11-4398-97BA-94C7D38E09D4}.Ad-Hoc|x64.ActiveCfg = Release|Any CPU
		{EAEEBD59-2C11-4398-97BA-94C7D38E09D4}.Ad-Hoc|x86.ActiveCfg = Release|Any CPU
		{EAEEBD59-2C11-4398-97BA-94C7D38E09D4}.AppStore|Any CPU.ActiveCfg = Release|Any CPU
		{EAEEBD59-2C11-4398-97BA-94C7D38E09D4}.AppStore|Any CPU.Build.0 = Release|Any CPU
		{EAEEBD59-2C11-4398-97BA-94C7D38E09D4}.AppStore|ARM.ActiveCfg = Release|Any CPU
		{EAEEBD59-2C11-4398-97BA-94C7D38E09D4}.AppStore|iPhone.ActiveCfg = Release|Any CPU
		{EAEEBD59-2C11-4398-97BA-94C7D38E09D4}.AppStore|iPhoneSimulator.ActiveCfg = Release|Any CPU
		{EAEEBD59-2C11-4398-97BA-94C7D38E09D4}.AppStore|Mixed Platforms.ActiveCfg = Release|Any CPU
		{EAEEBD59-2C11-4398-97BA-94C7D38E09D4}.AppStore|Mixed Platforms.Build.0 = Release|Any CPU
		{EAEEBD59-2C11-4398-97BA-94C7D38E09D4}.AppStore|x64.ActiveCfg = Release|Any CPU
		{EAEEBD59-2C11-4398-97BA-94C7D38E09D4}.AppStore|x86.ActiveCfg = Release|Any CPU
		{EAEEBD59-2C11-4398-97BA-94C7D38E09D4}.Debug|Any CPU.ActiveCfg = Debug|Any CPU
		{EAEEBD59-2C11-4398-97BA-94C7D38E09D4}.Debug|Any CPU.Build.0 = Debug|Any CPU
		{EAEEBD59-2C11-4398-97BA-94C7D38E09D4}.Debug|ARM.ActiveCfg = Debug|Any CPU
		{EAEEBD59-2C11-4398-97BA-94C7D38E09D4}.Debug|iPhone.ActiveCfg = Debug|Any CPU
		{EAEEBD59-2C11-4398-97BA-94C7D38E09D4}.Debug|iPhoneSimulator.ActiveCfg = Debug|Any CPU
		{EAEEBD59-2C11-4398-97BA-94C7D38E09D4}.Debug|Mixed Platforms.ActiveCfg = Debug|Any CPU
		{EAEEBD59-2C11-4398-97BA-94C7D38E09D4}.Debug|Mixed Platforms.Build.0 = Debug|Any CPU
		{EAEEBD59-2C11-4398-97BA-94C7D38E09D4}.Debug|x64.ActiveCfg = Debug|Any CPU
		{EAEEBD59-2C11-4398-97BA-94C7D38E09D4}.Debug|x86.ActiveCfg = Debug|Any CPU
		{EAEEBD59-2C11-4398-97BA-94C7D38E09D4}.Release|Any CPU.ActiveCfg = Release|Any CPU
		{EAEEBD59-2C11-4398-97BA-94C7D38E09D4}.Release|Any CPU.Build.0 = Release|Any CPU
		{EAEEBD59-2C11-4398-97BA-94C7D38E09D4}.Release|ARM.ActiveCfg = Release|Any CPU
		{EAEEBD59-2C11-4398-97BA-94C7D38E09D4}.Release|iPhone.ActiveCfg = Release|Any CPU
		{EAEEBD59-2C11-4398-97BA-94C7D38E09D4}.Release|iPhoneSimulator.ActiveCfg = Release|Any CPU
		{EAEEBD59-2C11-4398-97BA-94C7D38E09D4}.Release|Mixed Platforms.ActiveCfg = Release|Any CPU
		{EAEEBD59-2C11-4398-97BA-94C7D38E09D4}.Release|Mixed Platforms.Build.0 = Release|Any CPU
		{EAEEBD59-2C11-4398-97BA-94C7D38E09D4}.Release|x64.ActiveCfg = Release|Any CPU
		{EAEEBD59-2C11-4398-97BA-94C7D38E09D4}.Release|x86.ActiveCfg = Release|Any CPU
		{1DE1E50F-386A-4CF2-8EAB-6F6F7CC40F37}.Ad-Hoc|Any CPU.ActiveCfg = Release|Any CPU
		{1DE1E50F-386A-4CF2-8EAB-6F6F7CC40F37}.Ad-Hoc|Any CPU.Build.0 = Release|Any CPU
		{1DE1E50F-386A-4CF2-8EAB-6F6F7CC40F37}.Ad-Hoc|ARM.ActiveCfg = Release|Any CPU
		{1DE1E50F-386A-4CF2-8EAB-6F6F7CC40F37}.Ad-Hoc|iPhone.ActiveCfg = Release|Any CPU
		{1DE1E50F-386A-4CF2-8EAB-6F6F7CC40F37}.Ad-Hoc|iPhoneSimulator.ActiveCfg = Release|Any CPU
		{1DE1E50F-386A-4CF2-8EAB-6F6F7CC40F37}.Ad-Hoc|Mixed Platforms.ActiveCfg = Release|Any CPU
		{1DE1E50F-386A-4CF2-8EAB-6F6F7CC40F37}.Ad-Hoc|Mixed Platforms.Build.0 = Release|Any CPU
		{1DE1E50F-386A-4CF2-8EAB-6F6F7CC40F37}.Ad-Hoc|x64.ActiveCfg = Release|Any CPU
		{1DE1E50F-386A-4CF2-8EAB-6F6F7CC40F37}.Ad-Hoc|x86.ActiveCfg = Release|Any CPU
		{1DE1E50F-386A-4CF2-8EAB-6F6F7CC40F37}.AppStore|Any CPU.ActiveCfg = Release|Any CPU
		{1DE1E50F-386A-4CF2-8EAB-6F6F7CC40F37}.AppStore|Any CPU.Build.0 = Release|Any CPU
		{1DE1E50F-386A-4CF2-8EAB-6F6F7CC40F37}.AppStore|ARM.ActiveCfg = Release|Any CPU
		{1DE1E50F-386A-4CF2-8EAB-6F6F7CC40F37}.AppStore|iPhone.ActiveCfg = Release|Any CPU
		{1DE1E50F-386A-4CF2-8EAB-6F6F7CC40F37}.AppStore|iPhoneSimulator.ActiveCfg = Release|Any CPU
		{1DE1E50F-386A-4CF2-8EAB-6F6F7CC40F37}.AppStore|Mixed Platforms.ActiveCfg = Release|Any CPU
		{1DE1E50F-386A-4CF2-8EAB-6F6F7CC40F37}.AppStore|Mixed Platforms.Build.0 = Release|Any CPU
		{1DE1E50F-386A-4CF2-8EAB-6F6F7CC40F37}.AppStore|x64.ActiveCfg = Release|Any CPU
		{1DE1E50F-386A-4CF2-8EAB-6F6F7CC40F37}.AppStore|x86.ActiveCfg = Release|Any CPU
		{1DE1E50F-386A-4CF2-8EAB-6F6F7CC40F37}.Debug|Any CPU.ActiveCfg = Debug|Any CPU
		{1DE1E50F-386A-4CF2-8EAB-6F6F7CC40F37}.Debug|Any CPU.Build.0 = Debug|Any CPU
		{1DE1E50F-386A-4CF2-8EAB-6F6F7CC40F37}.Debug|ARM.ActiveCfg = Debug|Any CPU
		{1DE1E50F-386A-4CF2-8EAB-6F6F7CC40F37}.Debug|iPhone.ActiveCfg = Debug|Any CPU
		{1DE1E50F-386A-4CF2-8EAB-6F6F7CC40F37}.Debug|iPhoneSimulator.ActiveCfg = Debug|Any CPU
		{1DE1E50F-386A-4CF2-8EAB-6F6F7CC40F37}.Debug|Mixed Platforms.ActiveCfg = Debug|Any CPU
		{1DE1E50F-386A-4CF2-8EAB-6F6F7CC40F37}.Debug|Mixed Platforms.Build.0 = Debug|Any CPU
		{1DE1E50F-386A-4CF2-8EAB-6F6F7CC40F37}.Debug|x64.ActiveCfg = Debug|Any CPU
		{1DE1E50F-386A-4CF2-8EAB-6F6F7CC40F37}.Debug|x86.ActiveCfg = Debug|Any CPU
		{1DE1E50F-386A-4CF2-8EAB-6F6F7CC40F37}.Release|Any CPU.ActiveCfg = Release|Any CPU
		{1DE1E50F-386A-4CF2-8EAB-6F6F7CC40F37}.Release|Any CPU.Build.0 = Release|Any CPU
		{1DE1E50F-386A-4CF2-8EAB-6F6F7CC40F37}.Release|ARM.ActiveCfg = Release|Any CPU
		{1DE1E50F-386A-4CF2-8EAB-6F6F7CC40F37}.Release|iPhone.ActiveCfg = Release|Any CPU
		{1DE1E50F-386A-4CF2-8EAB-6F6F7CC40F37}.Release|iPhoneSimulator.ActiveCfg = Release|Any CPU
		{1DE1E50F-386A-4CF2-8EAB-6F6F7CC40F37}.Release|Mixed Platforms.ActiveCfg = Release|Any CPU
		{1DE1E50F-386A-4CF2-8EAB-6F6F7CC40F37}.Release|Mixed Platforms.Build.0 = Release|Any CPU
		{1DE1E50F-386A-4CF2-8EAB-6F6F7CC40F37}.Release|x64.ActiveCfg = Release|Any CPU
		{1DE1E50F-386A-4CF2-8EAB-6F6F7CC40F37}.Release|x86.ActiveCfg = Release|Any CPU
		{BC998130-E0C4-4267-B9CA-14B04BDC7B3E}.Ad-Hoc|Any CPU.ActiveCfg = Release|Any CPU
		{BC998130-E0C4-4267-B9CA-14B04BDC7B3E}.Ad-Hoc|Any CPU.Build.0 = Release|Any CPU
		{BC998130-E0C4-4267-B9CA-14B04BDC7B3E}.Ad-Hoc|ARM.ActiveCfg = Release|Any CPU
		{BC998130-E0C4-4267-B9CA-14B04BDC7B3E}.Ad-Hoc|iPhone.ActiveCfg = Release|Any CPU
		{BC998130-E0C4-4267-B9CA-14B04BDC7B3E}.Ad-Hoc|iPhoneSimulator.ActiveCfg = Release|Any CPU
		{BC998130-E0C4-4267-B9CA-14B04BDC7B3E}.Ad-Hoc|Mixed Platforms.ActiveCfg = Release|Any CPU
		{BC998130-E0C4-4267-B9CA-14B04BDC7B3E}.Ad-Hoc|Mixed Platforms.Build.0 = Release|Any CPU
		{BC998130-E0C4-4267-B9CA-14B04BDC7B3E}.Ad-Hoc|x64.ActiveCfg = Release|Any CPU
		{BC998130-E0C4-4267-B9CA-14B04BDC7B3E}.Ad-Hoc|x86.ActiveCfg = Release|Any CPU
		{BC998130-E0C4-4267-B9CA-14B04BDC7B3E}.AppStore|Any CPU.ActiveCfg = Release|Any CPU
		{BC998130-E0C4-4267-B9CA-14B04BDC7B3E}.AppStore|Any CPU.Build.0 = Release|Any CPU
		{BC998130-E0C4-4267-B9CA-14B04BDC7B3E}.AppStore|ARM.ActiveCfg = Release|Any CPU
		{BC998130-E0C4-4267-B9CA-14B04BDC7B3E}.AppStore|iPhone.ActiveCfg = Release|Any CPU
		{BC998130-E0C4-4267-B9CA-14B04BDC7B3E}.AppStore|iPhoneSimulator.ActiveCfg = Release|Any CPU
		{BC998130-E0C4-4267-B9CA-14B04BDC7B3E}.AppStore|Mixed Platforms.ActiveCfg = Release|Any CPU
		{BC998130-E0C4-4267-B9CA-14B04BDC7B3E}.AppStore|Mixed Platforms.Build.0 = Release|Any CPU
		{BC998130-E0C4-4267-B9CA-14B04BDC7B3E}.AppStore|x64.ActiveCfg = Release|Any CPU
		{BC998130-E0C4-4267-B9CA-14B04BDC7B3E}.AppStore|x86.ActiveCfg = Release|Any CPU
		{BC998130-E0C4-4267-B9CA-14B04BDC7B3E}.Debug|Any CPU.ActiveCfg = Debug|Any CPU
		{BC998130-E0C4-4267-B9CA-14B04BDC7B3E}.Debug|Any CPU.Build.0 = Debug|Any CPU
		{BC998130-E0C4-4267-B9CA-14B04BDC7B3E}.Debug|ARM.ActiveCfg = Debug|Any CPU
		{BC998130-E0C4-4267-B9CA-14B04BDC7B3E}.Debug|iPhone.ActiveCfg = Debug|Any CPU
		{BC998130-E0C4-4267-B9CA-14B04BDC7B3E}.Debug|iPhoneSimulator.ActiveCfg = Debug|Any CPU
		{BC998130-E0C4-4267-B9CA-14B04BDC7B3E}.Debug|Mixed Platforms.ActiveCfg = Debug|Any CPU
		{BC998130-E0C4-4267-B9CA-14B04BDC7B3E}.Debug|Mixed Platforms.Build.0 = Debug|Any CPU
		{BC998130-E0C4-4267-B9CA-14B04BDC7B3E}.Debug|x64.ActiveCfg = Debug|Any CPU
		{BC998130-E0C4-4267-B9CA-14B04BDC7B3E}.Debug|x86.ActiveCfg = Debug|Any CPU
		{BC998130-E0C4-4267-B9CA-14B04BDC7B3E}.Release|Any CPU.ActiveCfg = Release|Any CPU
		{BC998130-E0C4-4267-B9CA-14B04BDC7B3E}.Release|Any CPU.Build.0 = Release|Any CPU
		{BC998130-E0C4-4267-B9CA-14B04BDC7B3E}.Release|ARM.ActiveCfg = Release|Any CPU
		{BC998130-E0C4-4267-B9CA-14B04BDC7B3E}.Release|iPhone.ActiveCfg = Release|Any CPU
		{BC998130-E0C4-4267-B9CA-14B04BDC7B3E}.Release|iPhoneSimulator.ActiveCfg = Release|Any CPU
		{BC998130-E0C4-4267-B9CA-14B04BDC7B3E}.Release|Mixed Platforms.ActiveCfg = Release|Any CPU
		{BC998130-E0C4-4267-B9CA-14B04BDC7B3E}.Release|Mixed Platforms.Build.0 = Release|Any CPU
		{BC998130-E0C4-4267-B9CA-14B04BDC7B3E}.Release|x64.ActiveCfg = Release|Any CPU
		{BC998130-E0C4-4267-B9CA-14B04BDC7B3E}.Release|x86.ActiveCfg = Release|Any CPU
		{55A9DEBA-A0BE-45E8-9E83-74F2E4890727}.Ad-Hoc|Any CPU.ActiveCfg = Debug|Any CPU
		{55A9DEBA-A0BE-45E8-9E83-74F2E4890727}.Ad-Hoc|Any CPU.Build.0 = Debug|Any CPU
		{55A9DEBA-A0BE-45E8-9E83-74F2E4890727}.Ad-Hoc|ARM.ActiveCfg = Debug|Any CPU
		{55A9DEBA-A0BE-45E8-9E83-74F2E4890727}.Ad-Hoc|ARM.Build.0 = Debug|Any CPU
		{55A9DEBA-A0BE-45E8-9E83-74F2E4890727}.Ad-Hoc|iPhone.ActiveCfg = Debug|Any CPU
		{55A9DEBA-A0BE-45E8-9E83-74F2E4890727}.Ad-Hoc|iPhone.Build.0 = Debug|Any CPU
		{55A9DEBA-A0BE-45E8-9E83-74F2E4890727}.Ad-Hoc|iPhoneSimulator.ActiveCfg = Debug|Any CPU
		{55A9DEBA-A0BE-45E8-9E83-74F2E4890727}.Ad-Hoc|iPhoneSimulator.Build.0 = Debug|Any CPU
		{55A9DEBA-A0BE-45E8-9E83-74F2E4890727}.Ad-Hoc|Mixed Platforms.ActiveCfg = Debug|Any CPU
		{55A9DEBA-A0BE-45E8-9E83-74F2E4890727}.Ad-Hoc|Mixed Platforms.Build.0 = Debug|Any CPU
		{55A9DEBA-A0BE-45E8-9E83-74F2E4890727}.Ad-Hoc|x64.ActiveCfg = Debug|Any CPU
		{55A9DEBA-A0BE-45E8-9E83-74F2E4890727}.Ad-Hoc|x64.Build.0 = Debug|Any CPU
		{55A9DEBA-A0BE-45E8-9E83-74F2E4890727}.Ad-Hoc|x86.ActiveCfg = Debug|Any CPU
		{55A9DEBA-A0BE-45E8-9E83-74F2E4890727}.Ad-Hoc|x86.Build.0 = Debug|Any CPU
		{55A9DEBA-A0BE-45E8-9E83-74F2E4890727}.AppStore|Any CPU.ActiveCfg = Debug|Any CPU
		{55A9DEBA-A0BE-45E8-9E83-74F2E4890727}.AppStore|Any CPU.Build.0 = Debug|Any CPU
		{55A9DEBA-A0BE-45E8-9E83-74F2E4890727}.AppStore|ARM.ActiveCfg = Debug|Any CPU
		{55A9DEBA-A0BE-45E8-9E83-74F2E4890727}.AppStore|ARM.Build.0 = Debug|Any CPU
		{55A9DEBA-A0BE-45E8-9E83-74F2E4890727}.AppStore|iPhone.ActiveCfg = Debug|Any CPU
		{55A9DEBA-A0BE-45E8-9E83-74F2E4890727}.AppStore|iPhone.Build.0 = Debug|Any CPU
		{55A9DEBA-A0BE-45E8-9E83-74F2E4890727}.AppStore|iPhoneSimulator.ActiveCfg = Debug|Any CPU
		{55A9DEBA-A0BE-45E8-9E83-74F2E4890727}.AppStore|iPhoneSimulator.Build.0 = Debug|Any CPU
		{55A9DEBA-A0BE-45E8-9E83-74F2E4890727}.AppStore|Mixed Platforms.ActiveCfg = Debug|Any CPU
		{55A9DEBA-A0BE-45E8-9E83-74F2E4890727}.AppStore|Mixed Platforms.Build.0 = Debug|Any CPU
		{55A9DEBA-A0BE-45E8-9E83-74F2E4890727}.AppStore|x64.ActiveCfg = Debug|Any CPU
		{55A9DEBA-A0BE-45E8-9E83-74F2E4890727}.AppStore|x64.Build.0 = Debug|Any CPU
		{55A9DEBA-A0BE-45E8-9E83-74F2E4890727}.AppStore|x86.ActiveCfg = Debug|Any CPU
		{55A9DEBA-A0BE-45E8-9E83-74F2E4890727}.AppStore|x86.Build.0 = Debug|Any CPU
		{55A9DEBA-A0BE-45E8-9E83-74F2E4890727}.Debug|Any CPU.ActiveCfg = Debug|Any CPU
		{55A9DEBA-A0BE-45E8-9E83-74F2E4890727}.Debug|Any CPU.Build.0 = Debug|Any CPU
		{55A9DEBA-A0BE-45E8-9E83-74F2E4890727}.Debug|ARM.ActiveCfg = Debug|Any CPU
		{55A9DEBA-A0BE-45E8-9E83-74F2E4890727}.Debug|ARM.Build.0 = Debug|Any CPU
		{55A9DEBA-A0BE-45E8-9E83-74F2E4890727}.Debug|iPhone.ActiveCfg = Debug|Any CPU
		{55A9DEBA-A0BE-45E8-9E83-74F2E4890727}.Debug|iPhone.Build.0 = Debug|Any CPU
		{55A9DEBA-A0BE-45E8-9E83-74F2E4890727}.Debug|iPhoneSimulator.ActiveCfg = Debug|Any CPU
		{55A9DEBA-A0BE-45E8-9E83-74F2E4890727}.Debug|iPhoneSimulator.Build.0 = Debug|Any CPU
		{55A9DEBA-A0BE-45E8-9E83-74F2E4890727}.Debug|Mixed Platforms.ActiveCfg = Debug|Any CPU
		{55A9DEBA-A0BE-45E8-9E83-74F2E4890727}.Debug|Mixed Platforms.Build.0 = Debug|Any CPU
		{55A9DEBA-A0BE-45E8-9E83-74F2E4890727}.Debug|x64.ActiveCfg = Debug|Any CPU
		{55A9DEBA-A0BE-45E8-9E83-74F2E4890727}.Debug|x64.Build.0 = Debug|Any CPU
		{55A9DEBA-A0BE-45E8-9E83-74F2E4890727}.Debug|x86.ActiveCfg = Debug|Any CPU
		{55A9DEBA-A0BE-45E8-9E83-74F2E4890727}.Debug|x86.Build.0 = Debug|Any CPU
		{55A9DEBA-A0BE-45E8-9E83-74F2E4890727}.Release|Any CPU.ActiveCfg = Release|Any CPU
		{55A9DEBA-A0BE-45E8-9E83-74F2E4890727}.Release|Any CPU.Build.0 = Release|Any CPU
		{55A9DEBA-A0BE-45E8-9E83-74F2E4890727}.Release|ARM.ActiveCfg = Release|Any CPU
		{55A9DEBA-A0BE-45E8-9E83-74F2E4890727}.Release|ARM.Build.0 = Release|Any CPU
		{55A9DEBA-A0BE-45E8-9E83-74F2E4890727}.Release|iPhone.ActiveCfg = Release|Any CPU
		{55A9DEBA-A0BE-45E8-9E83-74F2E4890727}.Release|iPhone.Build.0 = Release|Any CPU
		{55A9DEBA-A0BE-45E8-9E83-74F2E4890727}.Release|iPhoneSimulator.ActiveCfg = Release|Any CPU
		{55A9DEBA-A0BE-45E8-9E83-74F2E4890727}.Release|iPhoneSimulator.Build.0 = Release|Any CPU
		{55A9DEBA-A0BE-45E8-9E83-74F2E4890727}.Release|Mixed Platforms.ActiveCfg = Release|Any CPU
		{55A9DEBA-A0BE-45E8-9E83-74F2E4890727}.Release|Mixed Platforms.Build.0 = Release|Any CPU
		{55A9DEBA-A0BE-45E8-9E83-74F2E4890727}.Release|x64.ActiveCfg = Release|Any CPU
		{55A9DEBA-A0BE-45E8-9E83-74F2E4890727}.Release|x64.Build.0 = Release|Any CPU
		{55A9DEBA-A0BE-45E8-9E83-74F2E4890727}.Release|x86.ActiveCfg = Release|Any CPU
		{55A9DEBA-A0BE-45E8-9E83-74F2E4890727}.Release|x86.Build.0 = Release|Any CPU
		{53D4D536-80C2-453F-8D79-DAE784E47C0A}.Ad-Hoc|Any CPU.ActiveCfg = Release|Any CPU
		{53D4D536-80C2-453F-8D79-DAE784E47C0A}.Ad-Hoc|Any CPU.Build.0 = Release|Any CPU
		{53D4D536-80C2-453F-8D79-DAE784E47C0A}.Ad-Hoc|ARM.ActiveCfg = Release|Any CPU
		{53D4D536-80C2-453F-8D79-DAE784E47C0A}.Ad-Hoc|ARM.Build.0 = Release|Any CPU
		{53D4D536-80C2-453F-8D79-DAE784E47C0A}.Ad-Hoc|iPhone.ActiveCfg = Release|Any CPU
		{53D4D536-80C2-453F-8D79-DAE784E47C0A}.Ad-Hoc|iPhone.Build.0 = Release|Any CPU
		{53D4D536-80C2-453F-8D79-DAE784E47C0A}.Ad-Hoc|iPhoneSimulator.ActiveCfg = Release|Any CPU
		{53D4D536-80C2-453F-8D79-DAE784E47C0A}.Ad-Hoc|iPhoneSimulator.Build.0 = Release|Any CPU
		{53D4D536-80C2-453F-8D79-DAE784E47C0A}.Ad-Hoc|Mixed Platforms.ActiveCfg = Release|Any CPU
		{53D4D536-80C2-453F-8D79-DAE784E47C0A}.Ad-Hoc|Mixed Platforms.Build.0 = Release|Any CPU
		{53D4D536-80C2-453F-8D79-DAE784E47C0A}.Ad-Hoc|x64.ActiveCfg = Release|Any CPU
		{53D4D536-80C2-453F-8D79-DAE784E47C0A}.Ad-Hoc|x64.Build.0 = Release|Any CPU
		{53D4D536-80C2-453F-8D79-DAE784E47C0A}.Ad-Hoc|x86.ActiveCfg = Release|Any CPU
		{53D4D536-80C2-453F-8D79-DAE784E47C0A}.Ad-Hoc|x86.Build.0 = Release|Any CPU
		{53D4D536-80C2-453F-8D79-DAE784E47C0A}.AppStore|Any CPU.ActiveCfg = Release|Any CPU
		{53D4D536-80C2-453F-8D79-DAE784E47C0A}.AppStore|Any CPU.Build.0 = Release|Any CPU
		{53D4D536-80C2-453F-8D79-DAE784E47C0A}.AppStore|ARM.ActiveCfg = Release|Any CPU
		{53D4D536-80C2-453F-8D79-DAE784E47C0A}.AppStore|ARM.Build.0 = Release|Any CPU
		{53D4D536-80C2-453F-8D79-DAE784E47C0A}.AppStore|iPhone.ActiveCfg = Release|Any CPU
		{53D4D536-80C2-453F-8D79-DAE784E47C0A}.AppStore|iPhone.Build.0 = Release|Any CPU
		{53D4D536-80C2-453F-8D79-DAE784E47C0A}.AppStore|iPhoneSimulator.ActiveCfg = Release|Any CPU
		{53D4D536-80C2-453F-8D79-DAE784E47C0A}.AppStore|iPhoneSimulator.Build.0 = Release|Any CPU
		{53D4D536-80C2-453F-8D79-DAE784E47C0A}.AppStore|Mixed Platforms.ActiveCfg = Release|Any CPU
		{53D4D536-80C2-453F-8D79-DAE784E47C0A}.AppStore|Mixed Platforms.Build.0 = Release|Any CPU
		{53D4D536-80C2-453F-8D79-DAE784E47C0A}.AppStore|x64.ActiveCfg = Release|Any CPU
		{53D4D536-80C2-453F-8D79-DAE784E47C0A}.AppStore|x64.Build.0 = Release|Any CPU
		{53D4D536-80C2-453F-8D79-DAE784E47C0A}.AppStore|x86.ActiveCfg = Release|Any CPU
		{53D4D536-80C2-453F-8D79-DAE784E47C0A}.AppStore|x86.Build.0 = Release|Any CPU
		{53D4D536-80C2-453F-8D79-DAE784E47C0A}.Debug|Any CPU.ActiveCfg = Debug|Any CPU
		{53D4D536-80C2-453F-8D79-DAE784E47C0A}.Debug|Any CPU.Build.0 = Debug|Any CPU
		{53D4D536-80C2-453F-8D79-DAE784E47C0A}.Debug|ARM.ActiveCfg = Debug|Any CPU
		{53D4D536-80C2-453F-8D79-DAE784E47C0A}.Debug|ARM.Build.0 = Debug|Any CPU
		{53D4D536-80C2-453F-8D79-DAE784E47C0A}.Debug|iPhone.ActiveCfg = Debug|Any CPU
		{53D4D536-80C2-453F-8D79-DAE784E47C0A}.Debug|iPhone.Build.0 = Debug|Any CPU
		{53D4D536-80C2-453F-8D79-DAE784E47C0A}.Debug|iPhoneSimulator.ActiveCfg = Debug|Any CPU
		{53D4D536-80C2-453F-8D79-DAE784E47C0A}.Debug|iPhoneSimulator.Build.0 = Debug|Any CPU
		{53D4D536-80C2-453F-8D79-DAE784E47C0A}.Debug|Mixed Platforms.ActiveCfg = Debug|Any CPU
		{53D4D536-80C2-453F-8D79-DAE784E47C0A}.Debug|Mixed Platforms.Build.0 = Debug|Any CPU
		{53D4D536-80C2-453F-8D79-DAE784E47C0A}.Debug|x64.ActiveCfg = Debug|Any CPU
		{53D4D536-80C2-453F-8D79-DAE784E47C0A}.Debug|x64.Build.0 = Debug|Any CPU
		{53D4D536-80C2-453F-8D79-DAE784E47C0A}.Debug|x86.ActiveCfg = Debug|Any CPU
		{53D4D536-80C2-453F-8D79-DAE784E47C0A}.Debug|x86.Build.0 = Debug|Any CPU
		{53D4D536-80C2-453F-8D79-DAE784E47C0A}.Release|Any CPU.ActiveCfg = Release|Any CPU
		{53D4D536-80C2-453F-8D79-DAE784E47C0A}.Release|Any CPU.Build.0 = Release|Any CPU
		{53D4D536-80C2-453F-8D79-DAE784E47C0A}.Release|ARM.ActiveCfg = Release|Any CPU
		{53D4D536-80C2-453F-8D79-DAE784E47C0A}.Release|ARM.Build.0 = Release|Any CPU
		{53D4D536-80C2-453F-8D79-DAE784E47C0A}.Release|iPhone.ActiveCfg = Release|Any CPU
		{53D4D536-80C2-453F-8D79-DAE784E47C0A}.Release|iPhone.Build.0 = Release|Any CPU
		{53D4D536-80C2-453F-8D79-DAE784E47C0A}.Release|iPhoneSimulator.ActiveCfg = Release|Any CPU
		{53D4D536-80C2-453F-8D79-DAE784E47C0A}.Release|iPhoneSimulator.Build.0 = Release|Any CPU
		{53D4D536-80C2-453F-8D79-DAE784E47C0A}.Release|Mixed Platforms.ActiveCfg = Release|Any CPU
		{53D4D536-80C2-453F-8D79-DAE784E47C0A}.Release|Mixed Platforms.Build.0 = Release|Any CPU
		{53D4D536-80C2-453F-8D79-DAE784E47C0A}.Release|x64.ActiveCfg = Release|Any CPU
		{53D4D536-80C2-453F-8D79-DAE784E47C0A}.Release|x64.Build.0 = Release|Any CPU
		{53D4D536-80C2-453F-8D79-DAE784E47C0A}.Release|x86.ActiveCfg = Release|Any CPU
		{53D4D536-80C2-453F-8D79-DAE784E47C0A}.Release|x86.Build.0 = Release|Any CPU
		{80718A4C-DFB8-46E6-861A-6E246E0C6876}.Ad-Hoc|Any CPU.ActiveCfg = Debug|Any CPU
		{80718A4C-DFB8-46E6-861A-6E246E0C6876}.Ad-Hoc|Any CPU.Build.0 = Debug|Any CPU
		{80718A4C-DFB8-46E6-861A-6E246E0C6876}.Ad-Hoc|ARM.ActiveCfg = Debug|Any CPU
		{80718A4C-DFB8-46E6-861A-6E246E0C6876}.Ad-Hoc|ARM.Build.0 = Debug|Any CPU
		{80718A4C-DFB8-46E6-861A-6E246E0C6876}.Ad-Hoc|iPhone.ActiveCfg = Debug|Any CPU
		{80718A4C-DFB8-46E6-861A-6E246E0C6876}.Ad-Hoc|iPhone.Build.0 = Debug|Any CPU
		{80718A4C-DFB8-46E6-861A-6E246E0C6876}.Ad-Hoc|iPhoneSimulator.ActiveCfg = Debug|Any CPU
		{80718A4C-DFB8-46E6-861A-6E246E0C6876}.Ad-Hoc|iPhoneSimulator.Build.0 = Debug|Any CPU
		{80718A4C-DFB8-46E6-861A-6E246E0C6876}.Ad-Hoc|Mixed Platforms.ActiveCfg = Debug|Any CPU
		{80718A4C-DFB8-46E6-861A-6E246E0C6876}.Ad-Hoc|Mixed Platforms.Build.0 = Debug|Any CPU
		{80718A4C-DFB8-46E6-861A-6E246E0C6876}.Ad-Hoc|x64.ActiveCfg = Debug|Any CPU
		{80718A4C-DFB8-46E6-861A-6E246E0C6876}.Ad-Hoc|x64.Build.0 = Debug|Any CPU
		{80718A4C-DFB8-46E6-861A-6E246E0C6876}.Ad-Hoc|x86.ActiveCfg = Debug|Any CPU
		{80718A4C-DFB8-46E6-861A-6E246E0C6876}.Ad-Hoc|x86.Build.0 = Debug|Any CPU
		{80718A4C-DFB8-46E6-861A-6E246E0C6876}.AppStore|Any CPU.ActiveCfg = Debug|Any CPU
		{80718A4C-DFB8-46E6-861A-6E246E0C6876}.AppStore|Any CPU.Build.0 = Debug|Any CPU
		{80718A4C-DFB8-46E6-861A-6E246E0C6876}.AppStore|ARM.ActiveCfg = Debug|Any CPU
		{80718A4C-DFB8-46E6-861A-6E246E0C6876}.AppStore|ARM.Build.0 = Debug|Any CPU
		{80718A4C-DFB8-46E6-861A-6E246E0C6876}.AppStore|iPhone.ActiveCfg = Debug|Any CPU
		{80718A4C-DFB8-46E6-861A-6E246E0C6876}.AppStore|iPhone.Build.0 = Debug|Any CPU
		{80718A4C-DFB8-46E6-861A-6E246E0C6876}.AppStore|iPhoneSimulator.ActiveCfg = Debug|Any CPU
		{80718A4C-DFB8-46E6-861A-6E246E0C6876}.AppStore|iPhoneSimulator.Build.0 = Debug|Any CPU
		{80718A4C-DFB8-46E6-861A-6E246E0C6876}.AppStore|Mixed Platforms.ActiveCfg = Debug|Any CPU
		{80718A4C-DFB8-46E6-861A-6E246E0C6876}.AppStore|Mixed Platforms.Build.0 = Debug|Any CPU
		{80718A4C-DFB8-46E6-861A-6E246E0C6876}.AppStore|x64.ActiveCfg = Debug|Any CPU
		{80718A4C-DFB8-46E6-861A-6E246E0C6876}.AppStore|x64.Build.0 = Debug|Any CPU
		{80718A4C-DFB8-46E6-861A-6E246E0C6876}.AppStore|x86.ActiveCfg = Debug|Any CPU
		{80718A4C-DFB8-46E6-861A-6E246E0C6876}.AppStore|x86.Build.0 = Debug|Any CPU
		{80718A4C-DFB8-46E6-861A-6E246E0C6876}.Debug|Any CPU.ActiveCfg = Debug|Any CPU
		{80718A4C-DFB8-46E6-861A-6E246E0C6876}.Debug|Any CPU.Build.0 = Debug|Any CPU
		{80718A4C-DFB8-46E6-861A-6E246E0C6876}.Debug|ARM.ActiveCfg = Debug|Any CPU
		{80718A4C-DFB8-46E6-861A-6E246E0C6876}.Debug|ARM.Build.0 = Debug|Any CPU
		{80718A4C-DFB8-46E6-861A-6E246E0C6876}.Debug|iPhone.ActiveCfg = Debug|Any CPU
		{80718A4C-DFB8-46E6-861A-6E246E0C6876}.Debug|iPhone.Build.0 = Debug|Any CPU
		{80718A4C-DFB8-46E6-861A-6E246E0C6876}.Debug|iPhoneSimulator.ActiveCfg = Debug|Any CPU
		{80718A4C-DFB8-46E6-861A-6E246E0C6876}.Debug|iPhoneSimulator.Build.0 = Debug|Any CPU
		{80718A4C-DFB8-46E6-861A-6E246E0C6876}.Debug|Mixed Platforms.ActiveCfg = Debug|Any CPU
		{80718A4C-DFB8-46E6-861A-6E246E0C6876}.Debug|Mixed Platforms.Build.0 = Debug|Any CPU
		{80718A4C-DFB8-46E6-861A-6E246E0C6876}.Debug|x64.ActiveCfg = Debug|Any CPU
		{80718A4C-DFB8-46E6-861A-6E246E0C6876}.Debug|x64.Build.0 = Debug|Any CPU
		{80718A4C-DFB8-46E6-861A-6E246E0C6876}.Debug|x86.ActiveCfg = Debug|Any CPU
		{80718A4C-DFB8-46E6-861A-6E246E0C6876}.Debug|x86.Build.0 = Debug|Any CPU
		{80718A4C-DFB8-46E6-861A-6E246E0C6876}.Release|Any CPU.ActiveCfg = Release|Any CPU
		{80718A4C-DFB8-46E6-861A-6E246E0C6876}.Release|Any CPU.Build.0 = Release|Any CPU
		{80718A4C-DFB8-46E6-861A-6E246E0C6876}.Release|ARM.ActiveCfg = Release|Any CPU
		{80718A4C-DFB8-46E6-861A-6E246E0C6876}.Release|ARM.Build.0 = Release|Any CPU
		{80718A4C-DFB8-46E6-861A-6E246E0C6876}.Release|iPhone.ActiveCfg = Release|Any CPU
		{80718A4C-DFB8-46E6-861A-6E246E0C6876}.Release|iPhone.Build.0 = Release|Any CPU
		{80718A4C-DFB8-46E6-861A-6E246E0C6876}.Release|iPhoneSimulator.ActiveCfg = Release|Any CPU
		{80718A4C-DFB8-46E6-861A-6E246E0C6876}.Release|iPhoneSimulator.Build.0 = Release|Any CPU
		{80718A4C-DFB8-46E6-861A-6E246E0C6876}.Release|Mixed Platforms.ActiveCfg = Release|Any CPU
		{80718A4C-DFB8-46E6-861A-6E246E0C6876}.Release|Mixed Platforms.Build.0 = Release|Any CPU
		{80718A4C-DFB8-46E6-861A-6E246E0C6876}.Release|x64.ActiveCfg = Release|Any CPU
		{80718A4C-DFB8-46E6-861A-6E246E0C6876}.Release|x64.Build.0 = Release|Any CPU
		{80718A4C-DFB8-46E6-861A-6E246E0C6876}.Release|x86.ActiveCfg = Release|Any CPU
		{80718A4C-DFB8-46E6-861A-6E246E0C6876}.Release|x86.Build.0 = Release|Any CPU
		{0DE23435-C781-45E4-A28B-E13B267E19D6}.Ad-Hoc|Any CPU.ActiveCfg = Debug|Any CPU
		{0DE23435-C781-45E4-A28B-E13B267E19D6}.Ad-Hoc|Any CPU.Build.0 = Debug|Any CPU
		{0DE23435-C781-45E4-A28B-E13B267E19D6}.Ad-Hoc|ARM.ActiveCfg = Debug|Any CPU
		{0DE23435-C781-45E4-A28B-E13B267E19D6}.Ad-Hoc|ARM.Build.0 = Debug|Any CPU
		{0DE23435-C781-45E4-A28B-E13B267E19D6}.Ad-Hoc|iPhone.ActiveCfg = Debug|Any CPU
		{0DE23435-C781-45E4-A28B-E13B267E19D6}.Ad-Hoc|iPhone.Build.0 = Debug|Any CPU
		{0DE23435-C781-45E4-A28B-E13B267E19D6}.Ad-Hoc|iPhoneSimulator.ActiveCfg = Debug|Any CPU
		{0DE23435-C781-45E4-A28B-E13B267E19D6}.Ad-Hoc|iPhoneSimulator.Build.0 = Debug|Any CPU
		{0DE23435-C781-45E4-A28B-E13B267E19D6}.Ad-Hoc|Mixed Platforms.ActiveCfg = Debug|Any CPU
		{0DE23435-C781-45E4-A28B-E13B267E19D6}.Ad-Hoc|Mixed Platforms.Build.0 = Debug|Any CPU
		{0DE23435-C781-45E4-A28B-E13B267E19D6}.Ad-Hoc|x64.ActiveCfg = Debug|Any CPU
		{0DE23435-C781-45E4-A28B-E13B267E19D6}.Ad-Hoc|x64.Build.0 = Debug|Any CPU
		{0DE23435-C781-45E4-A28B-E13B267E19D6}.Ad-Hoc|x86.ActiveCfg = Debug|Any CPU
		{0DE23435-C781-45E4-A28B-E13B267E19D6}.Ad-Hoc|x86.Build.0 = Debug|Any CPU
		{0DE23435-C781-45E4-A28B-E13B267E19D6}.AppStore|Any CPU.ActiveCfg = Debug|Any CPU
		{0DE23435-C781-45E4-A28B-E13B267E19D6}.AppStore|Any CPU.Build.0 = Debug|Any CPU
		{0DE23435-C781-45E4-A28B-E13B267E19D6}.AppStore|ARM.ActiveCfg = Debug|Any CPU
		{0DE23435-C781-45E4-A28B-E13B267E19D6}.AppStore|ARM.Build.0 = Debug|Any CPU
		{0DE23435-C781-45E4-A28B-E13B267E19D6}.AppStore|iPhone.ActiveCfg = Debug|Any CPU
		{0DE23435-C781-45E4-A28B-E13B267E19D6}.AppStore|iPhone.Build.0 = Debug|Any CPU
		{0DE23435-C781-45E4-A28B-E13B267E19D6}.AppStore|iPhoneSimulator.ActiveCfg = Debug|Any CPU
		{0DE23435-C781-45E4-A28B-E13B267E19D6}.AppStore|iPhoneSimulator.Build.0 = Debug|Any CPU
		{0DE23435-C781-45E4-A28B-E13B267E19D6}.AppStore|Mixed Platforms.ActiveCfg = Debug|Any CPU
		{0DE23435-C781-45E4-A28B-E13B267E19D6}.AppStore|Mixed Platforms.Build.0 = Debug|Any CPU
		{0DE23435-C781-45E4-A28B-E13B267E19D6}.AppStore|x64.ActiveCfg = Debug|Any CPU
		{0DE23435-C781-45E4-A28B-E13B267E19D6}.AppStore|x64.Build.0 = Debug|Any CPU
		{0DE23435-C781-45E4-A28B-E13B267E19D6}.AppStore|x86.ActiveCfg = Debug|Any CPU
		{0DE23435-C781-45E4-A28B-E13B267E19D6}.AppStore|x86.Build.0 = Debug|Any CPU
		{0DE23435-C781-45E4-A28B-E13B267E19D6}.Debug|Any CPU.ActiveCfg = Debug|Any CPU
		{0DE23435-C781-45E4-A28B-E13B267E19D6}.Debug|Any CPU.Build.0 = Debug|Any CPU
		{0DE23435-C781-45E4-A28B-E13B267E19D6}.Debug|ARM.ActiveCfg = Debug|Any CPU
		{0DE23435-C781-45E4-A28B-E13B267E19D6}.Debug|ARM.Build.0 = Debug|Any CPU
		{0DE23435-C781-45E4-A28B-E13B267E19D6}.Debug|iPhone.ActiveCfg = Debug|Any CPU
		{0DE23435-C781-45E4-A28B-E13B267E19D6}.Debug|iPhone.Build.0 = Debug|Any CPU
		{0DE23435-C781-45E4-A28B-E13B267E19D6}.Debug|iPhoneSimulator.ActiveCfg = Debug|Any CPU
		{0DE23435-C781-45E4-A28B-E13B267E19D6}.Debug|iPhoneSimulator.Build.0 = Debug|Any CPU
		{0DE23435-C781-45E4-A28B-E13B267E19D6}.Debug|Mixed Platforms.ActiveCfg = Debug|Any CPU
		{0DE23435-C781-45E4-A28B-E13B267E19D6}.Debug|Mixed Platforms.Build.0 = Debug|Any CPU
		{0DE23435-C781-45E4-A28B-E13B267E19D6}.Debug|x64.ActiveCfg = Debug|Any CPU
		{0DE23435-C781-45E4-A28B-E13B267E19D6}.Debug|x64.Build.0 = Debug|Any CPU
		{0DE23435-C781-45E4-A28B-E13B267E19D6}.Debug|x86.ActiveCfg = Debug|Any CPU
		{0DE23435-C781-45E4-A28B-E13B267E19D6}.Debug|x86.Build.0 = Debug|Any CPU
		{0DE23435-C781-45E4-A28B-E13B267E19D6}.Release|Any CPU.ActiveCfg = Release|Any CPU
		{0DE23435-C781-45E4-A28B-E13B267E19D6}.Release|Any CPU.Build.0 = Release|Any CPU
		{0DE23435-C781-45E4-A28B-E13B267E19D6}.Release|ARM.ActiveCfg = Release|Any CPU
		{0DE23435-C781-45E4-A28B-E13B267E19D6}.Release|ARM.Build.0 = Release|Any CPU
		{0DE23435-C781-45E4-A28B-E13B267E19D6}.Release|iPhone.ActiveCfg = Release|Any CPU
		{0DE23435-C781-45E4-A28B-E13B267E19D6}.Release|iPhone.Build.0 = Release|Any CPU
		{0DE23435-C781-45E4-A28B-E13B267E19D6}.Release|iPhoneSimulator.ActiveCfg = Release|Any CPU
		{0DE23435-C781-45E4-A28B-E13B267E19D6}.Release|iPhoneSimulator.Build.0 = Release|Any CPU
		{0DE23435-C781-45E4-A28B-E13B267E19D6}.Release|Mixed Platforms.ActiveCfg = Release|Any CPU
		{0DE23435-C781-45E4-A28B-E13B267E19D6}.Release|Mixed Platforms.Build.0 = Release|Any CPU
		{0DE23435-C781-45E4-A28B-E13B267E19D6}.Release|x64.ActiveCfg = Release|Any CPU
		{0DE23435-C781-45E4-A28B-E13B267E19D6}.Release|x64.Build.0 = Release|Any CPU
		{0DE23435-C781-45E4-A28B-E13B267E19D6}.Release|x86.ActiveCfg = Release|Any CPU
		{0DE23435-C781-45E4-A28B-E13B267E19D6}.Release|x86.Build.0 = Release|Any CPU
	EndGlobalSection
	GlobalSection(SolutionProperties) = preSolution
		HideSolutionNode = FALSE
	EndGlobalSection
	GlobalSection(NestedProjects) = preSolution
		{FE37EF85-360E-46BA-95D5-3A336F70297A} = {07573620-9B33-4961-9815-9C3B7231F843}
		{5762A261-6D9D-4A74-9D1E-37B47759D5CA} = {859100AC-77DD-46D5-BE5B-60ADE931376E}
		{EAEEBD59-2C11-4398-97BA-94C7D38E09D4} = {5762A261-6D9D-4A74-9D1E-37B47759D5CA}
		{5DF93C64-0A6E-47F5-BDC6-97C81E882F35} = {859100AC-77DD-46D5-BE5B-60ADE931376E}
		{1DE1E50F-386A-4CF2-8EAB-6F6F7CC40F37} = {5DF93C64-0A6E-47F5-BDC6-97C81E882F35}
		{BC998130-E0C4-4267-B9CA-14B04BDC7B3E} = {5DF93C64-0A6E-47F5-BDC6-97C81E882F35}
		{55A9DEBA-A0BE-45E8-9E83-74F2E4890727} = {E88F969F-90C1-49EC-B87C-E80C321DB509}
		{70FF713A-E9D7-4CFE-A856-96A4FAF05373} = {E88F969F-90C1-49EC-B87C-E80C321DB509}
		{53D4D536-80C2-453F-8D79-DAE784E47C0A} = {5DF93C64-0A6E-47F5-BDC6-97C81E882F35}
		{EC75ECDA-4A73-45D8-8260-16FA340BE417} = {859100AC-77DD-46D5-BE5B-60ADE931376E}
		{80718A4C-DFB8-46E6-861A-6E246E0C6876} = {EC75ECDA-4A73-45D8-8260-16FA340BE417}
		{0DE23435-C781-45E4-A28B-E13B267E19D6} = {EC75ECDA-4A73-45D8-8260-16FA340BE417}
	EndGlobalSection
	GlobalSection(ExtensibilityGlobals) = postSolution
		SolutionGuid = {2E3AA08A-64C3-480F-885C-57CB0E5195F0}
	EndGlobalSection
EndGlobal
