
Microsoft Visual Studio Solution File, Format Version 12.00
# Visual Studio 2013
VisualStudioVersion = 12.0.30723.0
MinimumVisualStudioVersion = 10.0.40219.1
Project("{FAE04EC0-301F-11D3-BF4B-00C04F79EFBC}") = "XamarinFormsApp1", "XamarinFormsApp1\XamarinFormsApp1\XamarinFormsApp1.csproj", "{BF7B7D58-A8F6-4B69-A470-1EEFA706FDE8}"
EndProject
Project("{FAE04EC0-301F-11D3-BF4B-00C04F79EFBC}") = "XamarinFormsApp1.iOS", "XamarinFormsApp1\XamarinFormsApp1.iOS\XamarinFormsApp1.iOS.csproj", "{5D0CC975-2B3C-437A-8BD0-173CBB88135C}"
EndProject
Project("{FAE04EC0-301F-11D3-BF4B-00C04F79EFBC}") = "XamarinFormsApp1.Android", "XamarinFormsApp1\XamarinFormsApp1.Android\XamarinFormsApp1.Android.csproj", "{B4818A1B-1DB4-4DD8-914F-F1B36DAB1CC3}"
EndProject
Project("{FAE04EC0-301F-11D3-BF4B-00C04F79EFBC}") = "XamarinFormsApp1.WinPhone", "XamarinFormsApp1\XamarinFormsApp1.WinPhone\XamarinFormsApp1.WinPhone.csproj", "{62A8FA8B-6ADD-4D15-B32C-3112FD3740A4}"
EndProject
Project("{2150E333-8FDC-42A3-9474-1A3956D46DE8}") = ".nuget", ".nuget", "{90830C41-F999-463C-A030-6E280950FA22}"
	ProjectSection(SolutionItems) = preProject
		.nuget\NuGet.Config = .nuget\NuGet.Config
		.nuget\NuGet.exe = .nuget\NuGet.exe
		.nuget\NuGet.targets = .nuget\NuGet.targets
	EndProjectSection
EndProject
Global
	GlobalSection(SolutionConfigurationPlatforms) = preSolution
		Ad-Hoc|Any CPU = Ad-Hoc|Any CPU
		Ad-Hoc|ARM = Ad-Hoc|ARM
		Ad-Hoc|iPhone = Ad-Hoc|iPhone
		Ad-Hoc|iPhoneSimulator = Ad-Hoc|iPhoneSimulator
		Ad-Hoc|Mixed Platforms = Ad-Hoc|Mixed Platforms
		Ad-Hoc|x86 = Ad-Hoc|x86
		AppStore|Any CPU = AppStore|Any CPU
		AppStore|ARM = AppStore|ARM
		AppStore|iPhone = AppStore|iPhone
		AppStore|iPhoneSimulator = AppStore|iPhoneSimulator
		AppStore|Mixed Platforms = AppStore|Mixed Platforms
		AppStore|x86 = AppStore|x86
		Debug|Any CPU = Debug|Any CPU
		Debug|ARM = Debug|ARM
		Debug|iPhone = Debug|iPhone
		Debug|iPhoneSimulator = Debug|iPhoneSimulator
		Debug|Mixed Platforms = Debug|Mixed Platforms
		Debug|x86 = Debug|x86
		Release|Any CPU = Release|Any CPU
		Release|ARM = Release|ARM
		Release|iPhone = Release|iPhone
		Release|iPhoneSimulator = Release|iPhoneSimulator
		Release|Mixed Platforms = Release|Mixed Platforms
		Release|x86 = Release|x86
	EndGlobalSection
	GlobalSection(ProjectConfigurationPlatforms) = postSolution
		{BF7B7D58-A8F6-4B69-A470-1EEFA706FDE8}.Ad-Hoc|Any CPU.ActiveCfg = Release|Any CPU
		{BF7B7D58-A8F6-4B69-A470-1EEFA706FDE8}.Ad-Hoc|Any CPU.Build.0 = Release|Any CPU
		{BF7B7D58-A8F6-4B69-A470-1EEFA706FDE8}.Ad-Hoc|ARM.ActiveCfg = Release|Any CPU
		{BF7B7D58-A8F6-4B69-A470-1EEFA706FDE8}.Ad-Hoc|iPhone.ActiveCfg = Release|Any CPU
		{BF7B7D58-A8F6-4B69-A470-1EEFA706FDE8}.Ad-Hoc|iPhoneSimulator.ActiveCfg = Release|Any CPU
		{BF7B7D58-A8F6-4B69-A470-1EEFA706FDE8}.Ad-Hoc|Mixed Platforms.ActiveCfg = Release|Any CPU
		{BF7B7D58-A8F6-4B69-A470-1EEFA706FDE8}.Ad-Hoc|Mixed Platforms.Build.0 = Release|Any CPU
		{BF7B7D58-A8F6-4B69-A470-1EEFA706FDE8}.Ad-Hoc|x86.ActiveCfg = Release|Any CPU
		{BF7B7D58-A8F6-4B69-A470-1EEFA706FDE8}.AppStore|Any CPU.ActiveCfg = Release|Any CPU
		{BF7B7D58-A8F6-4B69-A470-1EEFA706FDE8}.AppStore|Any CPU.Build.0 = Release|Any CPU
		{BF7B7D58-A8F6-4B69-A470-1EEFA706FDE8}.AppStore|ARM.ActiveCfg = Release|Any CPU
		{BF7B7D58-A8F6-4B69-A470-1EEFA706FDE8}.AppStore|iPhone.ActiveCfg = Release|Any CPU
		{BF7B7D58-A8F6-4B69-A470-1EEFA706FDE8}.AppStore|iPhoneSimulator.ActiveCfg = Release|Any CPU
		{BF7B7D58-A8F6-4B69-A470-1EEFA706FDE8}.AppStore|Mixed Platforms.ActiveCfg = Release|Any CPU
		{BF7B7D58-A8F6-4B69-A470-1EEFA706FDE8}.AppStore|Mixed Platforms.Build.0 = Release|Any CPU
		{BF7B7D58-A8F6-4B69-A470-1EEFA706FDE8}.AppStore|x86.ActiveCfg = Release|Any CPU
		{BF7B7D58-A8F6-4B69-A470-1EEFA706FDE8}.Debug|Any CPU.ActiveCfg = Debug|Any CPU
		{BF7B7D58-A8F6-4B69-A470-1EEFA706FDE8}.Debug|Any CPU.Build.0 = Debug|Any CPU
		{BF7B7D58-A8F6-4B69-A470-1EEFA706FDE8}.Debug|ARM.ActiveCfg = Debug|Any CPU
		{BF7B7D58-A8F6-4B69-A470-1EEFA706FDE8}.Debug|iPhone.ActiveCfg = Debug|Any CPU
		{BF7B7D58-A8F6-4B69-A470-1EEFA706FDE8}.Debug|iPhoneSimulator.ActiveCfg = Debug|Any CPU
		{BF7B7D58-A8F6-4B69-A470-1EEFA706FDE8}.Debug|Mixed Platforms.ActiveCfg = Debug|Any CPU
		{BF7B7D58-A8F6-4B69-A470-1EEFA706FDE8}.Debug|Mixed Platforms.Build.0 = Debug|Any CPU
		{BF7B7D58-A8F6-4B69-A470-1EEFA706FDE8}.Debug|x86.ActiveCfg = Debug|Any CPU
		{BF7B7D58-A8F6-4B69-A470-1EEFA706FDE8}.Release|Any CPU.ActiveCfg = Release|Any CPU
		{BF7B7D58-A8F6-4B69-A470-1EEFA706FDE8}.Release|Any CPU.Build.0 = Release|Any CPU
		{BF7B7D58-A8F6-4B69-A470-1EEFA706FDE8}.Release|ARM.ActiveCfg = Release|Any CPU
		{BF7B7D58-A8F6-4B69-A470-1EEFA706FDE8}.Release|iPhone.ActiveCfg = Release|Any CPU
		{BF7B7D58-A8F6-4B69-A470-1EEFA706FDE8}.Release|iPhoneSimulator.ActiveCfg = Release|Any CPU
		{BF7B7D58-A8F6-4B69-A470-1EEFA706FDE8}.Release|Mixed Platforms.ActiveCfg = Release|Any CPU
		{BF7B7D58-A8F6-4B69-A470-1EEFA706FDE8}.Release|Mixed Platforms.Build.0 = Release|Any CPU
		{BF7B7D58-A8F6-4B69-A470-1EEFA706FDE8}.Release|x86.ActiveCfg = Release|Any CPU
		{5D0CC975-2B3C-437A-8BD0-173CBB88135C}.Ad-Hoc|Any CPU.ActiveCfg = Ad-Hoc|iPhone
		{5D0CC975-2B3C-437A-8BD0-173CBB88135C}.Ad-Hoc|ARM.ActiveCfg = Ad-Hoc|iPhone
		{5D0CC975-2B3C-437A-8BD0-173CBB88135C}.Ad-Hoc|iPhone.ActiveCfg = Ad-Hoc|iPhone
		{5D0CC975-2B3C-437A-8BD0-173CBB88135C}.Ad-Hoc|iPhone.Build.0 = Ad-Hoc|iPhone
		{5D0CC975-2B3C-437A-8BD0-173CBB88135C}.Ad-Hoc|iPhoneSimulator.ActiveCfg = Ad-Hoc|iPhoneSimulator
		{5D0CC975-2B3C-437A-8BD0-173CBB88135C}.Ad-Hoc|iPhoneSimulator.Build.0 = Ad-Hoc|iPhoneSimulator
		{5D0CC975-2B3C-437A-8BD0-173CBB88135C}.Ad-Hoc|Mixed Platforms.ActiveCfg = Ad-Hoc|iPhone
		{5D0CC975-2B3C-437A-8BD0-173CBB88135C}.Ad-Hoc|Mixed Platforms.Build.0 = Ad-Hoc|iPhone
		{5D0CC975-2B3C-437A-8BD0-173CBB88135C}.Ad-Hoc|x86.ActiveCfg = Ad-Hoc|iPhone
		{5D0CC975-2B3C-437A-8BD0-173CBB88135C}.AppStore|Any CPU.ActiveCfg = AppStore|iPhone
		{5D0CC975-2B3C-437A-8BD0-173CBB88135C}.AppStore|ARM.ActiveCfg = AppStore|iPhone
		{5D0CC975-2B3C-437A-8BD0-173CBB88135C}.AppStore|iPhone.ActiveCfg = AppStore|iPhone
		{5D0CC975-2B3C-437A-8BD0-173CBB88135C}.AppStore|iPhone.Build.0 = AppStore|iPhone
		{5D0CC975-2B3C-437A-8BD0-173CBB88135C}.AppStore|iPhoneSimulator.ActiveCfg = AppStore|iPhoneSimulator
		{5D0CC975-2B3C-437A-8BD0-173CBB88135C}.AppStore|iPhoneSimulator.Build.0 = AppStore|iPhoneSimulator
		{5D0CC975-2B3C-437A-8BD0-173CBB88135C}.AppStore|Mixed Platforms.ActiveCfg = AppStore|iPhone
		{5D0CC975-2B3C-437A-8BD0-173CBB88135C}.AppStore|Mixed Platforms.Build.0 = AppStore|iPhone
		{5D0CC975-2B3C-437A-8BD0-173CBB88135C}.AppStore|x86.ActiveCfg = AppStore|iPhone
		{5D0CC975-2B3C-437A-8BD0-173CBB88135C}.Debug|Any CPU.ActiveCfg = Debug|iPhone
		{5D0CC975-2B3C-437A-8BD0-173CBB88135C}.Debug|ARM.ActiveCfg = Debug|iPhone
		{5D0CC975-2B3C-437A-8BD0-173CBB88135C}.Debug|iPhone.ActiveCfg = Debug|iPhone
		{5D0CC975-2B3C-437A-8BD0-173CBB88135C}.Debug|iPhone.Build.0 = Debug|iPhone
		{5D0CC975-2B3C-437A-8BD0-173CBB88135C}.Debug|iPhoneSimulator.ActiveCfg = Debug|iPhoneSimulator
		{5D0CC975-2B3C-437A-8BD0-173CBB88135C}.Debug|iPhoneSimulator.Build.0 = Debug|iPhoneSimulator
		{5D0CC975-2B3C-437A-8BD0-173CBB88135C}.Debug|Mixed Platforms.ActiveCfg = Debug|iPhone
		{5D0CC975-2B3C-437A-8BD0-173CBB88135C}.Debug|Mixed Platforms.Build.0 = Debug|iPhone
		{5D0CC975-2B3C-437A-8BD0-173CBB88135C}.Debug|x86.ActiveCfg = Debug|iPhone
		{5D0CC975-2B3C-437A-8BD0-173CBB88135C}.Release|Any CPU.ActiveCfg = Release|iPhone
		{5D0CC975-2B3C-437A-8BD0-173CBB88135C}.Release|ARM.ActiveCfg = Release|iPhone
		{5D0CC975-2B3C-437A-8BD0-173CBB88135C}.Release|iPhone.ActiveCfg = Release|iPhone
		{5D0CC975-2B3C-437A-8BD0-173CBB88135C}.Release|iPhone.Build.0 = Release|iPhone
		{5D0CC975-2B3C-437A-8BD0-173CBB88135C}.Release|iPhoneSimulator.ActiveCfg = Release|iPhoneSimulator
		{5D0CC975-2B3C-437A-8BD0-173CBB88135C}.Release|iPhoneSimulator.Build.0 = Release|iPhoneSimulator
		{5D0CC975-2B3C-437A-8BD0-173CBB88135C}.Release|Mixed Platforms.ActiveCfg = Release|iPhone
		{5D0CC975-2B3C-437A-8BD0-173CBB88135C}.Release|Mixed Platforms.Build.0 = Release|iPhone
		{5D0CC975-2B3C-437A-8BD0-173CBB88135C}.Release|x86.ActiveCfg = Release|iPhone
		{B4818A1B-1DB4-4DD8-914F-F1B36DAB1CC3}.Ad-Hoc|Any CPU.ActiveCfg = Release|Any CPU
		{B4818A1B-1DB4-4DD8-914F-F1B36DAB1CC3}.Ad-Hoc|Any CPU.Build.0 = Release|Any CPU
		{B4818A1B-1DB4-4DD8-914F-F1B36DAB1CC3}.Ad-Hoc|Any CPU.Deploy.0 = Release|Any CPU
		{B4818A1B-1DB4-4DD8-914F-F1B36DAB1CC3}.Ad-Hoc|ARM.ActiveCfg = Release|Any CPU
		{B4818A1B-1DB4-4DD8-914F-F1B36DAB1CC3}.Ad-Hoc|iPhone.ActiveCfg = Release|Any CPU
		{B4818A1B-1DB4-4DD8-914F-F1B36DAB1CC3}.Ad-Hoc|iPhoneSimulator.ActiveCfg = Release|Any CPU
		{B4818A1B-1DB4-4DD8-914F-F1B36DAB1CC3}.Ad-Hoc|Mixed Platforms.ActiveCfg = Release|Any CPU
		{B4818A1B-1DB4-4DD8-914F-F1B36DAB1CC3}.Ad-Hoc|Mixed Platforms.Build.0 = Release|Any CPU
		{B4818A1B-1DB4-4DD8-914F-F1B36DAB1CC3}.Ad-Hoc|Mixed Platforms.Deploy.0 = Release|Any CPU
		{B4818A1B-1DB4-4DD8-914F-F1B36DAB1CC3}.Ad-Hoc|x86.ActiveCfg = Release|Any CPU
		{B4818A1B-1DB4-4DD8-914F-F1B36DAB1CC3}.AppStore|Any CPU.ActiveCfg = Release|Any CPU
		{B4818A1B-1DB4-4DD8-914F-F1B36DAB1CC3}.AppStore|Any CPU.Build.0 = Release|Any CPU
		{B4818A1B-1DB4-4DD8-914F-F1B36DAB1CC3}.AppStore|Any CPU.Deploy.0 = Release|Any CPU
		{B4818A1B-1DB4-4DD8-914F-F1B36DAB1CC3}.AppStore|ARM.ActiveCfg = Release|Any CPU
		{B4818A1B-1DB4-4DD8-914F-F1B36DAB1CC3}.AppStore|iPhone.ActiveCfg = Release|Any CPU
		{B4818A1B-1DB4-4DD8-914F-F1B36DAB1CC3}.AppStore|iPhoneSimulator.ActiveCfg = Release|Any CPU
		{B4818A1B-1DB4-4DD8-914F-F1B36DAB1CC3}.AppStore|Mixed Platforms.ActiveCfg = Release|Any CPU
		{B4818A1B-1DB4-4DD8-914F-F1B36DAB1CC3}.AppStore|Mixed Platforms.Build.0 = Release|Any CPU
		{B4818A1B-1DB4-4DD8-914F-F1B36DAB1CC3}.AppStore|Mixed Platforms.Deploy.0 = Release|Any CPU
		{B4818A1B-1DB4-4DD8-914F-F1B36DAB1CC3}.AppStore|x86.ActiveCfg = Release|Any CPU
		{B4818A1B-1DB4-4DD8-914F-F1B36DAB1CC3}.Debug|Any CPU.ActiveCfg = Debug|Any CPU
		{B4818A1B-1DB4-4DD8-914F-F1B36DAB1CC3}.Debug|Any CPU.Build.0 = Debug|Any CPU
		{B4818A1B-1DB4-4DD8-914F-F1B36DAB1CC3}.Debug|Any CPU.Deploy.0 = Debug|Any CPU
		{B4818A1B-1DB4-4DD8-914F-F1B36DAB1CC3}.Debug|ARM.ActiveCfg = Debug|Any CPU
		{B4818A1B-1DB4-4DD8-914F-F1B36DAB1CC3}.Debug|iPhone.ActiveCfg = Debug|Any CPU
		{B4818A1B-1DB4-4DD8-914F-F1B36DAB1CC3}.Debug|iPhoneSimulator.ActiveCfg = Debug|Any CPU
		{B4818A1B-1DB4-4DD8-914F-F1B36DAB1CC3}.Debug|Mixed Platforms.ActiveCfg = Debug|Any CPU
		{B4818A1B-1DB4-4DD8-914F-F1B36DAB1CC3}.Debug|Mixed Platforms.Build.0 = Debug|Any CPU
		{B4818A1B-1DB4-4DD8-914F-F1B36DAB1CC3}.Debug|Mixed Platforms.Deploy.0 = Debug|Any CPU
		{B4818A1B-1DB4-4DD8-914F-F1B36DAB1CC3}.Debug|x86.ActiveCfg = Debug|Any CPU
		{B4818A1B-1DB4-4DD8-914F-F1B36DAB1CC3}.Release|Any CPU.ActiveCfg = Release|Any CPU
		{B4818A1B-1DB4-4DD8-914F-F1B36DAB1CC3}.Release|Any CPU.Build.0 = Release|Any CPU
		{B4818A1B-1DB4-4DD8-914F-F1B36DAB1CC3}.Release|Any CPU.Deploy.0 = Release|Any CPU
		{B4818A1B-1DB4-4DD8-914F-F1B36DAB1CC3}.Release|ARM.ActiveCfg = Release|Any CPU
		{B4818A1B-1DB4-4DD8-914F-F1B36DAB1CC3}.Release|iPhone.ActiveCfg = Release|Any CPU
		{B4818A1B-1DB4-4DD8-914F-F1B36DAB1CC3}.Release|iPhoneSimulator.ActiveCfg = Release|Any CPU
		{B4818A1B-1DB4-4DD8-914F-F1B36DAB1CC3}.Release|Mixed Platforms.ActiveCfg = Release|Any CPU
		{B4818A1B-1DB4-4DD8-914F-F1B36DAB1CC3}.Release|Mixed Platforms.Build.0 = Release|Any CPU
		{B4818A1B-1DB4-4DD8-914F-F1B36DAB1CC3}.Release|Mixed Platforms.Deploy.0 = Release|Any CPU
		{B4818A1B-1DB4-4DD8-914F-F1B36DAB1CC3}.Release|x86.ActiveCfg = Release|Any CPU
		{62A8FA8B-6ADD-4D15-B32C-3112FD3740A4}.Ad-Hoc|Any CPU.ActiveCfg = Release|Any CPU
		{62A8FA8B-6ADD-4D15-B32C-3112FD3740A4}.Ad-Hoc|Any CPU.Build.0 = Release|Any CPU
		{62A8FA8B-6ADD-4D15-B32C-3112FD3740A4}.Ad-Hoc|Any CPU.Deploy.0 = Release|Any CPU
		{62A8FA8B-6ADD-4D15-B32C-3112FD3740A4}.Ad-Hoc|ARM.ActiveCfg = Release|ARM
		{62A8FA8B-6ADD-4D15-B32C-3112FD3740A4}.Ad-Hoc|ARM.Build.0 = Release|ARM
		{62A8FA8B-6ADD-4D15-B32C-3112FD3740A4}.Ad-Hoc|ARM.Deploy.0 = Release|ARM
		{62A8FA8B-6ADD-4D15-B32C-3112FD3740A4}.Ad-Hoc|iPhone.ActiveCfg = Release|Any CPU
		{62A8FA8B-6ADD-4D15-B32C-3112FD3740A4}.Ad-Hoc|iPhoneSimulator.ActiveCfg = Release|Any CPU
		{62A8FA8B-6ADD-4D15-B32C-3112FD3740A4}.Ad-Hoc|Mixed Platforms.ActiveCfg = Release|x86
		{62A8FA8B-6ADD-4D15-B32C-3112FD3740A4}.Ad-Hoc|Mixed Platforms.Build.0 = Release|x86
		{62A8FA8B-6ADD-4D15-B32C-3112FD3740A4}.Ad-Hoc|Mixed Platforms.Deploy.0 = Release|x86
		{62A8FA8B-6ADD-4D15-B32C-3112FD3740A4}.Ad-Hoc|x86.ActiveCfg = Release|x86
		{62A8FA8B-6ADD-4D15-B32C-3112FD3740A4}.Ad-Hoc|x86.Build.0 = Release|x86
		{62A8FA8B-6ADD-4D15-B32C-3112FD3740A4}.Ad-Hoc|x86.Deploy.0 = Release|x86
		{62A8FA8B-6ADD-4D15-B32C-3112FD3740A4}.AppStore|Any CPU.ActiveCfg = Release|Any CPU
		{62A8FA8B-6ADD-4D15-B32C-3112FD3740A4}.AppStore|Any CPU.Build.0 = Release|Any CPU
		{62A8FA8B-6ADD-4D15-B32C-3112FD3740A4}.AppStore|Any CPU.Deploy.0 = Release|Any CPU
		{62A8FA8B-6ADD-4D15-B32C-3112FD3740A4}.AppStore|ARM.ActiveCfg = Release|ARM
		{62A8FA8B-6ADD-4D15-B32C-3112FD3740A4}.AppStore|ARM.Build.0 = Release|ARM
		{62A8FA8B-6ADD-4D15-B32C-3112FD3740A4}.AppStore|ARM.Deploy.0 = Release|ARM
		{62A8FA8B-6ADD-4D15-B32C-3112FD3740A4}.AppStore|iPhone.ActiveCfg = Release|Any CPU
		{62A8FA8B-6ADD-4D15-B32C-3112FD3740A4}.AppStore|iPhoneSimulator.ActiveCfg = Release|Any CPU
		{62A8FA8B-6ADD-4D15-B32C-3112FD3740A4}.AppStore|Mixed Platforms.ActiveCfg = Release|x86
		{62A8FA8B-6ADD-4D15-B32C-3112FD3740A4}.AppStore|Mixed Platforms.Build.0 = Release|x86
		{62A8FA8B-6ADD-4D15-B32C-3112FD3740A4}.AppStore|Mixed Platforms.Deploy.0 = Release|x86
		{62A8FA8B-6ADD-4D15-B32C-3112FD3740A4}.AppStore|x86.ActiveCfg = Release|x86
		{62A8FA8B-6ADD-4D15-B32C-3112FD3740A4}.AppStore|x86.Build.0 = Release|x86
		{62A8FA8B-6ADD-4D15-B32C-3112FD3740A4}.AppStore|x86.Deploy.0 = Release|x86
		{62A8FA8B-6ADD-4D15-B32C-3112FD3740A4}.Debug|Any CPU.ActiveCfg = Debug|Any CPU
		{62A8FA8B-6ADD-4D15-B32C-3112FD3740A4}.Debug|Any CPU.Build.0 = Debug|Any CPU
		{62A8FA8B-6ADD-4D15-B32C-3112FD3740A4}.Debug|Any CPU.Deploy.0 = Debug|Any CPU
		{62A8FA8B-6ADD-4D15-B32C-3112FD3740A4}.Debug|ARM.ActiveCfg = Debug|ARM
		{62A8FA8B-6ADD-4D15-B32C-3112FD3740A4}.Debug|ARM.Build.0 = Debug|ARM
		{62A8FA8B-6ADD-4D15-B32C-3112FD3740A4}.Debug|ARM.Deploy.0 = Debug|ARM
		{62A8FA8B-6ADD-4D15-B32C-3112FD3740A4}.Debug|iPhone.ActiveCfg = Debug|Any CPU
		{62A8FA8B-6ADD-4D15-B32C-3112FD3740A4}.Debug|iPhoneSimulator.ActiveCfg = Debug|Any CPU
		{62A8FA8B-6ADD-4D15-B32C-3112FD3740A4}.Debug|Mixed Platforms.ActiveCfg = Debug|x86
		{62A8FA8B-6ADD-4D15-B32C-3112FD3740A4}.Debug|Mixed Platforms.Build.0 = Debug|x86
		{62A8FA8B-6ADD-4D15-B32C-3112FD3740A4}.Debug|Mixed Platforms.Deploy.0 = Debug|x86
		{62A8FA8B-6ADD-4D15-B32C-3112FD3740A4}.Debug|x86.ActiveCfg = Debug|x86
		{62A8FA8B-6ADD-4D15-B32C-3112FD3740A4}.Debug|x86.Build.0 = Debug|x86
		{62A8FA8B-6ADD-4D15-B32C-3112FD3740A4}.Debug|x86.Deploy.0 = Debug|x86
		{62A8FA8B-6ADD-4D15-B32C-3112FD3740A4}.Release|Any CPU.ActiveCfg = Release|Any CPU
		{62A8FA8B-6ADD-4D15-B32C-3112FD3740A4}.Release|Any CPU.Build.0 = Release|Any CPU
		{62A8FA8B-6ADD-4D15-B32C-3112FD3740A4}.Release|Any CPU.Deploy.0 = Release|Any CPU
		{62A8FA8B-6ADD-4D15-B32C-3112FD3740A4}.Release|ARM.ActiveCfg = Release|ARM
		{62A8FA8B-6ADD-4D15-B32C-3112FD3740A4}.Release|ARM.Build.0 = Release|ARM
		{62A8FA8B-6ADD-4D15-B32C-3112FD3740A4}.Release|ARM.Deploy.0 = Release|ARM
		{62A8FA8B-6ADD-4D15-B32C-3112FD3740A4}.Release|iPhone.ActiveCfg = Release|Any CPU
		{62A8FA8B-6ADD-4D15-B32C-3112FD3740A4}.Release|iPhoneSimulator.ActiveCfg = Release|Any CPU
		{62A8FA8B-6ADD-4D15-B32C-3112FD3740A4}.Release|Mixed Platforms.ActiveCfg = Release|x86
		{62A8FA8B-6ADD-4D15-B32C-3112FD3740A4}.Release|Mixed Platforms.Build.0 = Release|x86
		{62A8FA8B-6ADD-4D15-B32C-3112FD3740A4}.Release|Mixed Platforms.Deploy.0 = Release|x86
		{62A8FA8B-6ADD-4D15-B32C-3112FD3740A4}.Release|x86.ActiveCfg = Release|x86
		{62A8FA8B-6ADD-4D15-B32C-3112FD3740A4}.Release|x86.Build.0 = Release|x86
		{62A8FA8B-6ADD-4D15-B32C-3112FD3740A4}.Release|x86.Deploy.0 = Release|x86
	EndGlobalSection
	GlobalSection(SolutionProperties) = preSolution
		HideSolutionNode = FALSE
	EndGlobalSection
EndGlobal
